
Microsoft Visual Studio Solution File, Format Version 12.00
# Visual Studio Version 16
VisualStudioVersion = 16.0.29424.173
MinimumVisualStudioVersion = 10.0.40219.1
Project("{2150E333-8FDC-42A3-9474-1A3956D46DE8}") = "01_Anonymous", "01_Anonymous", "{849AC65B-3FDA-4692-BF7B-0CC630756AC4}"
EndProject
Project("{FAE04EC0-301F-11D3-BF4B-00C04F79EFBC}") = "001_Anonymous", "001_Anonymous\001_Anonymous.csproj", "{26388952-829B-4B9E-8DF3-18077144D69B}"
EndProject
Project("{FAE04EC0-301F-11D3-BF4B-00C04F79EFBC}") = "003_Anonymous", "003_Anonymous\003_Anonymous.csproj", "{195C7C69-9B9D-4891-8729-151550361A39}"
EndProject
Project("{FAE04EC0-301F-11D3-BF4B-00C04F79EFBC}") = "002_Anonymous", "002_Anonymous\002_Anonymous.csproj", "{1F4268A1-A7A8-43A4-BE35-7E7DF1F828CB}"
EndProject
Project("{FAE04EC0-301F-11D3-BF4B-00C04F79EFBC}") = "004_Anonymous", "004_Anonymous\004_Anonymous.csproj", "{9FA01E42-32DA-42E9-AA3E-ED99B69D02E9}"
EndProject
Project("{FAE04EC0-301F-11D3-BF4B-00C04F79EFBC}") = "005_Anonymous", "005_Anonymous\005_Anonymous.csproj", "{662A782A-44B9-4038-A99E-10C40FC9161B}"
EndProject
Project("{FAE04EC0-301F-11D3-BF4B-00C04F79EFBC}") = "006_Anonymous", "006_Anonymous\006_Anonymous.csproj", "{293338A6-5087-4266-92C8-5838F940A454}"
EndProject
Project("{2150E333-8FDC-42A3-9474-1A3956D46DE8}") = "02_LINQ", "02_LINQ", "{580DA2DF-B0AF-411C-975A-1920162A5839}"
EndProject
Project("{FAE04EC0-301F-11D3-BF4B-00C04F79EFBC}") = "007_LINQ", "007_LINQ\007_LINQ.csproj", "{DC4FA5F2-83C7-423A-9EC3-8A79B942C060}"
EndProject
Project("{FAE04EC0-301F-11D3-BF4B-00C04F79EFBC}") = "008_LINQ", "008_LINQ\008_LINQ.csproj", "{EDF6950F-5407-4560-8494-DACB877ED0D5}"
EndProject
Project("{FAE04EC0-301F-11D3-BF4B-00C04F79EFBC}") = "009_LINQ", "009_LINQ\009_LINQ.csproj", "{3B800AD6-C678-4123-AD4B-8222CB225D42}"
EndProject
Project("{FAE04EC0-301F-11D3-BF4B-00C04F79EFBC}") = "010_LINQ", "010_LINQ\010_LINQ.csproj", "{B4A08770-11BB-470C-A8E3-62639BC6B164}"
EndProject
Project("{FAE04EC0-301F-11D3-BF4B-00C04F79EFBC}") = "011_LINQ", "011_LINQ\011_LINQ.csproj", "{A4BE5B59-01E0-47C7-981A-B2A546B832A0}"
EndProject
Project("{FAE04EC0-301F-11D3-BF4B-00C04F79EFBC}") = "012_LINQ", "012_LINQ\012_LINQ.csproj", "{CE9F8439-32DF-43D9-97B6-E316D9CB5191}"
EndProject
Project("{FAE04EC0-301F-11D3-BF4B-00C04F79EFBC}") = "013_LINQ", "013_LINQ\013_LINQ.csproj", "{F7E732E3-B58E-4D26-ACF7-CC98024B35FE}"
EndProject
Project("{FAE04EC0-301F-11D3-BF4B-00C04F79EFBC}") = "014_LINQ", "014_LINQ\014_LINQ.csproj", "{07970D8D-BB5F-4D46-A656-B3ABBEEC4472}"
EndProject
Project("{FAE04EC0-301F-11D3-BF4B-00C04F79EFBC}") = "015_LINQ", "015_LINQ\015_LINQ.csproj", "{2EAF6D59-AE0C-48FB-9D96-70FDBE304E62}"
EndProject
Project("{FAE04EC0-301F-11D3-BF4B-00C04F79EFBC}") = "016_LINQ", "016_LINQ\016_LINQ.csproj", "{2438775D-F507-4781-921C-B39F60826288}"
EndProject
Project("{FAE04EC0-301F-11D3-BF4B-00C04F79EFBC}") = "017_LINQ", "017_LINQ\017_LINQ.csproj", "{8D420A35-AD65-486A-A9F1-65259966B4C4}"
EndProject
Project("{FAE04EC0-301F-11D3-BF4B-00C04F79EFBC}") = "019_LINQ", "019_LINQ\019_LINQ.csproj", "{1E01F221-F2D0-4EE5-B03C-99C31E016A0F}"
EndProject
Project("{FAE04EC0-301F-11D3-BF4B-00C04F79EFBC}") = "018_LINQ", "018_LINQ\018_LINQ.csproj", "{467D5C15-AFC7-41AE-8DF6-1BB4D51CD86E}"
EndProject
Project("{FAE04EC0-301F-11D3-BF4B-00C04F79EFBC}") = "020_LINQ", "020_LINQ\020_LINQ.csproj", "{D9A4877E-5632-43B3-B026-F79580FFA8F0}"
EndProject
Project("{FAE04EC0-301F-11D3-BF4B-00C04F79EFBC}") = "021_LINQ", "021_LINQ\021_LINQ.csproj", "{021E85F3-7CB9-4A59-B9D1-8CCDE9A26A4B}"
EndProject
Project("{FAE04EC0-301F-11D3-BF4B-00C04F79EFBC}") = "022_LINQ", "022_LINQ\022_LINQ.csproj", "{ED0DB29C-8296-445E-82D8-F01A1ACE8961}"
EndProject
Project("{FAE04EC0-301F-11D3-BF4B-00C04F79EFBC}") = "023_LINQ", "023_LINQ\023_LINQ.csproj", "{91271072-BCEC-44EE-B3A0-E2FC9FE753F9}"
EndProject
Project("{FAE04EC0-301F-11D3-BF4B-00C04F79EFBC}") = "024_LINQ", "024_LINQ\024_LINQ.csproj", "{D7A45057-E24E-43AE-8615-999C1977DBEE}"
EndProject
Project("{FAE04EC0-301F-11D3-BF4B-00C04F79EFBC}") = "025_LINQ", "025_LINQ\025_LINQ.csproj", "{EBBCB18C-BF91-455B-A7DF-328FBD739ED4}"
EndProject
Project("{FAE04EC0-301F-11D3-BF4B-00C04F79EFBC}") = "026_LINQ", "026_LINQ\026_LINQ.csproj", "{6BD0B8AA-9F01-49D9-9FA9-8CE57251A1CC}"
EndProject
Project("{FAE04EC0-301F-11D3-BF4B-00C04F79EFBC}") = "027_LINQ", "027_LINQ\027_LINQ.csproj", "{CA540A0D-EFC7-4DAB-92D3-77BD25582941}"
EndProject
Project("{FAE04EC0-301F-11D3-BF4B-00C04F79EFBC}") = "028_LINQ", "028_LINQ\028_LINQ.csproj", "{985ABADE-8D75-4CBA-A6AE-251D4FD77A2B}"
EndProject
Project("{FAE04EC0-301F-11D3-BF4B-00C04F79EFBC}") = "029_LINQ", "029_LINQ\029_LINQ.csproj", "{D3ED48C2-2496-470F-A3CA-9E4D577E1B7D}"
EndProject
Project("{FAE04EC0-301F-11D3-BF4B-00C04F79EFBC}") = "030_LINQ", "030_LINQ\030_LINQ.csproj", "{08E248E3-8B2A-447E-A132-67B84EB8CBB9}"
EndProject
Project("{2150E333-8FDC-42A3-9474-1A3956D46DE8}") = "03_Dynamic", "03_Dynamic", "{A9974A23-3578-40C0-B150-956C427267ED}"
EndProject
Project("{FAE04EC0-301F-11D3-BF4B-00C04F79EFBC}") = "031__Dynamic", "031__Dynamic\031__Dynamic.csproj", "{2C603457-1F7A-4700-B08C-3B36894FC172}"
EndProject
Project("{FAE04EC0-301F-11D3-BF4B-00C04F79EFBC}") = "032__Dynamic", "032__Dynamic\032__Dynamic.csproj", "{AB5F0452-46BE-4E04-B88E-E0D3F88D4F69}"
EndProject
Project("{FAE04EC0-301F-11D3-BF4B-00C04F79EFBC}") = "033__Dynamic", "033__Dynamic\033__Dynamic.csproj", "{14398E50-6512-456E-AD51-CC769A7E3BA7}"
EndProject
Project("{FAE04EC0-301F-11D3-BF4B-00C04F79EFBC}") = "034__Dynamic", "034__Dynamic\034__Dynamic.csproj", "{B2256AD1-6DE6-4218-B14B-5E02DC378E79}"
EndProject
Project("{FAE04EC0-301F-11D3-BF4B-00C04F79EFBC}") = "035__Dynamic", "035__Dynamic\035__Dynamic.csproj", "{EED2644C-0E8F-4144-9F15-0ED950542A74}"
EndProject
Project("{FAE04EC0-301F-11D3-BF4B-00C04F79EFBC}") = "036__Dynamic", "036__Dynamic\036__Dynamic.csproj", "{1E7434AC-E2FA-4CF7-91A6-80D0AAD96451}"
EndProject
Project("{FAE04EC0-301F-11D3-BF4B-00C04F79EFBC}") = "037__Dynamic", "037__Dynamic\037__Dynamic.csproj", "{1F547BBE-C77C-4744-BEE1-845E3CD0F7B8}"
EndProject
Project("{FAE04EC0-301F-11D3-BF4B-00C04F79EFBC}") = "038__Dynamic", "038__Dynamic\038__Dynamic.csproj", "{89176F42-EF9B-4F51-8E81-2123876F1E1E}"
EndProject
Project("{FAE04EC0-301F-11D3-BF4B-00C04F79EFBC}") = "039__Dynamic", "039__Dynamic\039__Dynamic.csproj", "{3EF9D57E-D833-481F-B3FB-C7B169A1D137}"
EndProject
Project("{FAE04EC0-301F-11D3-BF4B-00C04F79EFBC}") = "040__Dynamic", "040__Dynamic\040__Dynamic.csproj", "{EADACD4B-C5B5-4F38-BC0A-8207BB846523}"
EndProject
Project("{FAE04EC0-301F-11D3-BF4B-00C04F79EFBC}") = "041__Dynamic", "041__Dynamic\041__Dynamic.csproj", "{7CCEB23D-E9B3-4276-AD6A-9018F1F819A9}"
EndProject
Project("{FAE04EC0-301F-11D3-BF4B-00C04F79EFBC}") = "042__Dynamic", "042__Dynamic\042__Dynamic.csproj", "{E368E88B-A000-4BD3-9029-64EF4EC994E6}"
EndProject
Project("{FAE04EC0-301F-11D3-BF4B-00C04F79EFBC}") = "043__Dynamic", "043__Dynamic\043__Dynamic.csproj", "{2522F83A-2F9F-463E-A1B8-E1582C177FB3}"
EndProject
Project("{FAE04EC0-301F-11D3-BF4B-00C04F79EFBC}") = "044__Dynamic", "044__Dynamic\044__Dynamic.csproj", "{7F9EE41B-B566-40C7-844E-FCAE8A3CA2FD}"
EndProject
Project("{FAE04EC0-301F-11D3-BF4B-00C04F79EFBC}") = "045__Dynamic", "045__Dynamic\045__Dynamic.csproj", "{8A366EE5-0D58-49A2-8090-87A6EB118827}"
EndProject
Global
	GlobalSection(SolutionConfigurationPlatforms) = preSolution
		Debug|Any CPU = Debug|Any CPU
		Release|Any CPU = Release|Any CPU
	EndGlobalSection
	GlobalSection(ProjectConfigurationPlatforms) = postSolution
		{26388952-829B-4B9E-8DF3-18077144D69B}.Debug|Any CPU.ActiveCfg = Debug|Any CPU
		{26388952-829B-4B9E-8DF3-18077144D69B}.Debug|Any CPU.Build.0 = Debug|Any CPU
		{26388952-829B-4B9E-8DF3-18077144D69B}.Release|Any CPU.ActiveCfg = Release|Any CPU
		{26388952-829B-4B9E-8DF3-18077144D69B}.Release|Any CPU.Build.0 = Release|Any CPU
		{195C7C69-9B9D-4891-8729-151550361A39}.Debug|Any CPU.ActiveCfg = Debug|Any CPU
		{195C7C69-9B9D-4891-8729-151550361A39}.Debug|Any CPU.Build.0 = Debug|Any CPU
		{195C7C69-9B9D-4891-8729-151550361A39}.Release|Any CPU.ActiveCfg = Release|Any CPU
		{195C7C69-9B9D-4891-8729-151550361A39}.Release|Any CPU.Build.0 = Release|Any CPU
		{1F4268A1-A7A8-43A4-BE35-7E7DF1F828CB}.Debug|Any CPU.ActiveCfg = Debug|Any CPU
		{1F4268A1-A7A8-43A4-BE35-7E7DF1F828CB}.Debug|Any CPU.Build.0 = Debug|Any CPU
		{1F4268A1-A7A8-43A4-BE35-7E7DF1F828CB}.Release|Any CPU.ActiveCfg = Release|Any CPU
		{1F4268A1-A7A8-43A4-BE35-7E7DF1F828CB}.Release|Any CPU.Build.0 = Release|Any CPU
		{9FA01E42-32DA-42E9-AA3E-ED99B69D02E9}.Debug|Any CPU.ActiveCfg = Debug|Any CPU
		{9FA01E42-32DA-42E9-AA3E-ED99B69D02E9}.Debug|Any CPU.Build.0 = Debug|Any CPU
		{9FA01E42-32DA-42E9-AA3E-ED99B69D02E9}.Release|Any CPU.ActiveCfg = Release|Any CPU
		{9FA01E42-32DA-42E9-AA3E-ED99B69D02E9}.Release|Any CPU.Build.0 = Release|Any CPU
		{662A782A-44B9-4038-A99E-10C40FC9161B}.Debug|Any CPU.ActiveCfg = Debug|Any CPU
		{662A782A-44B9-4038-A99E-10C40FC9161B}.Debug|Any CPU.Build.0 = Debug|Any CPU
		{662A782A-44B9-4038-A99E-10C40FC9161B}.Release|Any CPU.ActiveCfg = Release|Any CPU
		{662A782A-44B9-4038-A99E-10C40FC9161B}.Release|Any CPU.Build.0 = Release|Any CPU
		{293338A6-5087-4266-92C8-5838F940A454}.Debug|Any CPU.ActiveCfg = Debug|Any CPU
		{293338A6-5087-4266-92C8-5838F940A454}.Debug|Any CPU.Build.0 = Debug|Any CPU
		{293338A6-5087-4266-92C8-5838F940A454}.Release|Any CPU.ActiveCfg = Release|Any CPU
		{293338A6-5087-4266-92C8-5838F940A454}.Release|Any CPU.Build.0 = Release|Any CPU
		{DC4FA5F2-83C7-423A-9EC3-8A79B942C060}.Debug|Any CPU.ActiveCfg = Debug|Any CPU
		{DC4FA5F2-83C7-423A-9EC3-8A79B942C060}.Debug|Any CPU.Build.0 = Debug|Any CPU
		{DC4FA5F2-83C7-423A-9EC3-8A79B942C060}.Release|Any CPU.ActiveCfg = Release|Any CPU
		{DC4FA5F2-83C7-423A-9EC3-8A79B942C060}.Release|Any CPU.Build.0 = Release|Any CPU
		{EDF6950F-5407-4560-8494-DACB877ED0D5}.Debug|Any CPU.ActiveCfg = Debug|Any CPU
		{EDF6950F-5407-4560-8494-DACB877ED0D5}.Debug|Any CPU.Build.0 = Debug|Any CPU
		{EDF6950F-5407-4560-8494-DACB877ED0D5}.Release|Any CPU.ActiveCfg = Release|Any CPU
		{EDF6950F-5407-4560-8494-DACB877ED0D5}.Release|Any CPU.Build.0 = Release|Any CPU
		{3B800AD6-C678-4123-AD4B-8222CB225D42}.Debug|Any CPU.ActiveCfg = Debug|Any CPU
		{3B800AD6-C678-4123-AD4B-8222CB225D42}.Debug|Any CPU.Build.0 = Debug|Any CPU
		{3B800AD6-C678-4123-AD4B-8222CB225D42}.Release|Any CPU.ActiveCfg = Release|Any CPU
		{3B800AD6-C678-4123-AD4B-8222CB225D42}.Release|Any CPU.Build.0 = Release|Any CPU
		{B4A08770-11BB-470C-A8E3-62639BC6B164}.Debug|Any CPU.ActiveCfg = Debug|Any CPU
		{B4A08770-11BB-470C-A8E3-62639BC6B164}.Debug|Any CPU.Build.0 = Debug|Any CPU
		{B4A08770-11BB-470C-A8E3-62639BC6B164}.Release|Any CPU.ActiveCfg = Release|Any CPU
		{B4A08770-11BB-470C-A8E3-62639BC6B164}.Release|Any CPU.Build.0 = Release|Any CPU
		{A4BE5B59-01E0-47C7-981A-B2A546B832A0}.Debug|Any CPU.ActiveCfg = Debug|Any CPU
		{A4BE5B59-01E0-47C7-981A-B2A546B832A0}.Debug|Any CPU.Build.0 = Debug|Any CPU
		{A4BE5B59-01E0-47C7-981A-B2A546B832A0}.Release|Any CPU.ActiveCfg = Release|Any CPU
		{A4BE5B59-01E0-47C7-981A-B2A546B832A0}.Release|Any CPU.Build.0 = Release|Any CPU
		{CE9F8439-32DF-43D9-97B6-E316D9CB5191}.Debug|Any CPU.ActiveCfg = Debug|Any CPU
		{CE9F8439-32DF-43D9-97B6-E316D9CB5191}.Debug|Any CPU.Build.0 = Debug|Any CPU
		{CE9F8439-32DF-43D9-97B6-E316D9CB5191}.Release|Any CPU.ActiveCfg = Release|Any CPU
		{CE9F8439-32DF-43D9-97B6-E316D9CB5191}.Release|Any CPU.Build.0 = Release|Any CPU
		{F7E732E3-B58E-4D26-ACF7-CC98024B35FE}.Debug|Any CPU.ActiveCfg = Debug|Any CPU
		{F7E732E3-B58E-4D26-ACF7-CC98024B35FE}.Debug|Any CPU.Build.0 = Debug|Any CPU
		{F7E732E3-B58E-4D26-ACF7-CC98024B35FE}.Release|Any CPU.ActiveCfg = Release|Any CPU
		{F7E732E3-B58E-4D26-ACF7-CC98024B35FE}.Release|Any CPU.Build.0 = Release|Any CPU
		{07970D8D-BB5F-4D46-A656-B3ABBEEC4472}.Debug|Any CPU.ActiveCfg = Debug|Any CPU
		{07970D8D-BB5F-4D46-A656-B3ABBEEC4472}.Debug|Any CPU.Build.0 = Debug|Any CPU
		{07970D8D-BB5F-4D46-A656-B3ABBEEC4472}.Release|Any CPU.ActiveCfg = Release|Any CPU
		{07970D8D-BB5F-4D46-A656-B3ABBEEC4472}.Release|Any CPU.Build.0 = Release|Any CPU
		{2EAF6D59-AE0C-48FB-9D96-70FDBE304E62}.Debug|Any CPU.ActiveCfg = Debug|Any CPU
		{2EAF6D59-AE0C-48FB-9D96-70FDBE304E62}.Debug|Any CPU.Build.0 = Debug|Any CPU
		{2EAF6D59-AE0C-48FB-9D96-70FDBE304E62}.Release|Any CPU.ActiveCfg = Release|Any CPU
		{2EAF6D59-AE0C-48FB-9D96-70FDBE304E62}.Release|Any CPU.Build.0 = Release|Any CPU
		{2438775D-F507-4781-921C-B39F60826288}.Debug|Any CPU.ActiveCfg = Debug|Any CPU
		{2438775D-F507-4781-921C-B39F60826288}.Debug|Any CPU.Build.0 = Debug|Any CPU
		{2438775D-F507-4781-921C-B39F60826288}.Release|Any CPU.ActiveCfg = Release|Any CPU
		{2438775D-F507-4781-921C-B39F60826288}.Release|Any CPU.Build.0 = Release|Any CPU
		{8D420A35-AD65-486A-A9F1-65259966B4C4}.Debug|Any CPU.ActiveCfg = Debug|Any CPU
		{8D420A35-AD65-486A-A9F1-65259966B4C4}.Debug|Any CPU.Build.0 = Debug|Any CPU
		{8D420A35-AD65-486A-A9F1-65259966B4C4}.Release|Any CPU.ActiveCfg = Release|Any CPU
		{8D420A35-AD65-486A-A9F1-65259966B4C4}.Release|Any CPU.Build.0 = Release|Any CPU
		{1E01F221-F2D0-4EE5-B03C-99C31E016A0F}.Debug|Any CPU.ActiveCfg = Debug|Any CPU
		{1E01F221-F2D0-4EE5-B03C-99C31E016A0F}.Debug|Any CPU.Build.0 = Debug|Any CPU
		{1E01F221-F2D0-4EE5-B03C-99C31E016A0F}.Release|Any CPU.ActiveCfg = Release|Any CPU
		{1E01F221-F2D0-4EE5-B03C-99C31E016A0F}.Release|Any CPU.Build.0 = Release|Any CPU
		{467D5C15-AFC7-41AE-8DF6-1BB4D51CD86E}.Debug|Any CPU.ActiveCfg = Debug|Any CPU
		{467D5C15-AFC7-41AE-8DF6-1BB4D51CD86E}.Debug|Any CPU.Build.0 = Debug|Any CPU
		{467D5C15-AFC7-41AE-8DF6-1BB4D51CD86E}.Release|Any CPU.ActiveCfg = Release|Any CPU
		{467D5C15-AFC7-41AE-8DF6-1BB4D51CD86E}.Release|Any CPU.Build.0 = Release|Any CPU
		{D9A4877E-5632-43B3-B026-F79580FFA8F0}.Debug|Any CPU.ActiveCfg = Debug|Any CPU
		{D9A4877E-5632-43B3-B026-F79580FFA8F0}.Debug|Any CPU.Build.0 = Debug|Any CPU
		{D9A4877E-5632-43B3-B026-F79580FFA8F0}.Release|Any CPU.ActiveCfg = Release|Any CPU
		{D9A4877E-5632-43B3-B026-F79580FFA8F0}.Release|Any CPU.Build.0 = Release|Any CPU
		{021E85F3-7CB9-4A59-B9D1-8CCDE9A26A4B}.Debug|Any CPU.ActiveCfg = Debug|Any CPU
		{021E85F3-7CB9-4A59-B9D1-8CCDE9A26A4B}.Debug|Any CPU.Build.0 = Debug|Any CPU
		{021E85F3-7CB9-4A59-B9D1-8CCDE9A26A4B}.Release|Any CPU.ActiveCfg = Release|Any CPU
		{021E85F3-7CB9-4A59-B9D1-8CCDE9A26A4B}.Release|Any CPU.Build.0 = Release|Any CPU
		{ED0DB29C-8296-445E-82D8-F01A1ACE8961}.Debug|Any CPU.ActiveCfg = Debug|Any CPU
		{ED0DB29C-8296-445E-82D8-F01A1ACE8961}.Debug|Any CPU.Build.0 = Debug|Any CPU
		{ED0DB29C-8296-445E-82D8-F01A1ACE8961}.Release|Any CPU.ActiveCfg = Release|Any CPU
		{ED0DB29C-8296-445E-82D8-F01A1ACE8961}.Release|Any CPU.Build.0 = Release|Any CPU
		{91271072-BCEC-44EE-B3A0-E2FC9FE753F9}.Debug|Any CPU.ActiveCfg = Debug|Any CPU
		{91271072-BCEC-44EE-B3A0-E2FC9FE753F9}.Debug|Any CPU.Build.0 = Debug|Any CPU
		{91271072-BCEC-44EE-B3A0-E2FC9FE753F9}.Release|Any CPU.ActiveCfg = Release|Any CPU
		{91271072-BCEC-44EE-B3A0-E2FC9FE753F9}.Release|Any CPU.Build.0 = Release|Any CPU
		{D7A45057-E24E-43AE-8615-999C1977DBEE}.Debug|Any CPU.ActiveCfg = Debug|Any CPU
		{D7A45057-E24E-43AE-8615-999C1977DBEE}.Debug|Any CPU.Build.0 = Debug|Any CPU
		{D7A45057-E24E-43AE-8615-999C1977DBEE}.Release|Any CPU.ActiveCfg = Release|Any CPU
		{D7A45057-E24E-43AE-8615-999C1977DBEE}.Release|Any CPU.Build.0 = Release|Any CPU
		{EBBCB18C-BF91-455B-A7DF-328FBD739ED4}.Debug|Any CPU.ActiveCfg = Debug|Any CPU
		{EBBCB18C-BF91-455B-A7DF-328FBD739ED4}.Debug|Any CPU.Build.0 = Debug|Any CPU
		{EBBCB18C-BF91-455B-A7DF-328FBD739ED4}.Release|Any CPU.ActiveCfg = Release|Any CPU
		{EBBCB18C-BF91-455B-A7DF-328FBD739ED4}.Release|Any CPU.Build.0 = Release|Any CPU
		{6BD0B8AA-9F01-49D9-9FA9-8CE57251A1CC}.Debug|Any CPU.ActiveCfg = Debug|Any CPU
		{6BD0B8AA-9F01-49D9-9FA9-8CE57251A1CC}.Debug|Any CPU.Build.0 = Debug|Any CPU
		{6BD0B8AA-9F01-49D9-9FA9-8CE57251A1CC}.Release|Any CPU.ActiveCfg = Release|Any CPU
		{6BD0B8AA-9F01-49D9-9FA9-8CE57251A1CC}.Release|Any CPU.Build.0 = Release|Any CPU
		{CA540A0D-EFC7-4DAB-92D3-77BD25582941}.Debug|Any CPU.ActiveCfg = Debug|Any CPU
		{CA540A0D-EFC7-4DAB-92D3-77BD25582941}.Debug|Any CPU.Build.0 = Debug|Any CPU
		{CA540A0D-EFC7-4DAB-92D3-77BD25582941}.Release|Any CPU.ActiveCfg = Release|Any CPU
		{CA540A0D-EFC7-4DAB-92D3-77BD25582941}.Release|Any CPU.Build.0 = Release|Any CPU
		{985ABADE-8D75-4CBA-A6AE-251D4FD77A2B}.Debug|Any CPU.ActiveCfg = Debug|Any CPU
		{985ABADE-8D75-4CBA-A6AE-251D4FD77A2B}.Debug|Any CPU.Build.0 = Debug|Any CPU
		{985ABADE-8D75-4CBA-A6AE-251D4FD77A2B}.Release|Any CPU.ActiveCfg = Release|Any CPU
		{985ABADE-8D75-4CBA-A6AE-251D4FD77A2B}.Release|Any CPU.Build.0 = Release|Any CPU
		{D3ED48C2-2496-470F-A3CA-9E4D577E1B7D}.Debug|Any CPU.ActiveCfg = Debug|Any CPU
		{D3ED48C2-2496-470F-A3CA-9E4D577E1B7D}.Debug|Any CPU.Build.0 = Debug|Any CPU
		{D3ED48C2-2496-470F-A3CA-9E4D577E1B7D}.Release|Any CPU.ActiveCfg = Release|Any CPU
		{D3ED48C2-2496-470F-A3CA-9E4D577E1B7D}.Release|Any CPU.Build.0 = Release|Any CPU
		{08E248E3-8B2A-447E-A132-67B84EB8CBB9}.Debug|Any CPU.ActiveCfg = Debug|Any CPU
		{08E248E3-8B2A-447E-A132-67B84EB8CBB9}.Debug|Any CPU.Build.0 = Debug|Any CPU
		{08E248E3-8B2A-447E-A132-67B84EB8CBB9}.Release|Any CPU.ActiveCfg = Release|Any CPU
		{08E248E3-8B2A-447E-A132-67B84EB8CBB9}.Release|Any CPU.Build.0 = Release|Any CPU
		{2C603457-1F7A-4700-B08C-3B36894FC172}.Debug|Any CPU.ActiveCfg = Debug|Any CPU
		{2C603457-1F7A-4700-B08C-3B36894FC172}.Debug|Any CPU.Build.0 = Debug|Any CPU
		{2C603457-1F7A-4700-B08C-3B36894FC172}.Release|Any CPU.ActiveCfg = Release|Any CPU
		{2C603457-1F7A-4700-B08C-3B36894FC172}.Release|Any CPU.Build.0 = Release|Any CPU
		{AB5F0452-46BE-4E04-B88E-E0D3F88D4F69}.Debug|Any CPU.ActiveCfg = Debug|Any CPU
		{AB5F0452-46BE-4E04-B88E-E0D3F88D4F69}.Debug|Any CPU.Build.0 = Debug|Any CPU
		{AB5F0452-46BE-4E04-B88E-E0D3F88D4F69}.Release|Any CPU.ActiveCfg = Release|Any CPU
		{AB5F0452-46BE-4E04-B88E-E0D3F88D4F69}.Release|Any CPU.Build.0 = Release|Any CPU
		{14398E50-6512-456E-AD51-CC769A7E3BA7}.Debug|Any CPU.ActiveCfg = Debug|Any CPU
		{14398E50-6512-456E-AD51-CC769A7E3BA7}.Debug|Any CPU.Build.0 = Debug|Any CPU
		{14398E50-6512-456E-AD51-CC769A7E3BA7}.Release|Any CPU.ActiveCfg = Release|Any CPU
		{14398E50-6512-456E-AD51-CC769A7E3BA7}.Release|Any CPU.Build.0 = Release|Any CPU
		{B2256AD1-6DE6-4218-B14B-5E02DC378E79}.Debug|Any CPU.ActiveCfg = Debug|Any CPU
		{B2256AD1-6DE6-4218-B14B-5E02DC378E79}.Debug|Any CPU.Build.0 = Debug|Any CPU
		{B2256AD1-6DE6-4218-B14B-5E02DC378E79}.Release|Any CPU.ActiveCfg = Release|Any CPU
		{B2256AD1-6DE6-4218-B14B-5E02DC378E79}.Release|Any CPU.Build.0 = Release|Any CPU
		{EED2644C-0E8F-4144-9F15-0ED950542A74}.Debug|Any CPU.ActiveCfg = Debug|Any CPU
		{EED2644C-0E8F-4144-9F15-0ED950542A74}.Debug|Any CPU.Build.0 = Debug|Any CPU
		{EED2644C-0E8F-4144-9F15-0ED950542A74}.Release|Any CPU.ActiveCfg = Release|Any CPU
		{EED2644C-0E8F-4144-9F15-0ED950542A74}.Release|Any CPU.Build.0 = Release|Any CPU
		{1E7434AC-E2FA-4CF7-91A6-80D0AAD96451}.Debug|Any CPU.ActiveCfg = Debug|Any CPU
		{1E7434AC-E2FA-4CF7-91A6-80D0AAD96451}.Debug|Any CPU.Build.0 = Debug|Any CPU
		{1E7434AC-E2FA-4CF7-91A6-80D0AAD96451}.Release|Any CPU.ActiveCfg = Release|Any CPU
		{1E7434AC-E2FA-4CF7-91A6-80D0AAD96451}.Release|Any CPU.Build.0 = Release|Any CPU
		{1F547BBE-C77C-4744-BEE1-845E3CD0F7B8}.Debug|Any CPU.ActiveCfg = Debug|Any CPU
		{1F547BBE-C77C-4744-BEE1-845E3CD0F7B8}.Debug|Any CPU.Build.0 = Debug|Any CPU
		{1F547BBE-C77C-4744-BEE1-845E3CD0F7B8}.Release|Any CPU.ActiveCfg = Release|Any CPU
		{1F547BBE-C77C-4744-BEE1-845E3CD0F7B8}.Release|Any CPU.Build.0 = Release|Any CPU
		{89176F42-EF9B-4F51-8E81-2123876F1E1E}.Debug|Any CPU.ActiveCfg = Debug|Any CPU
		{89176F42-EF9B-4F51-8E81-2123876F1E1E}.Debug|Any CPU.Build.0 = Debug|Any CPU
		{89176F42-EF9B-4F51-8E81-2123876F1E1E}.Release|Any CPU.ActiveCfg = Release|Any CPU
		{89176F42-EF9B-4F51-8E81-2123876F1E1E}.Release|Any CPU.Build.0 = Release|Any CPU
		{3EF9D57E-D833-481F-B3FB-C7B169A1D137}.Debug|Any CPU.ActiveCfg = Debug|Any CPU
		{3EF9D57E-D833-481F-B3FB-C7B169A1D137}.Debug|Any CPU.Build.0 = Debug|Any CPU
		{3EF9D57E-D833-481F-B3FB-C7B169A1D137}.Release|Any CPU.ActiveCfg = Release|Any CPU
		{3EF9D57E-D833-481F-B3FB-C7B169A1D137}.Release|Any CPU.Build.0 = Release|Any CPU
		{EADACD4B-C5B5-4F38-BC0A-8207BB846523}.Debug|Any CPU.ActiveCfg = Debug|Any CPU
		{EADACD4B-C5B5-4F38-BC0A-8207BB846523}.Debug|Any CPU.Build.0 = Debug|Any CPU
		{EADACD4B-C5B5-4F38-BC0A-8207BB846523}.Release|Any CPU.ActiveCfg = Release|Any CPU
		{EADACD4B-C5B5-4F38-BC0A-8207BB846523}.Release|Any CPU.Build.0 = Release|Any CPU
		{7CCEB23D-E9B3-4276-AD6A-9018F1F819A9}.Debug|Any CPU.ActiveCfg = Debug|Any CPU
		{7CCEB23D-E9B3-4276-AD6A-9018F1F819A9}.Debug|Any CPU.Build.0 = Debug|Any CPU
		{7CCEB23D-E9B3-4276-AD6A-9018F1F819A9}.Release|Any CPU.ActiveCfg = Release|Any CPU
		{7CCEB23D-E9B3-4276-AD6A-9018F1F819A9}.Release|Any CPU.Build.0 = Release|Any CPU
		{E368E88B-A000-4BD3-9029-64EF4EC994E6}.Debug|Any CPU.ActiveCfg = Debug|Any CPU
		{E368E88B-A000-4BD3-9029-64EF4EC994E6}.Debug|Any CPU.Build.0 = Debug|Any CPU
		{E368E88B-A000-4BD3-9029-64EF4EC994E6}.Release|Any CPU.ActiveCfg = Release|Any CPU
		{E368E88B-A000-4BD3-9029-64EF4EC994E6}.Release|Any CPU.Build.0 = Release|Any CPU
		{2522F83A-2F9F-463E-A1B8-E1582C177FB3}.Debug|Any CPU.ActiveCfg = Debug|Any CPU
		{2522F83A-2F9F-463E-A1B8-E1582C177FB3}.Debug|Any CPU.Build.0 = Debug|Any CPU
		{2522F83A-2F9F-463E-A1B8-E1582C177FB3}.Release|Any CPU.ActiveCfg = Release|Any CPU
		{2522F83A-2F9F-463E-A1B8-E1582C177FB3}.Release|Any CPU.Build.0 = Release|Any CPU
		{7F9EE41B-B566-40C7-844E-FCAE8A3CA2FD}.Debug|Any CPU.ActiveCfg = Debug|Any CPU
		{7F9EE41B-B566-40C7-844E-FCAE8A3CA2FD}.Debug|Any CPU.Build.0 = Debug|Any CPU
		{7F9EE41B-B566-40C7-844E-FCAE8A3CA2FD}.Release|Any CPU.ActiveCfg = Release|Any CPU
		{7F9EE41B-B566-40C7-844E-FCAE8A3CA2FD}.Release|Any CPU.Build.0 = Release|Any CPU
		{8A366EE5-0D58-49A2-8090-87A6EB118827}.Debug|Any CPU.ActiveCfg = Debug|Any CPU
		{8A366EE5-0D58-49A2-8090-87A6EB118827}.Debug|Any CPU.Build.0 = Debug|Any CPU
		{8A366EE5-0D58-49A2-8090-87A6EB118827}.Release|Any CPU.ActiveCfg = Release|Any CPU
		{8A366EE5-0D58-49A2-8090-87A6EB118827}.Release|Any CPU.Build.0 = Release|Any CPU
	EndGlobalSection
	GlobalSection(SolutionProperties) = preSolution
		HideSolutionNode = FALSE
	EndGlobalSection
	GlobalSection(NestedProjects) = preSolution
		{26388952-829B-4B9E-8DF3-18077144D69B} = {849AC65B-3FDA-4692-BF7B-0CC630756AC4}
		{195C7C69-9B9D-4891-8729-151550361A39} = {849AC65B-3FDA-4692-BF7B-0CC630756AC4}
		{1F4268A1-A7A8-43A4-BE35-7E7DF1F828CB} = {849AC65B-3FDA-4692-BF7B-0CC630756AC4}
		{9FA01E42-32DA-42E9-AA3E-ED99B69D02E9} = {849AC65B-3FDA-4692-BF7B-0CC630756AC4}
		{662A782A-44B9-4038-A99E-10C40FC9161B} = {849AC65B-3FDA-4692-BF7B-0CC630756AC4}
		{293338A6-5087-4266-92C8-5838F940A454} = {849AC65B-3FDA-4692-BF7B-0CC630756AC4}
		{DC4FA5F2-83C7-423A-9EC3-8A79B942C060} = {580DA2DF-B0AF-411C-975A-1920162A5839}
		{EDF6950F-5407-4560-8494-DACB877ED0D5} = {580DA2DF-B0AF-411C-975A-1920162A5839}
		{3B800AD6-C678-4123-AD4B-8222CB225D42} = {580DA2DF-B0AF-411C-975A-1920162A5839}
		{B4A08770-11BB-470C-A8E3-62639BC6B164} = {580DA2DF-B0AF-411C-975A-1920162A5839}
		{A4BE5B59-01E0-47C7-981A-B2A546B832A0} = {580DA2DF-B0AF-411C-975A-1920162A5839}
		{CE9F8439-32DF-43D9-97B6-E316D9CB5191} = {580DA2DF-B0AF-411C-975A-1920162A5839}
		{F7E732E3-B58E-4D26-ACF7-CC98024B35FE} = {580DA2DF-B0AF-411C-975A-1920162A5839}
		{07970D8D-BB5F-4D46-A656-B3ABBEEC4472} = {580DA2DF-B0AF-411C-975A-1920162A5839}
		{2EAF6D59-AE0C-48FB-9D96-70FDBE304E62} = {580DA2DF-B0AF-411C-975A-1920162A5839}
		{2438775D-F507-4781-921C-B39F60826288} = {580DA2DF-B0AF-411C-975A-1920162A5839}
		{8D420A35-AD65-486A-A9F1-65259966B4C4} = {580DA2DF-B0AF-411C-975A-1920162A5839}
		{1E01F221-F2D0-4EE5-B03C-99C31E016A0F} = {580DA2DF-B0AF-411C-975A-1920162A5839}
		{467D5C15-AFC7-41AE-8DF6-1BB4D51CD86E} = {580DA2DF-B0AF-411C-975A-1920162A5839}
		{D9A4877E-5632-43B3-B026-F79580FFA8F0} = {580DA2DF-B0AF-411C-975A-1920162A5839}
		{021E85F3-7CB9-4A59-B9D1-8CCDE9A26A4B} = {580DA2DF-B0AF-411C-975A-1920162A5839}
		{ED0DB29C-8296-445E-82D8-F01A1ACE8961} = {580DA2DF-B0AF-411C-975A-1920162A5839}
		{91271072-BCEC-44EE-B3A0-E2FC9FE753F9} = {580DA2DF-B0AF-411C-975A-1920162A5839}
		{D7A45057-E24E-43AE-8615-999C1977DBEE} = {580DA2DF-B0AF-411C-975A-1920162A5839}
		{EBBCB18C-BF91-455B-A7DF-328FBD739ED4} = {580DA2DF-B0AF-411C-975A-1920162A5839}
		{6BD0B8AA-9F01-49D9-9FA9-8CE57251A1CC} = {580DA2DF-B0AF-411C-975A-1920162A5839}
		{CA540A0D-EFC7-4DAB-92D3-77BD25582941} = {580DA2DF-B0AF-411C-975A-1920162A5839}
		{985ABADE-8D75-4CBA-A6AE-251D4FD77A2B} = {580DA2DF-B0AF-411C-975A-1920162A5839}
		{D3ED48C2-2496-470F-A3CA-9E4D577E1B7D} = {580DA2DF-B0AF-411C-975A-1920162A5839}
		{08E248E3-8B2A-447E-A132-67B84EB8CBB9} = {580DA2DF-B0AF-411C-975A-1920162A5839}
		{2C603457-1F7A-4700-B08C-3B36894FC172} = {A9974A23-3578-40C0-B150-956C427267ED}
		{AB5F0452-46BE-4E04-B88E-E0D3F88D4F69} = {A9974A23-3578-40C0-B150-956C427267ED}
		{14398E50-6512-456E-AD51-CC769A7E3BA7} = {A9974A23-3578-40C0-B150-956C427267ED}
		{B2256AD1-6DE6-4218-B14B-5E02DC378E79} = {A9974A23-3578-40C0-B150-956C427267ED}
		{EED2644C-0E8F-4144-9F15-0ED950542A74} = {A9974A23-3578-40C0-B150-956C427267ED}
		{1E7434AC-E2FA-4CF7-91A6-80D0AAD96451} = {A9974A23-3578-40C0-B150-956C427267ED}
		{1F547BBE-C77C-4744-BEE1-845E3CD0F7B8} = {A9974A23-3578-40C0-B150-956C427267ED}
		{89176F42-EF9B-4F51-8E81-2123876F1E1E} = {A9974A23-3578-40C0-B150-956C427267ED}
		{3EF9D57E-D833-481F-B3FB-C7B169A1D137} = {A9974A23-3578-40C0-B150-956C427267ED}
		{EADACD4B-C5B5-4F38-BC0A-8207BB846523} = {A9974A23-3578-40C0-B150-956C427267ED}
		{7CCEB23D-E9B3-4276-AD6A-9018F1F819A9} = {A9974A23-3578-40C0-B150-956C427267ED}
		{E368E88B-A000-4BD3-9029-64EF4EC994E6} = {A9974A23-3578-40C0-B150-956C427267ED}
		{2522F83A-2F9F-463E-A1B8-E1582C177FB3} = {A9974A23-3578-40C0-B150-956C427267ED}
		{7F9EE41B-B566-40C7-844E-FCAE8A3CA2FD} = {A9974A23-3578-40C0-B150-956C427267ED}
		{8A366EE5-0D58-49A2-8090-87A6EB118827} = {A9974A23-3578-40C0-B150-956C427267ED}
	EndGlobalSection
	GlobalSection(ExtensibilityGlobals) = postSolution
		SolutionGuid = {726053B6-D4A0-4C55-9F59-A15B76A3BCC7}
	EndGlobalSection
EndGlobal
