
Microsoft Visual Studio Solution File, Format Version 12.00
# Visual Studio Version 16
VisualStudioVersion = 16.0.29519.87
MinimumVisualStudioVersion = 10.0.40219.1
Project("{FAE04EC0-301F-11D3-BF4B-00C04F79EFBC}") = "001_CreateString", "013_Work_With_Text\001_CreateString.csproj", "{24CD61A0-2659-43C6-BBA0-C9EA2314A699}"
EndProject
Project("{2150E333-8FDC-42A3-9474-1A3956D46DE8}") = "01_Text", "01_Text", "{FB2A884E-9222-40B3-851B-856E02489B04}"
EndProject
Project("{FAE04EC0-301F-11D3-BF4B-00C04F79EFBC}") = "002_Strings", "002_Strings\002_Strings.csproj", "{EDD08207-9FA3-4F44-AA03-E00268FC8261}"
EndProject
Project("{FAE04EC0-301F-11D3-BF4B-00C04F79EFBC}") = "003_Strings", "003_Strings\003_Strings.csproj", "{6CAAAAB6-AEC0-44D2-957C-221817E9E74A}"
EndProject
Project("{2150E333-8FDC-42A3-9474-1A3956D46DE8}") = "02_Regular", "02_Regular", "{09059B20-C9CA-4FCC-A72A-2FF765C5BACD}"
EndProject
Project("{FAE04EC0-301F-11D3-BF4B-00C04F79EFBC}") = "004_IFormattable", "004_IFormattable\004_IFormattable.csproj", "{17FF7C5E-15EC-4135-A2B8-79EA40B12111}"
EndProject
Project("{FAE04EC0-301F-11D3-BF4B-00C04F79EFBC}") = "005_CultureInfo", "005_CultureInfo\005_CultureInfo.csproj", "{591BF328-1FFA-4EA4-8651-8DB66A12854A}"
EndProject
Project("{FAE04EC0-301F-11D3-BF4B-00C04F79EFBC}") = "006_RegionInfo", "006_RegionInfo\006_RegionInfo.csproj", "{DE3BCAE9-ABCA-44E5-B52D-53505F51F0B0}"
EndProject
Project("{FAE04EC0-301F-11D3-BF4B-00C04F79EFBC}") = "007_FormattedStrings", "007_FormattedStrings\007_FormattedStrings.csproj", "{338B3175-60A8-4157-844D-8502452AC7D3}"
EndProject
Project("{FAE04EC0-301F-11D3-BF4B-00C04F79EFBC}") = "008_CustomFormatter_001", "008_CustomFormatter_001\008_CustomFormatter_001.csproj", "{8EEDA871-021F-4F5B-BC90-B3184514D8AC}"
EndProject
Project("{FAE04EC0-301F-11D3-BF4B-00C04F79EFBC}") = "009_CustomFormatter_002", "009_CustomFormatter_002\009_CustomFormatter_002.csproj", "{DA8F029A-7349-48E2-80C9-A5BEB06D0F3A}"
EndProject
Project("{FAE04EC0-301F-11D3-BF4B-00C04F79EFBC}") = "010_Encoding_001", "010_Encoding_001\010_Encoding_001.csproj", "{F8545FF4-ED37-408D-9CCC-13C0D8051544}"
EndProject
Project("{FAE04EC0-301F-11D3-BF4B-00C04F79EFBC}") = "011_Encoding_002", "011_Encoding_002\011_Encoding_002.csproj", "{C7C07449-6A47-4C28-A2E2-EDCCAEE168C8}"
EndProject
Project("{FAE04EC0-301F-11D3-BF4B-00C04F79EFBC}") = "012_Encoding_003", "012_Encoding_003\012_Encoding_003.csproj", "{1121C58E-A755-473D-BC83-8B9A2DB7CA55}"
EndProject
Project("{FAE04EC0-301F-11D3-BF4B-00C04F79EFBC}") = "013_StringBuilder", "013_StringBuilder\013_StringBuilder.csproj", "{E8EE3F1D-9424-4342-A583-4FE4D505B779}"
EndProject
Project("{FAE04EC0-301F-11D3-BF4B-00C04F79EFBC}") = "014_StringBuilder_PerformanceTest", "014_StringBuilder_PerformanceTest\014_StringBuilder_PerformanceTest.csproj", "{25E0358F-983E-47DA-8F37-46E8D1129FDE}"
EndProject
Project("{FAE04EC0-301F-11D3-BF4B-00C04F79EFBC}") = "015_RegularExpressions", "015_RegularExpressions\015_RegularExpressions.csproj", "{21A902A1-5265-4509-B602-645F6440553D}"
EndProject
Project("{FAE04EC0-301F-11D3-BF4B-00C04F79EFBC}") = "016_RegularExpressions", "016_RegularExpressions\016_RegularExpressions.csproj", "{422422A3-4775-407A-A91D-9F18B53DC8DD}"
EndProject
Project("{FAE04EC0-301F-11D3-BF4B-00C04F79EFBC}") = "017_RegularExpressions", "017_RegularExpressions\017_RegularExpressions.csproj", "{4B726E9F-C1E5-480D-B0BF-8CB4CB605C35}"
EndProject
Project("{FAE04EC0-301F-11D3-BF4B-00C04F79EFBC}") = "018_RegularExpressions", "018_RegularExpressions\018_RegularExpressions.csproj", "{262FF6BC-3DF7-44F9-A089-4B2F075A3657}"
EndProject
Project("{FAE04EC0-301F-11D3-BF4B-00C04F79EFBC}") = "019_RegularExpressions", "019_RegularExpressions\019_RegularExpressions.csproj", "{1B57DC78-A48B-47C7-9857-A790AC0C81A9}"
EndProject
Project("{FAE04EC0-301F-11D3-BF4B-00C04F79EFBC}") = "020_RegularExpressions", "020_RegularExpressions\020_RegularExpressions.csproj", "{4F01C0C8-61D2-490E-AB07-460C7EEE6743}"
EndProject
Project("{FAE04EC0-301F-11D3-BF4B-00C04F79EFBC}") = "021_RegularExpressions", "021_RegularExpressions\021_RegularExpressions.csproj", "{BC0FB525-698D-461B-B1BD-22AB28421B0A}"
EndProject
Project("{FAE04EC0-301F-11D3-BF4B-00C04F79EFBC}") = "022_RegularExpressions", "022_RegularExpressions\022_RegularExpressions.csproj", "{D1070C99-742E-4316-BF78-EC2CDC2F1D29}"
EndProject
Project("{FAE04EC0-301F-11D3-BF4B-00C04F79EFBC}") = "023_RegularExpressions", "023_RegularExpressions\023_RegularExpressions.csproj", "{A160E367-6E26-4CD4-9F58-F57805955038}"
EndProject
Project("{FAE04EC0-301F-11D3-BF4B-00C04F79EFBC}") = "024_RegularExpressions", "024_RegularExpressions\024_RegularExpressions.csproj", "{EF7D9D19-0DD8-4A9D-AD1B-1773ED920D71}"
EndProject
Global
	GlobalSection(SolutionConfigurationPlatforms) = preSolution
		Debug|Any CPU = Debug|Any CPU
		Release|Any CPU = Release|Any CPU
	EndGlobalSection
	GlobalSection(ProjectConfigurationPlatforms) = postSolution
		{24CD61A0-2659-43C6-BBA0-C9EA2314A699}.Debug|Any CPU.ActiveCfg = Debug|Any CPU
		{24CD61A0-2659-43C6-BBA0-C9EA2314A699}.Debug|Any CPU.Build.0 = Debug|Any CPU
		{24CD61A0-2659-43C6-BBA0-C9EA2314A699}.Release|Any CPU.ActiveCfg = Release|Any CPU
		{24CD61A0-2659-43C6-BBA0-C9EA2314A699}.Release|Any CPU.Build.0 = Release|Any CPU
		{EDD08207-9FA3-4F44-AA03-E00268FC8261}.Debug|Any CPU.ActiveCfg = Debug|Any CPU
		{EDD08207-9FA3-4F44-AA03-E00268FC8261}.Debug|Any CPU.Build.0 = Debug|Any CPU
		{EDD08207-9FA3-4F44-AA03-E00268FC8261}.Release|Any CPU.ActiveCfg = Release|Any CPU
		{EDD08207-9FA3-4F44-AA03-E00268FC8261}.Release|Any CPU.Build.0 = Release|Any CPU
		{6CAAAAB6-AEC0-44D2-957C-221817E9E74A}.Debug|Any CPU.ActiveCfg = Debug|Any CPU
		{6CAAAAB6-AEC0-44D2-957C-221817E9E74A}.Debug|Any CPU.Build.0 = Debug|Any CPU
		{6CAAAAB6-AEC0-44D2-957C-221817E9E74A}.Release|Any CPU.ActiveCfg = Release|Any CPU
		{6CAAAAB6-AEC0-44D2-957C-221817E9E74A}.Release|Any CPU.Build.0 = Release|Any CPU
		{17FF7C5E-15EC-4135-A2B8-79EA40B12111}.Debug|Any CPU.ActiveCfg = Debug|Any CPU
		{17FF7C5E-15EC-4135-A2B8-79EA40B12111}.Debug|Any CPU.Build.0 = Debug|Any CPU
		{17FF7C5E-15EC-4135-A2B8-79EA40B12111}.Release|Any CPU.ActiveCfg = Release|Any CPU
		{17FF7C5E-15EC-4135-A2B8-79EA40B12111}.Release|Any CPU.Build.0 = Release|Any CPU
		{591BF328-1FFA-4EA4-8651-8DB66A12854A}.Debug|Any CPU.ActiveCfg = Debug|Any CPU
		{591BF328-1FFA-4EA4-8651-8DB66A12854A}.Debug|Any CPU.Build.0 = Debug|Any CPU
		{591BF328-1FFA-4EA4-8651-8DB66A12854A}.Release|Any CPU.ActiveCfg = Release|Any CPU
		{591BF328-1FFA-4EA4-8651-8DB66A12854A}.Release|Any CPU.Build.0 = Release|Any CPU
		{DE3BCAE9-ABCA-44E5-B52D-53505F51F0B0}.Debug|Any CPU.ActiveCfg = Debug|Any CPU
		{DE3BCAE9-ABCA-44E5-B52D-53505F51F0B0}.Debug|Any CPU.Build.0 = Debug|Any CPU
		{DE3BCAE9-ABCA-44E5-B52D-53505F51F0B0}.Release|Any CPU.ActiveCfg = Release|Any CPU
		{DE3BCAE9-ABCA-44E5-B52D-53505F51F0B0}.Release|Any CPU.Build.0 = Release|Any CPU
		{338B3175-60A8-4157-844D-8502452AC7D3}.Debug|Any CPU.ActiveCfg = Debug|Any CPU
		{338B3175-60A8-4157-844D-8502452AC7D3}.Debug|Any CPU.Build.0 = Debug|Any CPU
		{338B3175-60A8-4157-844D-8502452AC7D3}.Release|Any CPU.ActiveCfg = Release|Any CPU
		{338B3175-60A8-4157-844D-8502452AC7D3}.Release|Any CPU.Build.0 = Release|Any CPU
		{8EEDA871-021F-4F5B-BC90-B3184514D8AC}.Debug|Any CPU.ActiveCfg = Debug|Any CPU
		{8EEDA871-021F-4F5B-BC90-B3184514D8AC}.Debug|Any CPU.Build.0 = Debug|Any CPU
		{8EEDA871-021F-4F5B-BC90-B3184514D8AC}.Release|Any CPU.ActiveCfg = Release|Any CPU
		{8EEDA871-021F-4F5B-BC90-B3184514D8AC}.Release|Any CPU.Build.0 = Release|Any CPU
		{DA8F029A-7349-48E2-80C9-A5BEB06D0F3A}.Debug|Any CPU.ActiveCfg = Debug|Any CPU
		{DA8F029A-7349-48E2-80C9-A5BEB06D0F3A}.Debug|Any CPU.Build.0 = Debug|Any CPU
		{DA8F029A-7349-48E2-80C9-A5BEB06D0F3A}.Release|Any CPU.ActiveCfg = Release|Any CPU
		{DA8F029A-7349-48E2-80C9-A5BEB06D0F3A}.Release|Any CPU.Build.0 = Release|Any CPU
		{F8545FF4-ED37-408D-9CCC-13C0D8051544}.Debug|Any CPU.ActiveCfg = Debug|Any CPU
		{F8545FF4-ED37-408D-9CCC-13C0D8051544}.Debug|Any CPU.Build.0 = Debug|Any CPU
		{F8545FF4-ED37-408D-9CCC-13C0D8051544}.Release|Any CPU.ActiveCfg = Release|Any CPU
		{F8545FF4-ED37-408D-9CCC-13C0D8051544}.Release|Any CPU.Build.0 = Release|Any CPU
		{C7C07449-6A47-4C28-A2E2-EDCCAEE168C8}.Debug|Any CPU.ActiveCfg = Debug|Any CPU
		{C7C07449-6A47-4C28-A2E2-EDCCAEE168C8}.Debug|Any CPU.Build.0 = Debug|Any CPU
		{C7C07449-6A47-4C28-A2E2-EDCCAEE168C8}.Release|Any CPU.ActiveCfg = Release|Any CPU
		{C7C07449-6A47-4C28-A2E2-EDCCAEE168C8}.Release|Any CPU.Build.0 = Release|Any CPU
		{1121C58E-A755-473D-BC83-8B9A2DB7CA55}.Debug|Any CPU.ActiveCfg = Debug|Any CPU
		{1121C58E-A755-473D-BC83-8B9A2DB7CA55}.Debug|Any CPU.Build.0 = Debug|Any CPU
		{1121C58E-A755-473D-BC83-8B9A2DB7CA55}.Release|Any CPU.ActiveCfg = Release|Any CPU
		{1121C58E-A755-473D-BC83-8B9A2DB7CA55}.Release|Any CPU.Build.0 = Release|Any CPU
		{E8EE3F1D-9424-4342-A583-4FE4D505B779}.Debug|Any CPU.ActiveCfg = Debug|Any CPU
		{E8EE3F1D-9424-4342-A583-4FE4D505B779}.Debug|Any CPU.Build.0 = Debug|Any CPU
		{E8EE3F1D-9424-4342-A583-4FE4D505B779}.Release|Any CPU.ActiveCfg = Release|Any CPU
		{E8EE3F1D-9424-4342-A583-4FE4D505B779}.Release|Any CPU.Build.0 = Release|Any CPU
		{25E0358F-983E-47DA-8F37-46E8D1129FDE}.Debug|Any CPU.ActiveCfg = Debug|Any CPU
		{25E0358F-983E-47DA-8F37-46E8D1129FDE}.Debug|Any CPU.Build.0 = Debug|Any CPU
		{25E0358F-983E-47DA-8F37-46E8D1129FDE}.Release|Any CPU.ActiveCfg = Release|Any CPU
		{25E0358F-983E-47DA-8F37-46E8D1129FDE}.Release|Any CPU.Build.0 = Release|Any CPU
		{21A902A1-5265-4509-B602-645F6440553D}.Debug|Any CPU.ActiveCfg = Debug|Any CPU
		{21A902A1-5265-4509-B602-645F6440553D}.Debug|Any CPU.Build.0 = Debug|Any CPU
		{21A902A1-5265-4509-B602-645F6440553D}.Release|Any CPU.ActiveCfg = Release|Any CPU
		{21A902A1-5265-4509-B602-645F6440553D}.Release|Any CPU.Build.0 = Release|Any CPU
		{422422A3-4775-407A-A91D-9F18B53DC8DD}.Debug|Any CPU.ActiveCfg = Debug|Any CPU
		{422422A3-4775-407A-A91D-9F18B53DC8DD}.Debug|Any CPU.Build.0 = Debug|Any CPU
		{422422A3-4775-407A-A91D-9F18B53DC8DD}.Release|Any CPU.ActiveCfg = Release|Any CPU
		{422422A3-4775-407A-A91D-9F18B53DC8DD}.Release|Any CPU.Build.0 = Release|Any CPU
		{4B726E9F-C1E5-480D-B0BF-8CB4CB605C35}.Debug|Any CPU.ActiveCfg = Debug|Any CPU
		{4B726E9F-C1E5-480D-B0BF-8CB4CB605C35}.Debug|Any CPU.Build.0 = Debug|Any CPU
		{4B726E9F-C1E5-480D-B0BF-8CB4CB605C35}.Release|Any CPU.ActiveCfg = Release|Any CPU
		{4B726E9F-C1E5-480D-B0BF-8CB4CB605C35}.Release|Any CPU.Build.0 = Release|Any CPU
		{262FF6BC-3DF7-44F9-A089-4B2F075A3657}.Debug|Any CPU.ActiveCfg = Debug|Any CPU
		{262FF6BC-3DF7-44F9-A089-4B2F075A3657}.Debug|Any CPU.Build.0 = Debug|Any CPU
		{262FF6BC-3DF7-44F9-A089-4B2F075A3657}.Release|Any CPU.ActiveCfg = Release|Any CPU
		{262FF6BC-3DF7-44F9-A089-4B2F075A3657}.Release|Any CPU.Build.0 = Release|Any CPU
		{1B57DC78-A48B-47C7-9857-A790AC0C81A9}.Debug|Any CPU.ActiveCfg = Debug|Any CPU
		{1B57DC78-A48B-47C7-9857-A790AC0C81A9}.Debug|Any CPU.Build.0 = Debug|Any CPU
		{1B57DC78-A48B-47C7-9857-A790AC0C81A9}.Release|Any CPU.ActiveCfg = Release|Any CPU
		{1B57DC78-A48B-47C7-9857-A790AC0C81A9}.Release|Any CPU.Build.0 = Release|Any CPU
		{4F01C0C8-61D2-490E-AB07-460C7EEE6743}.Debug|Any CPU.ActiveCfg = Debug|Any CPU
		{4F01C0C8-61D2-490E-AB07-460C7EEE6743}.Debug|Any CPU.Build.0 = Debug|Any CPU
		{4F01C0C8-61D2-490E-AB07-460C7EEE6743}.Release|Any CPU.ActiveCfg = Release|Any CPU
		{4F01C0C8-61D2-490E-AB07-460C7EEE6743}.Release|Any CPU.Build.0 = Release|Any CPU
		{BC0FB525-698D-461B-B1BD-22AB28421B0A}.Debug|Any CPU.ActiveCfg = Debug|Any CPU
		{BC0FB525-698D-461B-B1BD-22AB28421B0A}.Debug|Any CPU.Build.0 = Debug|Any CPU
		{BC0FB525-698D-461B-B1BD-22AB28421B0A}.Release|Any CPU.ActiveCfg = Release|Any CPU
		{BC0FB525-698D-461B-B1BD-22AB28421B0A}.Release|Any CPU.Build.0 = Release|Any CPU
		{D1070C99-742E-4316-BF78-EC2CDC2F1D29}.Debug|Any CPU.ActiveCfg = Debug|Any CPU
		{D1070C99-742E-4316-BF78-EC2CDC2F1D29}.Debug|Any CPU.Build.0 = Debug|Any CPU
		{D1070C99-742E-4316-BF78-EC2CDC2F1D29}.Release|Any CPU.ActiveCfg = Release|Any CPU
		{D1070C99-742E-4316-BF78-EC2CDC2F1D29}.Release|Any CPU.Build.0 = Release|Any CPU
		{A160E367-6E26-4CD4-9F58-F57805955038}.Debug|Any CPU.ActiveCfg = Debug|Any CPU
		{A160E367-6E26-4CD4-9F58-F57805955038}.Debug|Any CPU.Build.0 = Debug|Any CPU
		{A160E367-6E26-4CD4-9F58-F57805955038}.Release|Any CPU.ActiveCfg = Release|Any CPU
		{A160E367-6E26-4CD4-9F58-F57805955038}.Release|Any CPU.Build.0 = Release|Any CPU
		{EF7D9D19-0DD8-4A9D-AD1B-1773ED920D71}.Debug|Any CPU.ActiveCfg = Debug|Any CPU
		{EF7D9D19-0DD8-4A9D-AD1B-1773ED920D71}.Debug|Any CPU.Build.0 = Debug|Any CPU
		{EF7D9D19-0DD8-4A9D-AD1B-1773ED920D71}.Release|Any CPU.ActiveCfg = Release|Any CPU
		{EF7D9D19-0DD8-4A9D-AD1B-1773ED920D71}.Release|Any CPU.Build.0 = Release|Any CPU
	EndGlobalSection
	GlobalSection(SolutionProperties) = preSolution
		HideSolutionNode = FALSE
	EndGlobalSection
	GlobalSection(NestedProjects) = preSolution
		{24CD61A0-2659-43C6-BBA0-C9EA2314A699} = {FB2A884E-9222-40B3-851B-856E02489B04}
		{EDD08207-9FA3-4F44-AA03-E00268FC8261} = {FB2A884E-9222-40B3-851B-856E02489B04}
		{6CAAAAB6-AEC0-44D2-957C-221817E9E74A} = {FB2A884E-9222-40B3-851B-856E02489B04}
		{17FF7C5E-15EC-4135-A2B8-79EA40B12111} = {FB2A884E-9222-40B3-851B-856E02489B04}
		{591BF328-1FFA-4EA4-8651-8DB66A12854A} = {FB2A884E-9222-40B3-851B-856E02489B04}
		{DE3BCAE9-ABCA-44E5-B52D-53505F51F0B0} = {FB2A884E-9222-40B3-851B-856E02489B04}
		{338B3175-60A8-4157-844D-8502452AC7D3} = {FB2A884E-9222-40B3-851B-856E02489B04}
		{8EEDA871-021F-4F5B-BC90-B3184514D8AC} = {FB2A884E-9222-40B3-851B-856E02489B04}
		{DA8F029A-7349-48E2-80C9-A5BEB06D0F3A} = {FB2A884E-9222-40B3-851B-856E02489B04}
		{F8545FF4-ED37-408D-9CCC-13C0D8051544} = {FB2A884E-9222-40B3-851B-856E02489B04}
		{C7C07449-6A47-4C28-A2E2-EDCCAEE168C8} = {FB2A884E-9222-40B3-851B-856E02489B04}
		{1121C58E-A755-473D-BC83-8B9A2DB7CA55} = {FB2A884E-9222-40B3-851B-856E02489B04}
		{E8EE3F1D-9424-4342-A583-4FE4D505B779} = {FB2A884E-9222-40B3-851B-856E02489B04}
		{25E0358F-983E-47DA-8F37-46E8D1129FDE} = {FB2A884E-9222-40B3-851B-856E02489B04}
		{21A902A1-5265-4509-B602-645F6440553D} = {09059B20-C9CA-4FCC-A72A-2FF765C5BACD}
		{422422A3-4775-407A-A91D-9F18B53DC8DD} = {09059B20-C9CA-4FCC-A72A-2FF765C5BACD}
		{4B726E9F-C1E5-480D-B0BF-8CB4CB605C35} = {09059B20-C9CA-4FCC-A72A-2FF765C5BACD}
		{262FF6BC-3DF7-44F9-A089-4B2F075A3657} = {09059B20-C9CA-4FCC-A72A-2FF765C5BACD}
		{1B57DC78-A48B-47C7-9857-A790AC0C81A9} = {09059B20-C9CA-4FCC-A72A-2FF765C5BACD}
		{4F01C0C8-61D2-490E-AB07-460C7EEE6743} = {09059B20-C9CA-4FCC-A72A-2FF765C5BACD}
		{BC0FB525-698D-461B-B1BD-22AB28421B0A} = {09059B20-C9CA-4FCC-A72A-2FF765C5BACD}
		{D1070C99-742E-4316-BF78-EC2CDC2F1D29} = {09059B20-C9CA-4FCC-A72A-2FF765C5BACD}
		{A160E367-6E26-4CD4-9F58-F57805955038} = {09059B20-C9CA-4FCC-A72A-2FF765C5BACD}
		{EF7D9D19-0DD8-4A9D-AD1B-1773ED920D71} = {09059B20-C9CA-4FCC-A72A-2FF765C5BACD}
	EndGlobalSection
	GlobalSection(ExtensibilityGlobals) = postSolution
		SolutionGuid = {CBB476D9-15F7-4F27-BC75-A759B2D7C6C2}
	EndGlobalSection
EndGlobal
