
Microsoft Visual Studio Solution File, Format Version 12.00
# Visual Studio Version 16
VisualStudioVersion = 16.0.29424.173
MinimumVisualStudioVersion = 10.0.40219.1
Project("{FAE04EC0-301F-11D3-BF4B-00C04F79EFBC}") = "002_Collections_ArrayList", "002_Collections\002_Collections_ArrayList.csproj", "{7F599A85-5F15-4559-A7CB-F572FFA44960}"
EndProject
Project("{2150E333-8FDC-42A3-9474-1A3956D46DE8}") = "01_ArrayList", "01_ArrayList", "{30D924C8-CDC8-47D9-9DE0-D5110B6586CC}"
EndProject
Project("{FAE04EC0-301F-11D3-BF4B-00C04F79EFBC}") = "001_Collections_ArrayList", "001_Collections\001_Collections_ArrayList.csproj", "{F45F75CD-FB76-42D9-81FB-93E6088684CF}"
EndProject
Project("{FAE04EC0-301F-11D3-BF4B-00C04F79EFBC}") = "003_Collections_ArrayList", "003_Collections\003_Collections_ArrayList.csproj", "{CBBF5FF4-AEBA-47F2-AFBA-4852B303E216}"
EndProject
Project("{2150E333-8FDC-42A3-9474-1A3956D46DE8}") = "02_List", "02_List", "{A070CF09-7CCF-432C-B111-B7F8ABEC90B1}"
EndProject
Project("{FAE04EC0-301F-11D3-BF4B-00C04F79EFBC}") = "004_Collections_List", "004_Collections_\004_Collections_List.csproj", "{6F912F16-BCEF-46AF-90E0-8AD07F1B62D4}"
EndProject
Project("{FAE04EC0-301F-11D3-BF4B-00C04F79EFBC}") = "005_Collections_List", "005_Collections_\005_Collections_List.csproj", "{BD84C066-6453-4B60-87B7-CF12FCAD2740}"
EndProject
Project("{FAE04EC0-301F-11D3-BF4B-00C04F79EFBC}") = "006_Collections_List", "006_Collections_\006_Collections_List.csproj", "{56019412-6262-49D8-B0C9-AD164E8C0755}"
EndProject
Project("{2150E333-8FDC-42A3-9474-1A3956D46DE8}") = "03_Dictionary", "03_Dictionary", "{2827DEDE-92DF-4A84-AE8B-DF53F01FE2DE}"
EndProject
Project("{FAE04EC0-301F-11D3-BF4B-00C04F79EFBC}") = "007_Collections_Dictionary", "007_Collections_\007_Collections_Dictionary.csproj", "{70EDE93C-7A97-406D-91ED-BCC73E2B8E00}"
EndProject
Project("{FAE04EC0-301F-11D3-BF4B-00C04F79EFBC}") = "008_Collections_Dictionary", "008_Collections_\008_Collections_Dictionary.csproj", "{D6EE187C-2A66-4CAF-A9EF-B6B3DF2F16F4}"
EndProject
Project("{2150E333-8FDC-42A3-9474-1A3956D46DE8}") = "04_as_v.s._is", "04_as_v.s._is", "{8FE0AA5D-CD6A-4D81-912D-BDB3993E6ABF}"
EndProject
Project("{2150E333-8FDC-42A3-9474-1A3956D46DE8}") = "05_UserCollection", "05_UserCollection", "{1FD80F38-9013-4F49-A19C-EC86060EA169}"
EndProject
Project("{FAE04EC0-301F-11D3-BF4B-00C04F79EFBC}") = "009_Collections_", "009_Collections_\009_Collections_.csproj", "{839CCA16-54D7-4319-AC9D-F8C8D553EB6F}"
EndProject
Project("{FAE04EC0-301F-11D3-BF4B-00C04F79EFBC}") = "010_Collections_", "010_Collections_\010_Collections_.csproj", "{C641D6F9-03B9-4E18-B936-77C0D5EEF0F1}"
EndProject
Project("{FAE04EC0-301F-11D3-BF4B-00C04F79EFBC}") = "011_Collections_UserCollection", "011_Collections_UserCollection\011_Collections_UserCollection.csproj", "{66F3A4DD-EE49-41F8-9678-C6D2F9A08424}"
EndProject
Project("{2150E333-8FDC-42A3-9474-1A3956D46DE8}") = "06_Operator_Yield", "06_Operator_Yield", "{D5433134-51DF-41E0-B9F0-BA16076A3802}"
EndProject
Project("{FAE04EC0-301F-11D3-BF4B-00C04F79EFBC}") = "012_Collections_yield", "012_Collections_yield\012_Collections_yield.csproj", "{D1D70571-616F-41D5-A61A-7A57784A4BAE}"
EndProject
Project("{FAE04EC0-301F-11D3-BF4B-00C04F79EFBC}") = "013_Collections_yield", "013_Collections_yield\013_Collections_yield.csproj", "{A3834690-EF02-471D-832D-7217DBE05EA0}"
EndProject
Project("{FAE04EC0-301F-11D3-BF4B-00C04F79EFBC}") = "014_Collections_yield", "014_Collections_yield\014_Collections_yield.csproj", "{2352C948-FF4C-405E-BD48-FA9BDC01C1EC}"
EndProject
Project("{FAE04EC0-301F-11D3-BF4B-00C04F79EFBC}") = "015_Collections_yield", "015_Collections_yield\015_Collections_yield.csproj", "{308F5BC1-7745-4159-92C8-47F4A5D25AEA}"
EndProject
Project("{FAE04EC0-301F-11D3-BF4B-00C04F79EFBC}") = "016_Collections_yield", "016_Collections_yield\016_Collections_yield.csproj", "{B9EFCB24-CBFB-4194-8566-5E3E100F8746}"
EndProject
Project("{FAE04EC0-301F-11D3-BF4B-00C04F79EFBC}") = "017_Collections_yield", "017_Collections_yield\017_Collections_yield.csproj", "{DF16D9A8-AC22-4574-99B8-AAF6C15302B6}"
EndProject
Project("{FAE04EC0-301F-11D3-BF4B-00C04F79EFBC}") = "018_Collections_yield", "018_Collections_yield\018_Collections_yield.csproj", "{1221E543-D34D-492B-9EBC-DB814FC10BD5}"
EndProject
Project("{2150E333-8FDC-42A3-9474-1A3956D46DE8}") = "07_Queue", "07_Queue", "{C71132CE-5502-4BC4-AF5B-DBE0499CE598}"
EndProject
Project("{2150E333-8FDC-42A3-9474-1A3956D46DE8}") = "08_Stack", "08_Stack", "{66135EDD-772F-48A0-AB33-A18E26CC1E1A}"
EndProject
Project("{2150E333-8FDC-42A3-9474-1A3956D46DE8}") = "09_Hashtable", "09_Hashtable", "{B6AD741C-9F9C-4BAC-85E9-5295FB3442F3}"
EndProject
Project("{2150E333-8FDC-42A3-9474-1A3956D46DE8}") = "10_SortedList", "10_SortedList", "{329EFCD6-CE2B-4CC8-994B-7B3C8625F624}"
EndProject
Project("{2150E333-8FDC-42A3-9474-1A3956D46DE8}") = "11_ListDictionary", "11_ListDictionary", "{92BB564F-4A6D-483D-88A9-CDF107077A80}"
EndProject
Project("{FAE04EC0-301F-11D3-BF4B-00C04F79EFBC}") = "019_Collections_Queue", "019_Collections\019_Collections_Queue.csproj", "{78FABD1B-0196-432D-A98D-4E4D3AC8D75C}"
EndProject
Project("{FAE04EC0-301F-11D3-BF4B-00C04F79EFBC}") = "020_Collections_Queue", "020_Collections_Queue\020_Collections_Queue.csproj", "{FD20F8BA-1CC9-469A-93D0-DBBBCE000294}"
EndProject
Project("{FAE04EC0-301F-11D3-BF4B-00C04F79EFBC}") = "021_Collections_Stack", "021_Collections\021_Collections_Stack.csproj", "{6B11871C-2B38-446F-852E-0CF0B8E61D16}"
EndProject
Project("{FAE04EC0-301F-11D3-BF4B-00C04F79EFBC}") = "022_Collections_Stack", "022_Collections\022_Collections_Stack.csproj", "{C7901150-0371-4A2F-924E-DE9948E2DA0F}"
EndProject
Project("{FAE04EC0-301F-11D3-BF4B-00C04F79EFBC}") = "023_Collections_Hashtable", "023_Collections_\023_Collections_Hashtable.csproj", "{8431396E-0E4A-4476-9138-0FD4354EB9EC}"
EndProject
Project("{FAE04EC0-301F-11D3-BF4B-00C04F79EFBC}") = "024_Collections_Hashtable", "024_Collections_Hashtable\024_Collections_Hashtable.csproj", "{622F0815-6752-42F4-A84A-611CEA76AFD4}"
EndProject
Project("{FAE04EC0-301F-11D3-BF4B-00C04F79EFBC}") = "025_Collections_Hashtable", "025_Collections_Hashtable\025_Collections_Hashtable.csproj", "{235A74BF-DC5C-48CB-8FCD-6E9D6AB73F69}"
EndProject
Project("{FAE04EC0-301F-11D3-BF4B-00C04F79EFBC}") = "026_Collections_Hashtable", "026_Collections_Hashtable\026_Collections_Hashtable.csproj", "{ADF92050-1285-4A2E-925D-C0E20EDA5E79}"
EndProject
Project("{FAE04EC0-301F-11D3-BF4B-00C04F79EFBC}") = "027_Collections_SortedList", "027_Collections_SortedList\027_Collections_SortedList.csproj", "{49E9044A-0770-49FC-B8E1-907E043BD4BE}"
EndProject
Project("{FAE04EC0-301F-11D3-BF4B-00C04F79EFBC}") = "028_Collections_ListDictionary", "028_Collections_ListDictionary\028_Collections_ListDictionary.csproj", "{3CA0442F-CE22-4F72-94C0-5F8943207EC7}"
EndProject
Project("{2150E333-8FDC-42A3-9474-1A3956D46DE8}") = "12_HybridDictionary", "12_HybridDictionary", "{615CC21B-64B2-4BE4-88F5-08039C70C89E}"
EndProject
Project("{2150E333-8FDC-42A3-9474-1A3956D46DE8}") = "13_OrderedDictionary", "13_OrderedDictionary", "{C7243633-347B-42D6-8C99-11B427A22330}"
EndProject
Project("{2150E333-8FDC-42A3-9474-1A3956D46DE8}") = "14_Generic_Collections", "14_Generic_Collections", "{0243E63E-2345-46D6-949C-31AD875D3F61}"
EndProject
Project("{FAE04EC0-301F-11D3-BF4B-00C04F79EFBC}") = "029_Collections_HybridDictionary", "029_Collections_HybridDictionary\029_Collections_HybridDictionary.csproj", "{79517AF2-4E70-4BC6-8237-66E290E2B095}"
EndProject
Project("{FAE04EC0-301F-11D3-BF4B-00C04F79EFBC}") = "030_Collections_OrderedDictionary", "030_Collections_OrderedDictionary\030_Collections_OrderedDictionary.csproj", "{F9B2D0E5-3D4A-4F13-A9FB-B845627C975C}"
EndProject
Project("{FAE04EC0-301F-11D3-BF4B-00C04F79EFBC}") = "031_Collections_Queue_Generic", "031_Collections_Queue_Generic\031_Collections_Queue_Generic.csproj", "{6143B89B-57A6-4736-B6E1-01B186ABF3DD}"
EndProject
Project("{FAE04EC0-301F-11D3-BF4B-00C04F79EFBC}") = "032_Collections_Stack_Generic", "032_Collections_Stack_Generic\032_Collections_Stack_Generic.csproj", "{24E02896-91A8-40D2-AF2C-EB8A9D91BDC9}"
EndProject
Project("{FAE04EC0-301F-11D3-BF4B-00C04F79EFBC}") = "033_Collections_SortedList_Generic", "033_Collections_SortedList_Generic\033_Collections_SortedList_Generic.csproj", "{5C2E4D8E-7037-476A-A479-CF5ABFB7C86F}"
EndProject
Project("{FAE04EC0-301F-11D3-BF4B-00C04F79EFBC}") = "034_Collections__Generic", "034_Collections__Generic\034_Collections__Generic.csproj", "{CEA4AA5B-01E5-4338-92E7-668BE6FB3D5D}"
EndProject
Project("{2150E333-8FDC-42A3-9474-1A3956D46DE8}") = "15_Covariance_and_Contravariance", "15_Covariance_and_Contravariance", "{66430C13-4006-4B78-A4ED-74E7CB24B1AB}"
EndProject
Project("{FAE04EC0-301F-11D3-BF4B-00C04F79EFBC}") = "35_Covariance", "35_Covariance_and_Contravariance\35_Covariance.csproj", "{050D9783-95F7-4BE3-BC05-00AB386271B4}"
EndProject
Project("{FAE04EC0-301F-11D3-BF4B-00C04F79EFBC}") = "36_Covariance", "36_Covariance\36_Covariance.csproj", "{4397EEAD-ED8C-472A-BCB9-5A06871875F2}"
EndProject
Global
	GlobalSection(SolutionConfigurationPlatforms) = preSolution
		Debug|Any CPU = Debug|Any CPU
		Release|Any CPU = Release|Any CPU
	EndGlobalSection
	GlobalSection(ProjectConfigurationPlatforms) = postSolution
		{7F599A85-5F15-4559-A7CB-F572FFA44960}.Debug|Any CPU.ActiveCfg = Debug|Any CPU
		{7F599A85-5F15-4559-A7CB-F572FFA44960}.Debug|Any CPU.Build.0 = Debug|Any CPU
		{7F599A85-5F15-4559-A7CB-F572FFA44960}.Release|Any CPU.ActiveCfg = Release|Any CPU
		{7F599A85-5F15-4559-A7CB-F572FFA44960}.Release|Any CPU.Build.0 = Release|Any CPU
		{F45F75CD-FB76-42D9-81FB-93E6088684CF}.Debug|Any CPU.ActiveCfg = Debug|Any CPU
		{F45F75CD-FB76-42D9-81FB-93E6088684CF}.Debug|Any CPU.Build.0 = Debug|Any CPU
		{F45F75CD-FB76-42D9-81FB-93E6088684CF}.Release|Any CPU.ActiveCfg = Release|Any CPU
		{F45F75CD-FB76-42D9-81FB-93E6088684CF}.Release|Any CPU.Build.0 = Release|Any CPU
		{CBBF5FF4-AEBA-47F2-AFBA-4852B303E216}.Debug|Any CPU.ActiveCfg = Debug|Any CPU
		{CBBF5FF4-AEBA-47F2-AFBA-4852B303E216}.Debug|Any CPU.Build.0 = Debug|Any CPU
		{CBBF5FF4-AEBA-47F2-AFBA-4852B303E216}.Release|Any CPU.ActiveCfg = Release|Any CPU
		{CBBF5FF4-AEBA-47F2-AFBA-4852B303E216}.Release|Any CPU.Build.0 = Release|Any CPU
		{6F912F16-BCEF-46AF-90E0-8AD07F1B62D4}.Debug|Any CPU.ActiveCfg = Debug|Any CPU
		{6F912F16-BCEF-46AF-90E0-8AD07F1B62D4}.Debug|Any CPU.Build.0 = Debug|Any CPU
		{6F912F16-BCEF-46AF-90E0-8AD07F1B62D4}.Release|Any CPU.ActiveCfg = Release|Any CPU
		{6F912F16-BCEF-46AF-90E0-8AD07F1B62D4}.Release|Any CPU.Build.0 = Release|Any CPU
		{BD84C066-6453-4B60-87B7-CF12FCAD2740}.Debug|Any CPU.ActiveCfg = Debug|Any CPU
		{BD84C066-6453-4B60-87B7-CF12FCAD2740}.Debug|Any CPU.Build.0 = Debug|Any CPU
		{BD84C066-6453-4B60-87B7-CF12FCAD2740}.Release|Any CPU.ActiveCfg = Release|Any CPU
		{BD84C066-6453-4B60-87B7-CF12FCAD2740}.Release|Any CPU.Build.0 = Release|Any CPU
		{56019412-6262-49D8-B0C9-AD164E8C0755}.Debug|Any CPU.ActiveCfg = Debug|Any CPU
		{56019412-6262-49D8-B0C9-AD164E8C0755}.Debug|Any CPU.Build.0 = Debug|Any CPU
		{56019412-6262-49D8-B0C9-AD164E8C0755}.Release|Any CPU.ActiveCfg = Release|Any CPU
		{56019412-6262-49D8-B0C9-AD164E8C0755}.Release|Any CPU.Build.0 = Release|Any CPU
		{70EDE93C-7A97-406D-91ED-BCC73E2B8E00}.Debug|Any CPU.ActiveCfg = Debug|Any CPU
		{70EDE93C-7A97-406D-91ED-BCC73E2B8E00}.Debug|Any CPU.Build.0 = Debug|Any CPU
		{70EDE93C-7A97-406D-91ED-BCC73E2B8E00}.Release|Any CPU.ActiveCfg = Release|Any CPU
		{70EDE93C-7A97-406D-91ED-BCC73E2B8E00}.Release|Any CPU.Build.0 = Release|Any CPU
		{D6EE187C-2A66-4CAF-A9EF-B6B3DF2F16F4}.Debug|Any CPU.ActiveCfg = Debug|Any CPU
		{D6EE187C-2A66-4CAF-A9EF-B6B3DF2F16F4}.Debug|Any CPU.Build.0 = Debug|Any CPU
		{D6EE187C-2A66-4CAF-A9EF-B6B3DF2F16F4}.Release|Any CPU.ActiveCfg = Release|Any CPU
		{D6EE187C-2A66-4CAF-A9EF-B6B3DF2F16F4}.Release|Any CPU.Build.0 = Release|Any CPU
		{839CCA16-54D7-4319-AC9D-F8C8D553EB6F}.Debug|Any CPU.ActiveCfg = Debug|Any CPU
		{839CCA16-54D7-4319-AC9D-F8C8D553EB6F}.Debug|Any CPU.Build.0 = Debug|Any CPU
		{839CCA16-54D7-4319-AC9D-F8C8D553EB6F}.Release|Any CPU.ActiveCfg = Release|Any CPU
		{839CCA16-54D7-4319-AC9D-F8C8D553EB6F}.Release|Any CPU.Build.0 = Release|Any CPU
		{C641D6F9-03B9-4E18-B936-77C0D5EEF0F1}.Debug|Any CPU.ActiveCfg = Debug|Any CPU
		{C641D6F9-03B9-4E18-B936-77C0D5EEF0F1}.Debug|Any CPU.Build.0 = Debug|Any CPU
		{C641D6F9-03B9-4E18-B936-77C0D5EEF0F1}.Release|Any CPU.ActiveCfg = Release|Any CPU
		{C641D6F9-03B9-4E18-B936-77C0D5EEF0F1}.Release|Any CPU.Build.0 = Release|Any CPU
		{66F3A4DD-EE49-41F8-9678-C6D2F9A08424}.Debug|Any CPU.ActiveCfg = Debug|Any CPU
		{66F3A4DD-EE49-41F8-9678-C6D2F9A08424}.Debug|Any CPU.Build.0 = Debug|Any CPU
		{66F3A4DD-EE49-41F8-9678-C6D2F9A08424}.Release|Any CPU.ActiveCfg = Release|Any CPU
		{66F3A4DD-EE49-41F8-9678-C6D2F9A08424}.Release|Any CPU.Build.0 = Release|Any CPU
		{D1D70571-616F-41D5-A61A-7A57784A4BAE}.Debug|Any CPU.ActiveCfg = Debug|Any CPU
		{D1D70571-616F-41D5-A61A-7A57784A4BAE}.Debug|Any CPU.Build.0 = Debug|Any CPU
		{D1D70571-616F-41D5-A61A-7A57784A4BAE}.Release|Any CPU.ActiveCfg = Release|Any CPU
		{D1D70571-616F-41D5-A61A-7A57784A4BAE}.Release|Any CPU.Build.0 = Release|Any CPU
		{A3834690-EF02-471D-832D-7217DBE05EA0}.Debug|Any CPU.ActiveCfg = Debug|Any CPU
		{A3834690-EF02-471D-832D-7217DBE05EA0}.Debug|Any CPU.Build.0 = Debug|Any CPU
		{A3834690-EF02-471D-832D-7217DBE05EA0}.Release|Any CPU.ActiveCfg = Release|Any CPU
		{A3834690-EF02-471D-832D-7217DBE05EA0}.Release|Any CPU.Build.0 = Release|Any CPU
		{2352C948-FF4C-405E-BD48-FA9BDC01C1EC}.Debug|Any CPU.ActiveCfg = Debug|Any CPU
		{2352C948-FF4C-405E-BD48-FA9BDC01C1EC}.Debug|Any CPU.Build.0 = Debug|Any CPU
		{2352C948-FF4C-405E-BD48-FA9BDC01C1EC}.Release|Any CPU.ActiveCfg = Release|Any CPU
		{2352C948-FF4C-405E-BD48-FA9BDC01C1EC}.Release|Any CPU.Build.0 = Release|Any CPU
		{308F5BC1-7745-4159-92C8-47F4A5D25AEA}.Debug|Any CPU.ActiveCfg = Debug|Any CPU
		{308F5BC1-7745-4159-92C8-47F4A5D25AEA}.Debug|Any CPU.Build.0 = Debug|Any CPU
		{308F5BC1-7745-4159-92C8-47F4A5D25AEA}.Release|Any CPU.ActiveCfg = Release|Any CPU
		{308F5BC1-7745-4159-92C8-47F4A5D25AEA}.Release|Any CPU.Build.0 = Release|Any CPU
		{B9EFCB24-CBFB-4194-8566-5E3E100F8746}.Debug|Any CPU.ActiveCfg = Debug|Any CPU
		{B9EFCB24-CBFB-4194-8566-5E3E100F8746}.Debug|Any CPU.Build.0 = Debug|Any CPU
		{B9EFCB24-CBFB-4194-8566-5E3E100F8746}.Release|Any CPU.ActiveCfg = Release|Any CPU
		{B9EFCB24-CBFB-4194-8566-5E3E100F8746}.Release|Any CPU.Build.0 = Release|Any CPU
		{DF16D9A8-AC22-4574-99B8-AAF6C15302B6}.Debug|Any CPU.ActiveCfg = Debug|Any CPU
		{DF16D9A8-AC22-4574-99B8-AAF6C15302B6}.Debug|Any CPU.Build.0 = Debug|Any CPU
		{DF16D9A8-AC22-4574-99B8-AAF6C15302B6}.Release|Any CPU.ActiveCfg = Release|Any CPU
		{DF16D9A8-AC22-4574-99B8-AAF6C15302B6}.Release|Any CPU.Build.0 = Release|Any CPU
		{1221E543-D34D-492B-9EBC-DB814FC10BD5}.Debug|Any CPU.ActiveCfg = Debug|Any CPU
		{1221E543-D34D-492B-9EBC-DB814FC10BD5}.Debug|Any CPU.Build.0 = Debug|Any CPU
		{1221E543-D34D-492B-9EBC-DB814FC10BD5}.Release|Any CPU.ActiveCfg = Release|Any CPU
		{1221E543-D34D-492B-9EBC-DB814FC10BD5}.Release|Any CPU.Build.0 = Release|Any CPU
		{78FABD1B-0196-432D-A98D-4E4D3AC8D75C}.Debug|Any CPU.ActiveCfg = Debug|Any CPU
		{78FABD1B-0196-432D-A98D-4E4D3AC8D75C}.Debug|Any CPU.Build.0 = Debug|Any CPU
		{78FABD1B-0196-432D-A98D-4E4D3AC8D75C}.Release|Any CPU.ActiveCfg = Release|Any CPU
		{78FABD1B-0196-432D-A98D-4E4D3AC8D75C}.Release|Any CPU.Build.0 = Release|Any CPU
		{FD20F8BA-1CC9-469A-93D0-DBBBCE000294}.Debug|Any CPU.ActiveCfg = Debug|Any CPU
		{FD20F8BA-1CC9-469A-93D0-DBBBCE000294}.Debug|Any CPU.Build.0 = Debug|Any CPU
		{FD20F8BA-1CC9-469A-93D0-DBBBCE000294}.Release|Any CPU.ActiveCfg = Release|Any CPU
		{FD20F8BA-1CC9-469A-93D0-DBBBCE000294}.Release|Any CPU.Build.0 = Release|Any CPU
		{6B11871C-2B38-446F-852E-0CF0B8E61D16}.Debug|Any CPU.ActiveCfg = Debug|Any CPU
		{6B11871C-2B38-446F-852E-0CF0B8E61D16}.Debug|Any CPU.Build.0 = Debug|Any CPU
		{6B11871C-2B38-446F-852E-0CF0B8E61D16}.Release|Any CPU.ActiveCfg = Release|Any CPU
		{6B11871C-2B38-446F-852E-0CF0B8E61D16}.Release|Any CPU.Build.0 = Release|Any CPU
		{C7901150-0371-4A2F-924E-DE9948E2DA0F}.Debug|Any CPU.ActiveCfg = Debug|Any CPU
		{C7901150-0371-4A2F-924E-DE9948E2DA0F}.Debug|Any CPU.Build.0 = Debug|Any CPU
		{C7901150-0371-4A2F-924E-DE9948E2DA0F}.Release|Any CPU.ActiveCfg = Release|Any CPU
		{C7901150-0371-4A2F-924E-DE9948E2DA0F}.Release|Any CPU.Build.0 = Release|Any CPU
		{8431396E-0E4A-4476-9138-0FD4354EB9EC}.Debug|Any CPU.ActiveCfg = Debug|Any CPU
		{8431396E-0E4A-4476-9138-0FD4354EB9EC}.Debug|Any CPU.Build.0 = Debug|Any CPU
		{8431396E-0E4A-4476-9138-0FD4354EB9EC}.Release|Any CPU.ActiveCfg = Release|Any CPU
		{8431396E-0E4A-4476-9138-0FD4354EB9EC}.Release|Any CPU.Build.0 = Release|Any CPU
		{622F0815-6752-42F4-A84A-611CEA76AFD4}.Debug|Any CPU.ActiveCfg = Debug|Any CPU
		{622F0815-6752-42F4-A84A-611CEA76AFD4}.Debug|Any CPU.Build.0 = Debug|Any CPU
		{622F0815-6752-42F4-A84A-611CEA76AFD4}.Release|Any CPU.ActiveCfg = Release|Any CPU
		{622F0815-6752-42F4-A84A-611CEA76AFD4}.Release|Any CPU.Build.0 = Release|Any CPU
		{235A74BF-DC5C-48CB-8FCD-6E9D6AB73F69}.Debug|Any CPU.ActiveCfg = Debug|Any CPU
		{235A74BF-DC5C-48CB-8FCD-6E9D6AB73F69}.Debug|Any CPU.Build.0 = Debug|Any CPU
		{235A74BF-DC5C-48CB-8FCD-6E9D6AB73F69}.Release|Any CPU.ActiveCfg = Release|Any CPU
		{235A74BF-DC5C-48CB-8FCD-6E9D6AB73F69}.Release|Any CPU.Build.0 = Release|Any CPU
		{ADF92050-1285-4A2E-925D-C0E20EDA5E79}.Debug|Any CPU.ActiveCfg = Debug|Any CPU
		{ADF92050-1285-4A2E-925D-C0E20EDA5E79}.Debug|Any CPU.Build.0 = Debug|Any CPU
		{ADF92050-1285-4A2E-925D-C0E20EDA5E79}.Release|Any CPU.ActiveCfg = Release|Any CPU
		{ADF92050-1285-4A2E-925D-C0E20EDA5E79}.Release|Any CPU.Build.0 = Release|Any CPU
		{49E9044A-0770-49FC-B8E1-907E043BD4BE}.Debug|Any CPU.ActiveCfg = Debug|Any CPU
		{49E9044A-0770-49FC-B8E1-907E043BD4BE}.Debug|Any CPU.Build.0 = Debug|Any CPU
		{49E9044A-0770-49FC-B8E1-907E043BD4BE}.Release|Any CPU.ActiveCfg = Release|Any CPU
		{49E9044A-0770-49FC-B8E1-907E043BD4BE}.Release|Any CPU.Build.0 = Release|Any CPU
		{3CA0442F-CE22-4F72-94C0-5F8943207EC7}.Debug|Any CPU.ActiveCfg = Debug|Any CPU
		{3CA0442F-CE22-4F72-94C0-5F8943207EC7}.Debug|Any CPU.Build.0 = Debug|Any CPU
		{3CA0442F-CE22-4F72-94C0-5F8943207EC7}.Release|Any CPU.ActiveCfg = Release|Any CPU
		{3CA0442F-CE22-4F72-94C0-5F8943207EC7}.Release|Any CPU.Build.0 = Release|Any CPU
		{79517AF2-4E70-4BC6-8237-66E290E2B095}.Debug|Any CPU.ActiveCfg = Debug|Any CPU
		{79517AF2-4E70-4BC6-8237-66E290E2B095}.Debug|Any CPU.Build.0 = Debug|Any CPU
		{79517AF2-4E70-4BC6-8237-66E290E2B095}.Release|Any CPU.ActiveCfg = Release|Any CPU
		{79517AF2-4E70-4BC6-8237-66E290E2B095}.Release|Any CPU.Build.0 = Release|Any CPU
		{F9B2D0E5-3D4A-4F13-A9FB-B845627C975C}.Debug|Any CPU.ActiveCfg = Debug|Any CPU
		{F9B2D0E5-3D4A-4F13-A9FB-B845627C975C}.Debug|Any CPU.Build.0 = Debug|Any CPU
		{F9B2D0E5-3D4A-4F13-A9FB-B845627C975C}.Release|Any CPU.ActiveCfg = Release|Any CPU
		{F9B2D0E5-3D4A-4F13-A9FB-B845627C975C}.Release|Any CPU.Build.0 = Release|Any CPU
		{6143B89B-57A6-4736-B6E1-01B186ABF3DD}.Debug|Any CPU.ActiveCfg = Debug|Any CPU
		{6143B89B-57A6-4736-B6E1-01B186ABF3DD}.Debug|Any CPU.Build.0 = Debug|Any CPU
		{6143B89B-57A6-4736-B6E1-01B186ABF3DD}.Release|Any CPU.ActiveCfg = Release|Any CPU
		{6143B89B-57A6-4736-B6E1-01B186ABF3DD}.Release|Any CPU.Build.0 = Release|Any CPU
		{24E02896-91A8-40D2-AF2C-EB8A9D91BDC9}.Debug|Any CPU.ActiveCfg = Debug|Any CPU
		{24E02896-91A8-40D2-AF2C-EB8A9D91BDC9}.Debug|Any CPU.Build.0 = Debug|Any CPU
		{24E02896-91A8-40D2-AF2C-EB8A9D91BDC9}.Release|Any CPU.ActiveCfg = Release|Any CPU
		{24E02896-91A8-40D2-AF2C-EB8A9D91BDC9}.Release|Any CPU.Build.0 = Release|Any CPU
		{5C2E4D8E-7037-476A-A479-CF5ABFB7C86F}.Debug|Any CPU.ActiveCfg = Debug|Any CPU
		{5C2E4D8E-7037-476A-A479-CF5ABFB7C86F}.Debug|Any CPU.Build.0 = Debug|Any CPU
		{5C2E4D8E-7037-476A-A479-CF5ABFB7C86F}.Release|Any CPU.ActiveCfg = Release|Any CPU
		{5C2E4D8E-7037-476A-A479-CF5ABFB7C86F}.Release|Any CPU.Build.0 = Release|Any CPU
		{CEA4AA5B-01E5-4338-92E7-668BE6FB3D5D}.Debug|Any CPU.ActiveCfg = Debug|Any CPU
		{CEA4AA5B-01E5-4338-92E7-668BE6FB3D5D}.Debug|Any CPU.Build.0 = Debug|Any CPU
		{CEA4AA5B-01E5-4338-92E7-668BE6FB3D5D}.Release|Any CPU.ActiveCfg = Release|Any CPU
		{CEA4AA5B-01E5-4338-92E7-668BE6FB3D5D}.Release|Any CPU.Build.0 = Release|Any CPU
		{050D9783-95F7-4BE3-BC05-00AB386271B4}.Debug|Any CPU.ActiveCfg = Debug|Any CPU
		{050D9783-95F7-4BE3-BC05-00AB386271B4}.Debug|Any CPU.Build.0 = Debug|Any CPU
		{050D9783-95F7-4BE3-BC05-00AB386271B4}.Release|Any CPU.ActiveCfg = Release|Any CPU
		{050D9783-95F7-4BE3-BC05-00AB386271B4}.Release|Any CPU.Build.0 = Release|Any CPU
		{4397EEAD-ED8C-472A-BCB9-5A06871875F2}.Debug|Any CPU.ActiveCfg = Debug|Any CPU
		{4397EEAD-ED8C-472A-BCB9-5A06871875F2}.Debug|Any CPU.Build.0 = Debug|Any CPU
		{4397EEAD-ED8C-472A-BCB9-5A06871875F2}.Release|Any CPU.ActiveCfg = Release|Any CPU
		{4397EEAD-ED8C-472A-BCB9-5A06871875F2}.Release|Any CPU.Build.0 = Release|Any CPU
	EndGlobalSection
	GlobalSection(SolutionProperties) = preSolution
		HideSolutionNode = FALSE
	EndGlobalSection
	GlobalSection(NestedProjects) = preSolution
		{7F599A85-5F15-4559-A7CB-F572FFA44960} = {30D924C8-CDC8-47D9-9DE0-D5110B6586CC}
		{F45F75CD-FB76-42D9-81FB-93E6088684CF} = {30D924C8-CDC8-47D9-9DE0-D5110B6586CC}
		{CBBF5FF4-AEBA-47F2-AFBA-4852B303E216} = {30D924C8-CDC8-47D9-9DE0-D5110B6586CC}
		{6F912F16-BCEF-46AF-90E0-8AD07F1B62D4} = {A070CF09-7CCF-432C-B111-B7F8ABEC90B1}
		{BD84C066-6453-4B60-87B7-CF12FCAD2740} = {A070CF09-7CCF-432C-B111-B7F8ABEC90B1}
		{56019412-6262-49D8-B0C9-AD164E8C0755} = {A070CF09-7CCF-432C-B111-B7F8ABEC90B1}
		{70EDE93C-7A97-406D-91ED-BCC73E2B8E00} = {2827DEDE-92DF-4A84-AE8B-DF53F01FE2DE}
		{D6EE187C-2A66-4CAF-A9EF-B6B3DF2F16F4} = {2827DEDE-92DF-4A84-AE8B-DF53F01FE2DE}
		{839CCA16-54D7-4319-AC9D-F8C8D553EB6F} = {8FE0AA5D-CD6A-4D81-912D-BDB3993E6ABF}
		{C641D6F9-03B9-4E18-B936-77C0D5EEF0F1} = {8FE0AA5D-CD6A-4D81-912D-BDB3993E6ABF}
		{66F3A4DD-EE49-41F8-9678-C6D2F9A08424} = {1FD80F38-9013-4F49-A19C-EC86060EA169}
		{D1D70571-616F-41D5-A61A-7A57784A4BAE} = {D5433134-51DF-41E0-B9F0-BA16076A3802}
		{A3834690-EF02-471D-832D-7217DBE05EA0} = {D5433134-51DF-41E0-B9F0-BA16076A3802}
		{2352C948-FF4C-405E-BD48-FA9BDC01C1EC} = {D5433134-51DF-41E0-B9F0-BA16076A3802}
		{308F5BC1-7745-4159-92C8-47F4A5D25AEA} = {D5433134-51DF-41E0-B9F0-BA16076A3802}
		{B9EFCB24-CBFB-4194-8566-5E3E100F8746} = {D5433134-51DF-41E0-B9F0-BA16076A3802}
		{DF16D9A8-AC22-4574-99B8-AAF6C15302B6} = {D5433134-51DF-41E0-B9F0-BA16076A3802}
		{1221E543-D34D-492B-9EBC-DB814FC10BD5} = {D5433134-51DF-41E0-B9F0-BA16076A3802}
		{78FABD1B-0196-432D-A98D-4E4D3AC8D75C} = {C71132CE-5502-4BC4-AF5B-DBE0499CE598}
		{FD20F8BA-1CC9-469A-93D0-DBBBCE000294} = {C71132CE-5502-4BC4-AF5B-DBE0499CE598}
		{6B11871C-2B38-446F-852E-0CF0B8E61D16} = {66135EDD-772F-48A0-AB33-A18E26CC1E1A}
		{C7901150-0371-4A2F-924E-DE9948E2DA0F} = {66135EDD-772F-48A0-AB33-A18E26CC1E1A}
		{8431396E-0E4A-4476-9138-0FD4354EB9EC} = {B6AD741C-9F9C-4BAC-85E9-5295FB3442F3}
		{622F0815-6752-42F4-A84A-611CEA76AFD4} = {B6AD741C-9F9C-4BAC-85E9-5295FB3442F3}
		{235A74BF-DC5C-48CB-8FCD-6E9D6AB73F69} = {B6AD741C-9F9C-4BAC-85E9-5295FB3442F3}
		{ADF92050-1285-4A2E-925D-C0E20EDA5E79} = {B6AD741C-9F9C-4BAC-85E9-5295FB3442F3}
		{49E9044A-0770-49FC-B8E1-907E043BD4BE} = {329EFCD6-CE2B-4CC8-994B-7B3C8625F624}
		{3CA0442F-CE22-4F72-94C0-5F8943207EC7} = {92BB564F-4A6D-483D-88A9-CDF107077A80}
		{79517AF2-4E70-4BC6-8237-66E290E2B095} = {615CC21B-64B2-4BE4-88F5-08039C70C89E}
		{F9B2D0E5-3D4A-4F13-A9FB-B845627C975C} = {C7243633-347B-42D6-8C99-11B427A22330}
		{6143B89B-57A6-4736-B6E1-01B186ABF3DD} = {0243E63E-2345-46D6-949C-31AD875D3F61}
		{24E02896-91A8-40D2-AF2C-EB8A9D91BDC9} = {0243E63E-2345-46D6-949C-31AD875D3F61}
		{5C2E4D8E-7037-476A-A479-CF5ABFB7C86F} = {0243E63E-2345-46D6-949C-31AD875D3F61}
		{CEA4AA5B-01E5-4338-92E7-668BE6FB3D5D} = {0243E63E-2345-46D6-949C-31AD875D3F61}
		{050D9783-95F7-4BE3-BC05-00AB386271B4} = {66430C13-4006-4B78-A4ED-74E7CB24B1AB}
		{4397EEAD-ED8C-472A-BCB9-5A06871875F2} = {66430C13-4006-4B78-A4ED-74E7CB24B1AB}
	EndGlobalSection
	GlobalSection(ExtensibilityGlobals) = postSolution
		SolutionGuid = {50751969-BD1F-4892-8271-A9AD3C24E6DB}
	EndGlobalSection
EndGlobal
