
Microsoft Visual Studio Solution File, Format Version 12.00
# Visual Studio Version 16
VisualStudioVersion = 16.0.29424.173
MinimumVisualStudioVersion = 10.0.40219.1
Project("{FAE04EC0-301F-11D3-BF4B-00C04F79EFBC}") = "009_XML", "009_XML\009_XML.csproj", "{3A10B8C3-50BB-49D3-8497-7AC975558607}"
EndProject
Project("{FAE04EC0-301F-11D3-BF4B-00C04F79EFBC}") = "001_XML", "001_XML\001_XML.csproj", "{5463FAD5-1F81-4FB2-AC14-53643D2EC636}"
EndProject
Project("{FAE04EC0-301F-11D3-BF4B-00C04F79EFBC}") = "002_XML", "002_XML\002_XML.csproj", "{0BABA216-8925-411A-AD0B-8D970C473560}"
EndProject
Project("{FAE04EC0-301F-11D3-BF4B-00C04F79EFBC}") = "003_XML", "003_XML\003_XML.csproj", "{57D4656F-C203-4820-9A4C-279A62A7AF09}"
EndProject
Project("{FAE04EC0-301F-11D3-BF4B-00C04F79EFBC}") = "004_XML", "004_XML_\004_XML.csproj", "{5650C66B-E3C1-4C00-AF85-D76B3E4B7710}"
EndProject
Project("{FAE04EC0-301F-11D3-BF4B-00C04F79EFBC}") = "005_XML", "005_XML\005_XML.csproj", "{42DE230A-D5A5-4A42-9BC3-98DB208E2259}"
EndProject
Project("{FAE04EC0-301F-11D3-BF4B-00C04F79EFBC}") = "006_XML", "006_XML\006_XML.csproj", "{D439E638-52B2-4CF5-9E28-7734CE9B2377}"
EndProject
Project("{FAE04EC0-301F-11D3-BF4B-00C04F79EFBC}") = "007_XML", "007_XML\007_XML.csproj", "{7768CAF7-6387-44F4-861A-787ACAF1E643}"
EndProject
Project("{FAE04EC0-301F-11D3-BF4B-00C04F79EFBC}") = "008_XML", "008_XML\008_XML.csproj", "{0C08367D-92EE-45EB-A670-786A2D6575CB}"
EndProject
Project("{FAE04EC0-301F-11D3-BF4B-00C04F79EFBC}") = "010_XML", "010_XML\010_XML.csproj", "{503D1792-3C9D-438B-B89B-8CA36B36310A}"
EndProject
Project("{FAE04EC0-301F-11D3-BF4B-00C04F79EFBC}") = "011_XML", "011_XML\011_XML.csproj", "{73FCBFE0-DABD-4897-9FC7-9A32427CD3C4}"
EndProject
Project("{FAE04EC0-301F-11D3-BF4B-00C04F79EFBC}") = "012_XML", "012_XML\012_XML.csproj", "{5DEBB8F5-2BF2-4A83-8351-036AC152B19F}"
EndProject
Project("{FAE04EC0-301F-11D3-BF4B-00C04F79EFBC}") = "013_XML", "013_XML\013_XML.csproj", "{2FB3B8B8-8D89-44BF-9F6F-B94C0A1EBFBE}"
EndProject
Project("{FAE04EC0-301F-11D3-BF4B-00C04F79EFBC}") = "014_XML", "014_XML\014_XML.csproj", "{FBD7B144-774F-4F81-8675-28CBB4759FD3}"
EndProject
Project("{FAE04EC0-301F-11D3-BF4B-00C04F79EFBC}") = "015_XML", "015_XML\015_XML.csproj", "{93AFEEC7-797D-40B1-8C9E-CCED35920183}"
EndProject
Project("{FAE04EC0-301F-11D3-BF4B-00C04F79EFBC}") = "016_XML", "016_XML\016_XML.csproj", "{BD58FD96-6446-4C62-BAF5-5D6E1E22134D}"
EndProject
Project("{FAE04EC0-301F-11D3-BF4B-00C04F79EFBC}") = "017_Configuration", "017_XML\017_Configuration.csproj", "{62E9C4DE-0E73-4316-A436-A6453BE1B3D0}"
EndProject
Project("{FAE04EC0-301F-11D3-BF4B-00C04F79EFBC}") = "018_Configuration", "018_XML\018_Configuration.csproj", "{C2045F0F-6B07-4263-A1A1-A475BD644826}"
EndProject
Project("{FAE04EC0-301F-11D3-BF4B-00C04F79EFBC}") = "019_Configuration", "019_Configuration\019_Configuration.csproj", "{ED7CE29D-E15A-4765-BDE1-84A3D3750A89}"
EndProject
Project("{FAE04EC0-301F-11D3-BF4B-00C04F79EFBC}") = "020_Registry", "020_Registry\020_Registry.csproj", "{4EC77A56-79BA-4CD7-A35D-D5A6AB785541}"
EndProject
Project("{FAE04EC0-301F-11D3-BF4B-00C04F79EFBC}") = "021_Registry", "021_Registry\021_Registry.csproj", "{2DE7D5C0-543B-44BD-8845-81243D20232B}"
EndProject
Project("{FAE04EC0-301F-11D3-BF4B-00C04F79EFBC}") = "022_Registry", "022_Registry\022_Registry.csproj", "{EA7086A3-ED2C-4C14-B4D3-EFD6CDF1411F}"
EndProject
Project("{FAE04EC0-301F-11D3-BF4B-00C04F79EFBC}") = "023_Registry", "023_Registry\023_Registry.csproj", "{2F0B0375-EDD3-4830-98AD-33784610C4C4}"
EndProject
Project("{FAE04EC0-301F-11D3-BF4B-00C04F79EFBC}") = "024_Registry", "024_Registry\024_Registry.csproj", "{176E90E4-667E-4F10-87E1-D02305A6451F}"
EndProject
Project("{FAE04EC0-301F-11D3-BF4B-00C04F79EFBC}") = "025_Registry", "025_Registry\025_Registry.csproj", "{B6A825F2-58E3-4766-8892-AA876FA9ECEA}"
EndProject
Project("{FAE04EC0-301F-11D3-BF4B-00C04F79EFBC}") = "026_Registry", "026_Registry_\026_Registry.csproj", "{A34BB0FA-587C-4A1D-84FF-B4B558310ED2}"
EndProject
Project("{FAE04EC0-301F-11D3-BF4B-00C04F79EFBC}") = "027_Registry", "027_Registry\027_Registry.csproj", "{F8A4C449-94C8-4EE9-9811-9425819F9DD3}"
EndProject
Project("{FAE04EC0-301F-11D3-BF4B-00C04F79EFBC}") = "028_StringBuilder", "028_StringBuilder\028_StringBuilder.csproj", "{A610DA1B-A766-48B3-939D-7EF41CF548EE}"
EndProject
Project("{FAE04EC0-301F-11D3-BF4B-00C04F79EFBC}") = "029_StringBuilder", "029_StringBuilder\029_StringBuilder.csproj", "{6E1367B5-065D-4E35-B9AD-E5F36E94DEAB}"
EndProject
Project("{FAE04EC0-301F-11D3-BF4B-00C04F79EFBC}") = "030_StringBuilder", "030_StringBuilder\030_StringBuilder.csproj", "{F92B20B5-0F1A-4B01-8FC1-457A341301A6}"
EndProject
Project("{2150E333-8FDC-42A3-9474-1A3956D46DE8}") = "01_XML", "01_XML", "{72992668-6A19-48AA-BB98-00D01B707533}"
EndProject
Project("{2150E333-8FDC-42A3-9474-1A3956D46DE8}") = "02_Configuration", "02_Configuration", "{0E8E7448-26E7-429D-91A1-70AC9E982A51}"
EndProject
Project("{2150E333-8FDC-42A3-9474-1A3956D46DE8}") = "03_Registry", "03_Registry", "{691059D7-EDF5-489B-A6F2-346B6F2F1996}"
EndProject
Project("{2150E333-8FDC-42A3-9474-1A3956D46DE8}") = "04_StringBuilder", "04_StringBuilder", "{0763F30A-4FBD-41B0-AF90-098505A98589}"
EndProject
Global
	GlobalSection(SolutionConfigurationPlatforms) = preSolution
		Debug|Any CPU = Debug|Any CPU
		Release|Any CPU = Release|Any CPU
	EndGlobalSection
	GlobalSection(ProjectConfigurationPlatforms) = postSolution
		{3A10B8C3-50BB-49D3-8497-7AC975558607}.Debug|Any CPU.ActiveCfg = Debug|Any CPU
		{3A10B8C3-50BB-49D3-8497-7AC975558607}.Debug|Any CPU.Build.0 = Debug|Any CPU
		{3A10B8C3-50BB-49D3-8497-7AC975558607}.Release|Any CPU.ActiveCfg = Release|Any CPU
		{3A10B8C3-50BB-49D3-8497-7AC975558607}.Release|Any CPU.Build.0 = Release|Any CPU
		{5463FAD5-1F81-4FB2-AC14-53643D2EC636}.Debug|Any CPU.ActiveCfg = Debug|Any CPU
		{5463FAD5-1F81-4FB2-AC14-53643D2EC636}.Debug|Any CPU.Build.0 = Debug|Any CPU
		{5463FAD5-1F81-4FB2-AC14-53643D2EC636}.Release|Any CPU.ActiveCfg = Release|Any CPU
		{5463FAD5-1F81-4FB2-AC14-53643D2EC636}.Release|Any CPU.Build.0 = Release|Any CPU
		{0BABA216-8925-411A-AD0B-8D970C473560}.Debug|Any CPU.ActiveCfg = Debug|Any CPU
		{0BABA216-8925-411A-AD0B-8D970C473560}.Debug|Any CPU.Build.0 = Debug|Any CPU
		{0BABA216-8925-411A-AD0B-8D970C473560}.Release|Any CPU.ActiveCfg = Release|Any CPU
		{0BABA216-8925-411A-AD0B-8D970C473560}.Release|Any CPU.Build.0 = Release|Any CPU
		{57D4656F-C203-4820-9A4C-279A62A7AF09}.Debug|Any CPU.ActiveCfg = Debug|Any CPU
		{57D4656F-C203-4820-9A4C-279A62A7AF09}.Debug|Any CPU.Build.0 = Debug|Any CPU
		{57D4656F-C203-4820-9A4C-279A62A7AF09}.Release|Any CPU.ActiveCfg = Release|Any CPU
		{57D4656F-C203-4820-9A4C-279A62A7AF09}.Release|Any CPU.Build.0 = Release|Any CPU
		{5650C66B-E3C1-4C00-AF85-D76B3E4B7710}.Debug|Any CPU.ActiveCfg = Debug|Any CPU
		{5650C66B-E3C1-4C00-AF85-D76B3E4B7710}.Debug|Any CPU.Build.0 = Debug|Any CPU
		{5650C66B-E3C1-4C00-AF85-D76B3E4B7710}.Release|Any CPU.ActiveCfg = Release|Any CPU
		{5650C66B-E3C1-4C00-AF85-D76B3E4B7710}.Release|Any CPU.Build.0 = Release|Any CPU
		{42DE230A-D5A5-4A42-9BC3-98DB208E2259}.Debug|Any CPU.ActiveCfg = Debug|Any CPU
		{42DE230A-D5A5-4A42-9BC3-98DB208E2259}.Debug|Any CPU.Build.0 = Debug|Any CPU
		{42DE230A-D5A5-4A42-9BC3-98DB208E2259}.Release|Any CPU.ActiveCfg = Release|Any CPU
		{42DE230A-D5A5-4A42-9BC3-98DB208E2259}.Release|Any CPU.Build.0 = Release|Any CPU
		{D439E638-52B2-4CF5-9E28-7734CE9B2377}.Debug|Any CPU.ActiveCfg = Debug|Any CPU
		{D439E638-52B2-4CF5-9E28-7734CE9B2377}.Debug|Any CPU.Build.0 = Debug|Any CPU
		{D439E638-52B2-4CF5-9E28-7734CE9B2377}.Release|Any CPU.ActiveCfg = Release|Any CPU
		{D439E638-52B2-4CF5-9E28-7734CE9B2377}.Release|Any CPU.Build.0 = Release|Any CPU
		{7768CAF7-6387-44F4-861A-787ACAF1E643}.Debug|Any CPU.ActiveCfg = Debug|Any CPU
		{7768CAF7-6387-44F4-861A-787ACAF1E643}.Debug|Any CPU.Build.0 = Debug|Any CPU
		{7768CAF7-6387-44F4-861A-787ACAF1E643}.Release|Any CPU.ActiveCfg = Release|Any CPU
		{7768CAF7-6387-44F4-861A-787ACAF1E643}.Release|Any CPU.Build.0 = Release|Any CPU
		{0C08367D-92EE-45EB-A670-786A2D6575CB}.Debug|Any CPU.ActiveCfg = Debug|Any CPU
		{0C08367D-92EE-45EB-A670-786A2D6575CB}.Debug|Any CPU.Build.0 = Debug|Any CPU
		{0C08367D-92EE-45EB-A670-786A2D6575CB}.Release|Any CPU.ActiveCfg = Release|Any CPU
		{0C08367D-92EE-45EB-A670-786A2D6575CB}.Release|Any CPU.Build.0 = Release|Any CPU
		{503D1792-3C9D-438B-B89B-8CA36B36310A}.Debug|Any CPU.ActiveCfg = Debug|Any CPU
		{503D1792-3C9D-438B-B89B-8CA36B36310A}.Debug|Any CPU.Build.0 = Debug|Any CPU
		{503D1792-3C9D-438B-B89B-8CA36B36310A}.Release|Any CPU.ActiveCfg = Release|Any CPU
		{503D1792-3C9D-438B-B89B-8CA36B36310A}.Release|Any CPU.Build.0 = Release|Any CPU
		{73FCBFE0-DABD-4897-9FC7-9A32427CD3C4}.Debug|Any CPU.ActiveCfg = Debug|Any CPU
		{73FCBFE0-DABD-4897-9FC7-9A32427CD3C4}.Debug|Any CPU.Build.0 = Debug|Any CPU
		{73FCBFE0-DABD-4897-9FC7-9A32427CD3C4}.Release|Any CPU.ActiveCfg = Release|Any CPU
		{73FCBFE0-DABD-4897-9FC7-9A32427CD3C4}.Release|Any CPU.Build.0 = Release|Any CPU
		{5DEBB8F5-2BF2-4A83-8351-036AC152B19F}.Debug|Any CPU.ActiveCfg = Debug|Any CPU
		{5DEBB8F5-2BF2-4A83-8351-036AC152B19F}.Debug|Any CPU.Build.0 = Debug|Any CPU
		{5DEBB8F5-2BF2-4A83-8351-036AC152B19F}.Release|Any CPU.ActiveCfg = Release|Any CPU
		{5DEBB8F5-2BF2-4A83-8351-036AC152B19F}.Release|Any CPU.Build.0 = Release|Any CPU
		{2FB3B8B8-8D89-44BF-9F6F-B94C0A1EBFBE}.Debug|Any CPU.ActiveCfg = Debug|Any CPU
		{2FB3B8B8-8D89-44BF-9F6F-B94C0A1EBFBE}.Debug|Any CPU.Build.0 = Debug|Any CPU
		{2FB3B8B8-8D89-44BF-9F6F-B94C0A1EBFBE}.Release|Any CPU.ActiveCfg = Release|Any CPU
		{2FB3B8B8-8D89-44BF-9F6F-B94C0A1EBFBE}.Release|Any CPU.Build.0 = Release|Any CPU
		{FBD7B144-774F-4F81-8675-28CBB4759FD3}.Debug|Any CPU.ActiveCfg = Debug|Any CPU
		{FBD7B144-774F-4F81-8675-28CBB4759FD3}.Debug|Any CPU.Build.0 = Debug|Any CPU
		{FBD7B144-774F-4F81-8675-28CBB4759FD3}.Release|Any CPU.ActiveCfg = Release|Any CPU
		{FBD7B144-774F-4F81-8675-28CBB4759FD3}.Release|Any CPU.Build.0 = Release|Any CPU
		{93AFEEC7-797D-40B1-8C9E-CCED35920183}.Debug|Any CPU.ActiveCfg = Debug|Any CPU
		{93AFEEC7-797D-40B1-8C9E-CCED35920183}.Debug|Any CPU.Build.0 = Debug|Any CPU
		{93AFEEC7-797D-40B1-8C9E-CCED35920183}.Release|Any CPU.ActiveCfg = Release|Any CPU
		{93AFEEC7-797D-40B1-8C9E-CCED35920183}.Release|Any CPU.Build.0 = Release|Any CPU
		{BD58FD96-6446-4C62-BAF5-5D6E1E22134D}.Debug|Any CPU.ActiveCfg = Debug|Any CPU
		{BD58FD96-6446-4C62-BAF5-5D6E1E22134D}.Debug|Any CPU.Build.0 = Debug|Any CPU
		{BD58FD96-6446-4C62-BAF5-5D6E1E22134D}.Release|Any CPU.ActiveCfg = Release|Any CPU
		{BD58FD96-6446-4C62-BAF5-5D6E1E22134D}.Release|Any CPU.Build.0 = Release|Any CPU
		{62E9C4DE-0E73-4316-A436-A6453BE1B3D0}.Debug|Any CPU.ActiveCfg = Debug|Any CPU
		{62E9C4DE-0E73-4316-A436-A6453BE1B3D0}.Debug|Any CPU.Build.0 = Debug|Any CPU
		{62E9C4DE-0E73-4316-A436-A6453BE1B3D0}.Release|Any CPU.ActiveCfg = Release|Any CPU
		{62E9C4DE-0E73-4316-A436-A6453BE1B3D0}.Release|Any CPU.Build.0 = Release|Any CPU
		{C2045F0F-6B07-4263-A1A1-A475BD644826}.Debug|Any CPU.ActiveCfg = Debug|Any CPU
		{C2045F0F-6B07-4263-A1A1-A475BD644826}.Debug|Any CPU.Build.0 = Debug|Any CPU
		{C2045F0F-6B07-4263-A1A1-A475BD644826}.Release|Any CPU.ActiveCfg = Release|Any CPU
		{C2045F0F-6B07-4263-A1A1-A475BD644826}.Release|Any CPU.Build.0 = Release|Any CPU
		{ED7CE29D-E15A-4765-BDE1-84A3D3750A89}.Debug|Any CPU.ActiveCfg = Debug|Any CPU
		{ED7CE29D-E15A-4765-BDE1-84A3D3750A89}.Debug|Any CPU.Build.0 = Debug|Any CPU
		{ED7CE29D-E15A-4765-BDE1-84A3D3750A89}.Release|Any CPU.ActiveCfg = Release|Any CPU
		{ED7CE29D-E15A-4765-BDE1-84A3D3750A89}.Release|Any CPU.Build.0 = Release|Any CPU
		{4EC77A56-79BA-4CD7-A35D-D5A6AB785541}.Debug|Any CPU.ActiveCfg = Debug|Any CPU
		{4EC77A56-79BA-4CD7-A35D-D5A6AB785541}.Debug|Any CPU.Build.0 = Debug|Any CPU
		{4EC77A56-79BA-4CD7-A35D-D5A6AB785541}.Release|Any CPU.ActiveCfg = Release|Any CPU
		{4EC77A56-79BA-4CD7-A35D-D5A6AB785541}.Release|Any CPU.Build.0 = Release|Any CPU
		{2DE7D5C0-543B-44BD-8845-81243D20232B}.Debug|Any CPU.ActiveCfg = Debug|Any CPU
		{2DE7D5C0-543B-44BD-8845-81243D20232B}.Debug|Any CPU.Build.0 = Debug|Any CPU
		{2DE7D5C0-543B-44BD-8845-81243D20232B}.Release|Any CPU.ActiveCfg = Release|Any CPU
		{2DE7D5C0-543B-44BD-8845-81243D20232B}.Release|Any CPU.Build.0 = Release|Any CPU
		{EA7086A3-ED2C-4C14-B4D3-EFD6CDF1411F}.Debug|Any CPU.ActiveCfg = Debug|Any CPU
		{EA7086A3-ED2C-4C14-B4D3-EFD6CDF1411F}.Debug|Any CPU.Build.0 = Debug|Any CPU
		{EA7086A3-ED2C-4C14-B4D3-EFD6CDF1411F}.Release|Any CPU.ActiveCfg = Release|Any CPU
		{EA7086A3-ED2C-4C14-B4D3-EFD6CDF1411F}.Release|Any CPU.Build.0 = Release|Any CPU
		{2F0B0375-EDD3-4830-98AD-33784610C4C4}.Debug|Any CPU.ActiveCfg = Debug|Any CPU
		{2F0B0375-EDD3-4830-98AD-33784610C4C4}.Debug|Any CPU.Build.0 = Debug|Any CPU
		{2F0B0375-EDD3-4830-98AD-33784610C4C4}.Release|Any CPU.ActiveCfg = Release|Any CPU
		{2F0B0375-EDD3-4830-98AD-33784610C4C4}.Release|Any CPU.Build.0 = Release|Any CPU
		{176E90E4-667E-4F10-87E1-D02305A6451F}.Debug|Any CPU.ActiveCfg = Debug|Any CPU
		{176E90E4-667E-4F10-87E1-D02305A6451F}.Debug|Any CPU.Build.0 = Debug|Any CPU
		{176E90E4-667E-4F10-87E1-D02305A6451F}.Release|Any CPU.ActiveCfg = Release|Any CPU
		{176E90E4-667E-4F10-87E1-D02305A6451F}.Release|Any CPU.Build.0 = Release|Any CPU
		{B6A825F2-58E3-4766-8892-AA876FA9ECEA}.Debug|Any CPU.ActiveCfg = Debug|Any CPU
		{B6A825F2-58E3-4766-8892-AA876FA9ECEA}.Debug|Any CPU.Build.0 = Debug|Any CPU
		{B6A825F2-58E3-4766-8892-AA876FA9ECEA}.Release|Any CPU.ActiveCfg = Release|Any CPU
		{B6A825F2-58E3-4766-8892-AA876FA9ECEA}.Release|Any CPU.Build.0 = Release|Any CPU
		{A34BB0FA-587C-4A1D-84FF-B4B558310ED2}.Debug|Any CPU.ActiveCfg = Debug|Any CPU
		{A34BB0FA-587C-4A1D-84FF-B4B558310ED2}.Debug|Any CPU.Build.0 = Debug|Any CPU
		{A34BB0FA-587C-4A1D-84FF-B4B558310ED2}.Release|Any CPU.ActiveCfg = Release|Any CPU
		{A34BB0FA-587C-4A1D-84FF-B4B558310ED2}.Release|Any CPU.Build.0 = Release|Any CPU
		{F8A4C449-94C8-4EE9-9811-9425819F9DD3}.Debug|Any CPU.ActiveCfg = Debug|Any CPU
		{F8A4C449-94C8-4EE9-9811-9425819F9DD3}.Debug|Any CPU.Build.0 = Debug|Any CPU
		{F8A4C449-94C8-4EE9-9811-9425819F9DD3}.Release|Any CPU.ActiveCfg = Release|Any CPU
		{F8A4C449-94C8-4EE9-9811-9425819F9DD3}.Release|Any CPU.Build.0 = Release|Any CPU
		{A610DA1B-A766-48B3-939D-7EF41CF548EE}.Debug|Any CPU.ActiveCfg = Debug|Any CPU
		{A610DA1B-A766-48B3-939D-7EF41CF548EE}.Debug|Any CPU.Build.0 = Debug|Any CPU
		{A610DA1B-A766-48B3-939D-7EF41CF548EE}.Release|Any CPU.ActiveCfg = Release|Any CPU
		{A610DA1B-A766-48B3-939D-7EF41CF548EE}.Release|Any CPU.Build.0 = Release|Any CPU
		{6E1367B5-065D-4E35-B9AD-E5F36E94DEAB}.Debug|Any CPU.ActiveCfg = Debug|Any CPU
		{6E1367B5-065D-4E35-B9AD-E5F36E94DEAB}.Debug|Any CPU.Build.0 = Debug|Any CPU
		{6E1367B5-065D-4E35-B9AD-E5F36E94DEAB}.Release|Any CPU.ActiveCfg = Release|Any CPU
		{6E1367B5-065D-4E35-B9AD-E5F36E94DEAB}.Release|Any CPU.Build.0 = Release|Any CPU
		{F92B20B5-0F1A-4B01-8FC1-457A341301A6}.Debug|Any CPU.ActiveCfg = Debug|Any CPU
		{F92B20B5-0F1A-4B01-8FC1-457A341301A6}.Debug|Any CPU.Build.0 = Debug|Any CPU
		{F92B20B5-0F1A-4B01-8FC1-457A341301A6}.Release|Any CPU.ActiveCfg = Release|Any CPU
		{F92B20B5-0F1A-4B01-8FC1-457A341301A6}.Release|Any CPU.Build.0 = Release|Any CPU
	EndGlobalSection
	GlobalSection(SolutionProperties) = preSolution
		HideSolutionNode = FALSE
	EndGlobalSection
	GlobalSection(NestedProjects) = preSolution
		{3A10B8C3-50BB-49D3-8497-7AC975558607} = {72992668-6A19-48AA-BB98-00D01B707533}
		{5463FAD5-1F81-4FB2-AC14-53643D2EC636} = {72992668-6A19-48AA-BB98-00D01B707533}
		{0BABA216-8925-411A-AD0B-8D970C473560} = {72992668-6A19-48AA-BB98-00D01B707533}
		{57D4656F-C203-4820-9A4C-279A62A7AF09} = {72992668-6A19-48AA-BB98-00D01B707533}
		{5650C66B-E3C1-4C00-AF85-D76B3E4B7710} = {72992668-6A19-48AA-BB98-00D01B707533}
		{42DE230A-D5A5-4A42-9BC3-98DB208E2259} = {72992668-6A19-48AA-BB98-00D01B707533}
		{D439E638-52B2-4CF5-9E28-7734CE9B2377} = {72992668-6A19-48AA-BB98-00D01B707533}
		{7768CAF7-6387-44F4-861A-787ACAF1E643} = {72992668-6A19-48AA-BB98-00D01B707533}
		{0C08367D-92EE-45EB-A670-786A2D6575CB} = {72992668-6A19-48AA-BB98-00D01B707533}
		{503D1792-3C9D-438B-B89B-8CA36B36310A} = {72992668-6A19-48AA-BB98-00D01B707533}
		{73FCBFE0-DABD-4897-9FC7-9A32427CD3C4} = {72992668-6A19-48AA-BB98-00D01B707533}
		{5DEBB8F5-2BF2-4A83-8351-036AC152B19F} = {72992668-6A19-48AA-BB98-00D01B707533}
		{2FB3B8B8-8D89-44BF-9F6F-B94C0A1EBFBE} = {72992668-6A19-48AA-BB98-00D01B707533}
		{FBD7B144-774F-4F81-8675-28CBB4759FD3} = {72992668-6A19-48AA-BB98-00D01B707533}
		{93AFEEC7-797D-40B1-8C9E-CCED35920183} = {72992668-6A19-48AA-BB98-00D01B707533}
		{BD58FD96-6446-4C62-BAF5-5D6E1E22134D} = {72992668-6A19-48AA-BB98-00D01B707533}
		{62E9C4DE-0E73-4316-A436-A6453BE1B3D0} = {0E8E7448-26E7-429D-91A1-70AC9E982A51}
		{C2045F0F-6B07-4263-A1A1-A475BD644826} = {0E8E7448-26E7-429D-91A1-70AC9E982A51}
		{ED7CE29D-E15A-4765-BDE1-84A3D3750A89} = {0E8E7448-26E7-429D-91A1-70AC9E982A51}
		{4EC77A56-79BA-4CD7-A35D-D5A6AB785541} = {691059D7-EDF5-489B-A6F2-346B6F2F1996}
		{2DE7D5C0-543B-44BD-8845-81243D20232B} = {691059D7-EDF5-489B-A6F2-346B6F2F1996}
		{EA7086A3-ED2C-4C14-B4D3-EFD6CDF1411F} = {691059D7-EDF5-489B-A6F2-346B6F2F1996}
		{2F0B0375-EDD3-4830-98AD-33784610C4C4} = {691059D7-EDF5-489B-A6F2-346B6F2F1996}
		{176E90E4-667E-4F10-87E1-D02305A6451F} = {691059D7-EDF5-489B-A6F2-346B6F2F1996}
		{B6A825F2-58E3-4766-8892-AA876FA9ECEA} = {691059D7-EDF5-489B-A6F2-346B6F2F1996}
		{A34BB0FA-587C-4A1D-84FF-B4B558310ED2} = {691059D7-EDF5-489B-A6F2-346B6F2F1996}
		{F8A4C449-94C8-4EE9-9811-9425819F9DD3} = {691059D7-EDF5-489B-A6F2-346B6F2F1996}
		{A610DA1B-A766-48B3-939D-7EF41CF548EE} = {0763F30A-4FBD-41B0-AF90-098505A98589}
		{6E1367B5-065D-4E35-B9AD-E5F36E94DEAB} = {0763F30A-4FBD-41B0-AF90-098505A98589}
		{F92B20B5-0F1A-4B01-8FC1-457A341301A6} = {0763F30A-4FBD-41B0-AF90-098505A98589}
	EndGlobalSection
	GlobalSection(ExtensibilityGlobals) = postSolution
		SolutionGuid = {C2D7FE6D-C558-4046-AB92-3CDA6F73F364}
	EndGlobalSection
EndGlobal
