
Microsoft Visual Studio Solution File, Format Version 12.00
# Visual Studio Version 16
VisualStudioVersion = 16.0.29424.173
MinimumVisualStudioVersion = 10.0.40219.1
Project("{FAE04EC0-301F-11D3-BF4B-00C04F79EFBC}") = "011_Namespaces", "011_Namespaces\011_Namespaces.csproj", "{293B916C-BA7E-46AD-A066-223046DC8824}"
EndProject
Project("{FAE04EC0-301F-11D3-BF4B-00C04F79EFBC}") = "001_Namespaces", "001_Namespaces\001_Namespaces.csproj", "{CBDE6BB5-0CE1-4428-B024-55BA7537A75B}"
EndProject
Project("{FAE04EC0-301F-11D3-BF4B-00C04F79EFBC}") = "002_Namespaces", "002_Namespaces\002_Namespaces.csproj", "{6AC0DD28-A7AB-4736-87E2-BA0D6A1365B2}"
EndProject
Project("{FAE04EC0-301F-11D3-BF4B-00C04F79EFBC}") = "003_Namespaces", "003_Namespaces\003_Namespaces.csproj", "{F6B8B9B6-4DAA-4835-82F4-B310B1F77664}"
EndProject
Project("{FAE04EC0-301F-11D3-BF4B-00C04F79EFBC}") = "004_Namespaces", "004_Namespaces\004_Namespaces.csproj", "{B308577A-040F-4897-A413-DD5D0D69F1AE}"
EndProject
Project("{FAE04EC0-301F-11D3-BF4B-00C04F79EFBC}") = "005_Namespaces", "005_Namespaces\005_Namespaces.csproj", "{8D0FEB00-B529-41BC-ACE4-41960BBA65AC}"
EndProject
Project("{FAE04EC0-301F-11D3-BF4B-00C04F79EFBC}") = "006_Namespaces", "006_Namespaces\006_Namespaces.csproj", "{3B8D5E3D-FC20-4C88-BB0E-6D2122DC4AE5}"
EndProject
Project("{FAE04EC0-301F-11D3-BF4B-00C04F79EFBC}") = "007_Namespaces", "007_Namespaces\007_Namespaces.csproj", "{81720EC0-99BF-4BED-955C-B56E743AEDBE}"
EndProject
Project("{FAE04EC0-301F-11D3-BF4B-00C04F79EFBC}") = "008_Namespaces", "008_Namespaces\008_Namespaces.csproj", "{2E15D2D4-2B85-4B3C-8A2A-906EAB57EE78}"
EndProject
Project("{FAE04EC0-301F-11D3-BF4B-00C04F79EFBC}") = "009_Namespaces", "009_Namespaces\009_Namespaces.csproj", "{6A395BD3-01DF-40F8-9DAF-B073441AB5B6}"
EndProject
Project("{FAE04EC0-301F-11D3-BF4B-00C04F79EFBC}") = "010_Namespaces", "010_Namespaces\010_Namespaces.csproj", "{47CF96AE-179E-4991-ADE3-F28D267FD6C9}"
EndProject
Project("{FAE04EC0-301F-11D3-BF4B-00C04F79EFBC}") = "012_Namespaces", "012_Namespaces\012_Namespaces.csproj", "{9C929E1D-705C-40A4-A377-C3BBC48DA7DB}"
EndProject
Project("{FAE04EC0-301F-11D3-BF4B-00C04F79EFBC}") = "013_Namespaces", "013_Namespaces\013_Namespaces.csproj", "{32C3EF35-410E-4652-A355-99167A14B1BD}"
EndProject
Project("{FAE04EC0-301F-11D3-BF4B-00C04F79EFBC}") = "014_Namespaces", "014_Namespaces\014_Namespaces.csproj", "{1435F17B-848D-4EDE-A154-535D899F10F1}"
EndProject
Project("{FAE04EC0-301F-11D3-BF4B-00C04F79EFBC}") = "015_Namespaces", "015_Namespaces\015_Namespaces.csproj", "{7DF0496C-7924-4D3A-AD26-74842B146504}"
EndProject
Project("{FAE04EC0-301F-11D3-BF4B-00C04F79EFBC}") = "016_Namespaces", "016_Namespaces\016_Namespaces.csproj", "{00348ADF-5E93-481D-8A6D-1897BE3A5437}"
EndProject
Project("{FAE04EC0-301F-11D3-BF4B-00C04F79EFBC}") = "017_Namespaces", "017_Namespaces\017_Namespaces.csproj", "{69AABDF5-4674-4959-957D-11287EEE8946}"
EndProject
Project("{FAE04EC0-301F-11D3-BF4B-00C04F79EFBC}") = "018_Namespaces", "018_Namespaces\018_Namespaces.csproj", "{C5B4A2E3-3D98-49FE-AAB7-672BC3DC0513}"
EndProject
Project("{FAE04EC0-301F-11D3-BF4B-00C04F79EFBC}") = "019_Namespaces", "019_Namespaces\019_Namespaces.csproj", "{775D1D2D-EEAB-4839-A7BA-545209816908}"
EndProject
Project("{2150E333-8FDC-42A3-9474-1A3956D46DE8}") = "02_Namespaces_Example", "02_Namespaces_Example", "{D9FF1A52-0AF9-4DFF-BACD-7DD8163C007A}"
EndProject
Project("{2150E333-8FDC-42A3-9474-1A3956D46DE8}") = "01_Namespaces_Rules", "01_Namespaces_Rules", "{A129CF5C-88ED-4872-99BE-AA7B25E93C5E}"
EndProject
Project("{FAE04EC0-301F-11D3-BF4B-00C04F79EFBC}") = "020_Namespaces", "020_Namespaces_\020_Namespaces.csproj", "{7A516CD4-D380-4209-A3E4-08925E5F1D81}"
EndProject
Project("{FAE04EC0-301F-11D3-BF4B-00C04F79EFBC}") = "021_Library1", "021_Library1\021_Library1.csproj", "{4B113371-7AA3-4FA2-B1D3-11222EDC9039}"
EndProject
Project("{FAE04EC0-301F-11D3-BF4B-00C04F79EFBC}") = "022_Library2", "022_Library2\022_Library2.csproj", "{25E8EECB-3167-4C6D-B921-A8A967F209D3}"
EndProject
Project("{2150E333-8FDC-42A3-9474-1A3956D46DE8}") = "03_Internal", "03_Internal", "{3B99C20F-C10B-4B04-A64C-3051374634C5}"
EndProject
Project("{FAE04EC0-301F-11D3-BF4B-00C04F79EFBC}") = "023_Namespaces_Internal", "023_Namespaces_Internal\023_Namespaces_Internal.csproj", "{691299DB-B957-4259-8222-5B23DEFE9EA7}"
EndProject
Project("{FAE04EC0-301F-11D3-BF4B-00C04F79EFBC}") = "024_LibraryA", "024_LibraryA_\024_LibraryA.csproj", "{BAA4E75B-2072-47D3-8D80-33B8108951E8}"
EndProject
Project("{2150E333-8FDC-42A3-9474-1A3956D46DE8}") = "04_PreprocessorDirectives", "04_PreprocessorDirectives", "{EE2DDD08-3D5C-4B0D-B39C-FD43CDBF2B60}"
EndProject
Project("{FAE04EC0-301F-11D3-BF4B-00C04F79EFBC}") = "025_PreprocessorDirectives", "025_PreprocessorDirectives\025_PreprocessorDirectives.csproj", "{D7F823C2-40C7-41D6-92FB-8913AEE9CD3C}"
EndProject
Project("{FAE04EC0-301F-11D3-BF4B-00C04F79EFBC}") = "026_PreprocessorDirectives", "026_PreprocessorDirectives\026_PreprocessorDirectives.csproj", "{4CD2BEB8-5A0C-4F25-8ABD-B56FF10C313E}"
EndProject
Project("{FAE04EC0-301F-11D3-BF4B-00C04F79EFBC}") = "027_PreprocessorDirectives", "027_PreprocessorDirectives\027_PreprocessorDirectives.csproj", "{60057E32-4A31-4517-9BDF-E8B6D61317B0}"
EndProject
Project("{FAE04EC0-301F-11D3-BF4B-00C04F79EFBC}") = "028_PreprocessorDirectives", "028_PreprocessorDirectives\028_PreprocessorDirectives.csproj", "{8D05EE59-7BBC-4732-AF6E-1B34D8255CB9}"
EndProject
Project("{FAE04EC0-301F-11D3-BF4B-00C04F79EFBC}") = "029_PreprocessorDirectives", "029_PreprocessorDirectives\029_PreprocessorDirectives.csproj", "{AD8939D7-87A4-4007-89E0-6304E7589D37}"
EndProject
Project("{FAE04EC0-301F-11D3-BF4B-00C04F79EFBC}") = "030_PreprocessorDirectives", "030_PreprocessorDirectives\030_PreprocessorDirectives.csproj", "{EDF7C19D-FDB5-4A14-AD0C-5023E0E207A5}"
EndProject
Global
	GlobalSection(SolutionConfigurationPlatforms) = preSolution
		Debug|Any CPU = Debug|Any CPU
		Release|Any CPU = Release|Any CPU
	EndGlobalSection
	GlobalSection(ProjectConfigurationPlatforms) = postSolution
		{293B916C-BA7E-46AD-A066-223046DC8824}.Debug|Any CPU.ActiveCfg = Debug|Any CPU
		{293B916C-BA7E-46AD-A066-223046DC8824}.Debug|Any CPU.Build.0 = Debug|Any CPU
		{293B916C-BA7E-46AD-A066-223046DC8824}.Release|Any CPU.ActiveCfg = Release|Any CPU
		{293B916C-BA7E-46AD-A066-223046DC8824}.Release|Any CPU.Build.0 = Release|Any CPU
		{CBDE6BB5-0CE1-4428-B024-55BA7537A75B}.Debug|Any CPU.ActiveCfg = Debug|Any CPU
		{CBDE6BB5-0CE1-4428-B024-55BA7537A75B}.Debug|Any CPU.Build.0 = Debug|Any CPU
		{CBDE6BB5-0CE1-4428-B024-55BA7537A75B}.Release|Any CPU.ActiveCfg = Release|Any CPU
		{CBDE6BB5-0CE1-4428-B024-55BA7537A75B}.Release|Any CPU.Build.0 = Release|Any CPU
		{6AC0DD28-A7AB-4736-87E2-BA0D6A1365B2}.Debug|Any CPU.ActiveCfg = Debug|Any CPU
		{6AC0DD28-A7AB-4736-87E2-BA0D6A1365B2}.Debug|Any CPU.Build.0 = Debug|Any CPU
		{6AC0DD28-A7AB-4736-87E2-BA0D6A1365B2}.Release|Any CPU.ActiveCfg = Release|Any CPU
		{6AC0DD28-A7AB-4736-87E2-BA0D6A1365B2}.Release|Any CPU.Build.0 = Release|Any CPU
		{F6B8B9B6-4DAA-4835-82F4-B310B1F77664}.Debug|Any CPU.ActiveCfg = Debug|Any CPU
		{F6B8B9B6-4DAA-4835-82F4-B310B1F77664}.Debug|Any CPU.Build.0 = Debug|Any CPU
		{F6B8B9B6-4DAA-4835-82F4-B310B1F77664}.Release|Any CPU.ActiveCfg = Release|Any CPU
		{F6B8B9B6-4DAA-4835-82F4-B310B1F77664}.Release|Any CPU.Build.0 = Release|Any CPU
		{B308577A-040F-4897-A413-DD5D0D69F1AE}.Debug|Any CPU.ActiveCfg = Debug|Any CPU
		{B308577A-040F-4897-A413-DD5D0D69F1AE}.Debug|Any CPU.Build.0 = Debug|Any CPU
		{B308577A-040F-4897-A413-DD5D0D69F1AE}.Release|Any CPU.ActiveCfg = Release|Any CPU
		{B308577A-040F-4897-A413-DD5D0D69F1AE}.Release|Any CPU.Build.0 = Release|Any CPU
		{8D0FEB00-B529-41BC-ACE4-41960BBA65AC}.Debug|Any CPU.ActiveCfg = Debug|Any CPU
		{8D0FEB00-B529-41BC-ACE4-41960BBA65AC}.Debug|Any CPU.Build.0 = Debug|Any CPU
		{8D0FEB00-B529-41BC-ACE4-41960BBA65AC}.Release|Any CPU.ActiveCfg = Release|Any CPU
		{8D0FEB00-B529-41BC-ACE4-41960BBA65AC}.Release|Any CPU.Build.0 = Release|Any CPU
		{3B8D5E3D-FC20-4C88-BB0E-6D2122DC4AE5}.Debug|Any CPU.ActiveCfg = Debug|Any CPU
		{3B8D5E3D-FC20-4C88-BB0E-6D2122DC4AE5}.Debug|Any CPU.Build.0 = Debug|Any CPU
		{3B8D5E3D-FC20-4C88-BB0E-6D2122DC4AE5}.Release|Any CPU.ActiveCfg = Release|Any CPU
		{3B8D5E3D-FC20-4C88-BB0E-6D2122DC4AE5}.Release|Any CPU.Build.0 = Release|Any CPU
		{81720EC0-99BF-4BED-955C-B56E743AEDBE}.Debug|Any CPU.ActiveCfg = Debug|Any CPU
		{81720EC0-99BF-4BED-955C-B56E743AEDBE}.Debug|Any CPU.Build.0 = Debug|Any CPU
		{81720EC0-99BF-4BED-955C-B56E743AEDBE}.Release|Any CPU.ActiveCfg = Release|Any CPU
		{81720EC0-99BF-4BED-955C-B56E743AEDBE}.Release|Any CPU.Build.0 = Release|Any CPU
		{2E15D2D4-2B85-4B3C-8A2A-906EAB57EE78}.Debug|Any CPU.ActiveCfg = Debug|Any CPU
		{2E15D2D4-2B85-4B3C-8A2A-906EAB57EE78}.Debug|Any CPU.Build.0 = Debug|Any CPU
		{2E15D2D4-2B85-4B3C-8A2A-906EAB57EE78}.Release|Any CPU.ActiveCfg = Release|Any CPU
		{2E15D2D4-2B85-4B3C-8A2A-906EAB57EE78}.Release|Any CPU.Build.0 = Release|Any CPU
		{6A395BD3-01DF-40F8-9DAF-B073441AB5B6}.Debug|Any CPU.ActiveCfg = Debug|Any CPU
		{6A395BD3-01DF-40F8-9DAF-B073441AB5B6}.Debug|Any CPU.Build.0 = Debug|Any CPU
		{6A395BD3-01DF-40F8-9DAF-B073441AB5B6}.Release|Any CPU.ActiveCfg = Release|Any CPU
		{6A395BD3-01DF-40F8-9DAF-B073441AB5B6}.Release|Any CPU.Build.0 = Release|Any CPU
		{47CF96AE-179E-4991-ADE3-F28D267FD6C9}.Debug|Any CPU.ActiveCfg = Debug|Any CPU
		{47CF96AE-179E-4991-ADE3-F28D267FD6C9}.Debug|Any CPU.Build.0 = Debug|Any CPU
		{47CF96AE-179E-4991-ADE3-F28D267FD6C9}.Release|Any CPU.ActiveCfg = Release|Any CPU
		{47CF96AE-179E-4991-ADE3-F28D267FD6C9}.Release|Any CPU.Build.0 = Release|Any CPU
		{9C929E1D-705C-40A4-A377-C3BBC48DA7DB}.Debug|Any CPU.ActiveCfg = Debug|Any CPU
		{9C929E1D-705C-40A4-A377-C3BBC48DA7DB}.Debug|Any CPU.Build.0 = Debug|Any CPU
		{9C929E1D-705C-40A4-A377-C3BBC48DA7DB}.Release|Any CPU.ActiveCfg = Release|Any CPU
		{9C929E1D-705C-40A4-A377-C3BBC48DA7DB}.Release|Any CPU.Build.0 = Release|Any CPU
		{32C3EF35-410E-4652-A355-99167A14B1BD}.Debug|Any CPU.ActiveCfg = Debug|Any CPU
		{32C3EF35-410E-4652-A355-99167A14B1BD}.Debug|Any CPU.Build.0 = Debug|Any CPU
		{32C3EF35-410E-4652-A355-99167A14B1BD}.Release|Any CPU.ActiveCfg = Release|Any CPU
		{32C3EF35-410E-4652-A355-99167A14B1BD}.Release|Any CPU.Build.0 = Release|Any CPU
		{1435F17B-848D-4EDE-A154-535D899F10F1}.Debug|Any CPU.ActiveCfg = Debug|Any CPU
		{1435F17B-848D-4EDE-A154-535D899F10F1}.Debug|Any CPU.Build.0 = Debug|Any CPU
		{1435F17B-848D-4EDE-A154-535D899F10F1}.Release|Any CPU.ActiveCfg = Release|Any CPU
		{1435F17B-848D-4EDE-A154-535D899F10F1}.Release|Any CPU.Build.0 = Release|Any CPU
		{7DF0496C-7924-4D3A-AD26-74842B146504}.Debug|Any CPU.ActiveCfg = Debug|Any CPU
		{7DF0496C-7924-4D3A-AD26-74842B146504}.Debug|Any CPU.Build.0 = Debug|Any CPU
		{7DF0496C-7924-4D3A-AD26-74842B146504}.Release|Any CPU.ActiveCfg = Release|Any CPU
		{7DF0496C-7924-4D3A-AD26-74842B146504}.Release|Any CPU.Build.0 = Release|Any CPU
		{00348ADF-5E93-481D-8A6D-1897BE3A5437}.Debug|Any CPU.ActiveCfg = Debug|Any CPU
		{00348ADF-5E93-481D-8A6D-1897BE3A5437}.Debug|Any CPU.Build.0 = Debug|Any CPU
		{00348ADF-5E93-481D-8A6D-1897BE3A5437}.Release|Any CPU.ActiveCfg = Release|Any CPU
		{00348ADF-5E93-481D-8A6D-1897BE3A5437}.Release|Any CPU.Build.0 = Release|Any CPU
		{69AABDF5-4674-4959-957D-11287EEE8946}.Debug|Any CPU.ActiveCfg = Debug|Any CPU
		{69AABDF5-4674-4959-957D-11287EEE8946}.Debug|Any CPU.Build.0 = Debug|Any CPU
		{69AABDF5-4674-4959-957D-11287EEE8946}.Release|Any CPU.ActiveCfg = Release|Any CPU
		{69AABDF5-4674-4959-957D-11287EEE8946}.Release|Any CPU.Build.0 = Release|Any CPU
		{C5B4A2E3-3D98-49FE-AAB7-672BC3DC0513}.Debug|Any CPU.ActiveCfg = Debug|Any CPU
		{C5B4A2E3-3D98-49FE-AAB7-672BC3DC0513}.Debug|Any CPU.Build.0 = Debug|Any CPU
		{C5B4A2E3-3D98-49FE-AAB7-672BC3DC0513}.Release|Any CPU.ActiveCfg = Release|Any CPU
		{C5B4A2E3-3D98-49FE-AAB7-672BC3DC0513}.Release|Any CPU.Build.0 = Release|Any CPU
		{775D1D2D-EEAB-4839-A7BA-545209816908}.Debug|Any CPU.ActiveCfg = Debug|Any CPU
		{775D1D2D-EEAB-4839-A7BA-545209816908}.Debug|Any CPU.Build.0 = Debug|Any CPU
		{775D1D2D-EEAB-4839-A7BA-545209816908}.Release|Any CPU.ActiveCfg = Release|Any CPU
		{775D1D2D-EEAB-4839-A7BA-545209816908}.Release|Any CPU.Build.0 = Release|Any CPU
		{7A516CD4-D380-4209-A3E4-08925E5F1D81}.Debug|Any CPU.ActiveCfg = Debug|Any CPU
		{7A516CD4-D380-4209-A3E4-08925E5F1D81}.Debug|Any CPU.Build.0 = Debug|Any CPU
		{7A516CD4-D380-4209-A3E4-08925E5F1D81}.Release|Any CPU.ActiveCfg = Release|Any CPU
		{7A516CD4-D380-4209-A3E4-08925E5F1D81}.Release|Any CPU.Build.0 = Release|Any CPU
		{4B113371-7AA3-4FA2-B1D3-11222EDC9039}.Debug|Any CPU.ActiveCfg = Debug|Any CPU
		{4B113371-7AA3-4FA2-B1D3-11222EDC9039}.Debug|Any CPU.Build.0 = Debug|Any CPU
		{4B113371-7AA3-4FA2-B1D3-11222EDC9039}.Release|Any CPU.ActiveCfg = Release|Any CPU
		{4B113371-7AA3-4FA2-B1D3-11222EDC9039}.Release|Any CPU.Build.0 = Release|Any CPU
		{25E8EECB-3167-4C6D-B921-A8A967F209D3}.Debug|Any CPU.ActiveCfg = Debug|Any CPU
		{25E8EECB-3167-4C6D-B921-A8A967F209D3}.Debug|Any CPU.Build.0 = Debug|Any CPU
		{25E8EECB-3167-4C6D-B921-A8A967F209D3}.Release|Any CPU.ActiveCfg = Release|Any CPU
		{25E8EECB-3167-4C6D-B921-A8A967F209D3}.Release|Any CPU.Build.0 = Release|Any CPU
		{691299DB-B957-4259-8222-5B23DEFE9EA7}.Debug|Any CPU.ActiveCfg = Debug|Any CPU
		{691299DB-B957-4259-8222-5B23DEFE9EA7}.Debug|Any CPU.Build.0 = Debug|Any CPU
		{691299DB-B957-4259-8222-5B23DEFE9EA7}.Release|Any CPU.ActiveCfg = Release|Any CPU
		{691299DB-B957-4259-8222-5B23DEFE9EA7}.Release|Any CPU.Build.0 = Release|Any CPU
		{BAA4E75B-2072-47D3-8D80-33B8108951E8}.Debug|Any CPU.ActiveCfg = Debug|Any CPU
		{BAA4E75B-2072-47D3-8D80-33B8108951E8}.Debug|Any CPU.Build.0 = Debug|Any CPU
		{BAA4E75B-2072-47D3-8D80-33B8108951E8}.Release|Any CPU.ActiveCfg = Release|Any CPU
		{BAA4E75B-2072-47D3-8D80-33B8108951E8}.Release|Any CPU.Build.0 = Release|Any CPU
		{D7F823C2-40C7-41D6-92FB-8913AEE9CD3C}.Debug|Any CPU.ActiveCfg = Debug|Any CPU
		{D7F823C2-40C7-41D6-92FB-8913AEE9CD3C}.Debug|Any CPU.Build.0 = Debug|Any CPU
		{D7F823C2-40C7-41D6-92FB-8913AEE9CD3C}.Release|Any CPU.ActiveCfg = Release|Any CPU
		{D7F823C2-40C7-41D6-92FB-8913AEE9CD3C}.Release|Any CPU.Build.0 = Release|Any CPU
		{4CD2BEB8-5A0C-4F25-8ABD-B56FF10C313E}.Debug|Any CPU.ActiveCfg = Debug|Any CPU
		{4CD2BEB8-5A0C-4F25-8ABD-B56FF10C313E}.Debug|Any CPU.Build.0 = Debug|Any CPU
		{4CD2BEB8-5A0C-4F25-8ABD-B56FF10C313E}.Release|Any CPU.ActiveCfg = Release|Any CPU
		{4CD2BEB8-5A0C-4F25-8ABD-B56FF10C313E}.Release|Any CPU.Build.0 = Release|Any CPU
		{60057E32-4A31-4517-9BDF-E8B6D61317B0}.Debug|Any CPU.ActiveCfg = Debug|Any CPU
		{60057E32-4A31-4517-9BDF-E8B6D61317B0}.Debug|Any CPU.Build.0 = Debug|Any CPU
		{60057E32-4A31-4517-9BDF-E8B6D61317B0}.Release|Any CPU.ActiveCfg = Release|Any CPU
		{60057E32-4A31-4517-9BDF-E8B6D61317B0}.Release|Any CPU.Build.0 = Release|Any CPU
		{8D05EE59-7BBC-4732-AF6E-1B34D8255CB9}.Debug|Any CPU.ActiveCfg = Debug|Any CPU
		{8D05EE59-7BBC-4732-AF6E-1B34D8255CB9}.Debug|Any CPU.Build.0 = Debug|Any CPU
		{8D05EE59-7BBC-4732-AF6E-1B34D8255CB9}.Release|Any CPU.ActiveCfg = Release|Any CPU
		{8D05EE59-7BBC-4732-AF6E-1B34D8255CB9}.Release|Any CPU.Build.0 = Release|Any CPU
		{AD8939D7-87A4-4007-89E0-6304E7589D37}.Debug|Any CPU.ActiveCfg = Debug|Any CPU
		{AD8939D7-87A4-4007-89E0-6304E7589D37}.Debug|Any CPU.Build.0 = Debug|Any CPU
		{AD8939D7-87A4-4007-89E0-6304E7589D37}.Release|Any CPU.ActiveCfg = Release|Any CPU
		{AD8939D7-87A4-4007-89E0-6304E7589D37}.Release|Any CPU.Build.0 = Release|Any CPU
		{EDF7C19D-FDB5-4A14-AD0C-5023E0E207A5}.Debug|Any CPU.ActiveCfg = Debug|Any CPU
		{EDF7C19D-FDB5-4A14-AD0C-5023E0E207A5}.Debug|Any CPU.Build.0 = Debug|Any CPU
		{EDF7C19D-FDB5-4A14-AD0C-5023E0E207A5}.Release|Any CPU.ActiveCfg = Release|Any CPU
		{EDF7C19D-FDB5-4A14-AD0C-5023E0E207A5}.Release|Any CPU.Build.0 = Release|Any CPU
	EndGlobalSection
	GlobalSection(SolutionProperties) = preSolution
		HideSolutionNode = FALSE
	EndGlobalSection
	GlobalSection(NestedProjects) = preSolution
		{293B916C-BA7E-46AD-A066-223046DC8824} = {A129CF5C-88ED-4872-99BE-AA7B25E93C5E}
		{CBDE6BB5-0CE1-4428-B024-55BA7537A75B} = {A129CF5C-88ED-4872-99BE-AA7B25E93C5E}
		{6AC0DD28-A7AB-4736-87E2-BA0D6A1365B2} = {A129CF5C-88ED-4872-99BE-AA7B25E93C5E}
		{F6B8B9B6-4DAA-4835-82F4-B310B1F77664} = {A129CF5C-88ED-4872-99BE-AA7B25E93C5E}
		{B308577A-040F-4897-A413-DD5D0D69F1AE} = {A129CF5C-88ED-4872-99BE-AA7B25E93C5E}
		{8D0FEB00-B529-41BC-ACE4-41960BBA65AC} = {A129CF5C-88ED-4872-99BE-AA7B25E93C5E}
		{3B8D5E3D-FC20-4C88-BB0E-6D2122DC4AE5} = {A129CF5C-88ED-4872-99BE-AA7B25E93C5E}
		{81720EC0-99BF-4BED-955C-B56E743AEDBE} = {A129CF5C-88ED-4872-99BE-AA7B25E93C5E}
		{2E15D2D4-2B85-4B3C-8A2A-906EAB57EE78} = {A129CF5C-88ED-4872-99BE-AA7B25E93C5E}
		{6A395BD3-01DF-40F8-9DAF-B073441AB5B6} = {A129CF5C-88ED-4872-99BE-AA7B25E93C5E}
		{47CF96AE-179E-4991-ADE3-F28D267FD6C9} = {A129CF5C-88ED-4872-99BE-AA7B25E93C5E}
		{9C929E1D-705C-40A4-A377-C3BBC48DA7DB} = {A129CF5C-88ED-4872-99BE-AA7B25E93C5E}
		{32C3EF35-410E-4652-A355-99167A14B1BD} = {A129CF5C-88ED-4872-99BE-AA7B25E93C5E}
		{1435F17B-848D-4EDE-A154-535D899F10F1} = {A129CF5C-88ED-4872-99BE-AA7B25E93C5E}
		{7DF0496C-7924-4D3A-AD26-74842B146504} = {A129CF5C-88ED-4872-99BE-AA7B25E93C5E}
		{00348ADF-5E93-481D-8A6D-1897BE3A5437} = {A129CF5C-88ED-4872-99BE-AA7B25E93C5E}
		{69AABDF5-4674-4959-957D-11287EEE8946} = {A129CF5C-88ED-4872-99BE-AA7B25E93C5E}
		{C5B4A2E3-3D98-49FE-AAB7-672BC3DC0513} = {A129CF5C-88ED-4872-99BE-AA7B25E93C5E}
		{775D1D2D-EEAB-4839-A7BA-545209816908} = {A129CF5C-88ED-4872-99BE-AA7B25E93C5E}
		{7A516CD4-D380-4209-A3E4-08925E5F1D81} = {D9FF1A52-0AF9-4DFF-BACD-7DD8163C007A}
		{4B113371-7AA3-4FA2-B1D3-11222EDC9039} = {D9FF1A52-0AF9-4DFF-BACD-7DD8163C007A}
		{25E8EECB-3167-4C6D-B921-A8A967F209D3} = {D9FF1A52-0AF9-4DFF-BACD-7DD8163C007A}
		{691299DB-B957-4259-8222-5B23DEFE9EA7} = {3B99C20F-C10B-4B04-A64C-3051374634C5}
		{BAA4E75B-2072-47D3-8D80-33B8108951E8} = {3B99C20F-C10B-4B04-A64C-3051374634C5}
		{D7F823C2-40C7-41D6-92FB-8913AEE9CD3C} = {EE2DDD08-3D5C-4B0D-B39C-FD43CDBF2B60}
		{4CD2BEB8-5A0C-4F25-8ABD-B56FF10C313E} = {EE2DDD08-3D5C-4B0D-B39C-FD43CDBF2B60}
		{60057E32-4A31-4517-9BDF-E8B6D61317B0} = {EE2DDD08-3D5C-4B0D-B39C-FD43CDBF2B60}
		{8D05EE59-7BBC-4732-AF6E-1B34D8255CB9} = {EE2DDD08-3D5C-4B0D-B39C-FD43CDBF2B60}
		{AD8939D7-87A4-4007-89E0-6304E7589D37} = {EE2DDD08-3D5C-4B0D-B39C-FD43CDBF2B60}
		{EDF7C19D-FDB5-4A14-AD0C-5023E0E207A5} = {EE2DDD08-3D5C-4B0D-B39C-FD43CDBF2B60}
	EndGlobalSection
	GlobalSection(ExtensibilityGlobals) = postSolution
		SolutionGuid = {2CE93ED3-F802-4DA1-BBEB-16E9F4D613A9}
	EndGlobalSection
EndGlobal
