
Microsoft Visual Studio Solution File, Format Version 12.00
# Visual Studio Version 16
VisualStudioVersion = 16.0.29424.173
MinimumVisualStudioVersion = 10.0.40219.1
Project("{FAE04EC0-301F-11D3-BF4B-00C04F79EFBC}") = "007_Input_Output", "007_Input_Output\007_Input_Output.csproj", "{B9EE9164-A51F-4B0F-9D32-87A97F74B772}"
EndProject
Project("{FAE04EC0-301F-11D3-BF4B-00C04F79EFBC}") = "001_Input_Output", "001_Input_Output\001_Input_Output.csproj", "{381D405E-B438-47A5-B501-37896B022F44}"
EndProject
Project("{FAE04EC0-301F-11D3-BF4B-00C04F79EFBC}") = "002_Input_Output", "002_Input_Output\002_Input_Output.csproj", "{59220D56-694F-4306-BECE-84CFCAC53413}"
EndProject
Project("{FAE04EC0-301F-11D3-BF4B-00C04F79EFBC}") = "003_Input_Output", "003_Input_Output\003_Input_Output.csproj", "{C03A1003-B1D1-4255-8DD4-9BF5170F0295}"
EndProject
Project("{FAE04EC0-301F-11D3-BF4B-00C04F79EFBC}") = "004_Input_Output", "004_Input_Output\004_Input_Output.csproj", "{B0741CEA-9649-4592-8377-95E9F3E954B8}"
EndProject
Project("{FAE04EC0-301F-11D3-BF4B-00C04F79EFBC}") = "005_Input_Output", "005_Input_Output\005_Input_Output.csproj", "{4FD3CD05-582D-4B5F-99E1-5C47AFB7F7FB}"
EndProject
Project("{FAE04EC0-301F-11D3-BF4B-00C04F79EFBC}") = "006_Input_Output", "006_Input_Output\006_Input_Output.csproj", "{59C88A08-BBE7-429F-B78F-E95DB682021B}"
EndProject
Project("{FAE04EC0-301F-11D3-BF4B-00C04F79EFBC}") = "008_Input_Output", "008_Input_Output\008_Input_Output.csproj", "{950198C5-8F0C-4FD2-9D67-C86692FD4D88}"
EndProject
Project("{FAE04EC0-301F-11D3-BF4B-00C04F79EFBC}") = "009_Input_Output", "009_Input_Output\009_Input_Output.csproj", "{4186FF0C-23D5-4CBC-A734-05C1114E22A0}"
EndProject
Project("{FAE04EC0-301F-11D3-BF4B-00C04F79EFBC}") = "010_Input_Output", "010_Input_Output\010_Input_Output.csproj", "{7C81DD45-955B-453F-85E9-CEFBDF0549B1}"
EndProject
Project("{FAE04EC0-301F-11D3-BF4B-00C04F79EFBC}") = "011_FileInfo_Copy", "011_FileInfo_Copy\011_FileInfo_Copy.csproj", "{13323502-0A03-45A7-8AB0-D6E5A068C7CB}"
EndProject
Project("{FAE04EC0-301F-11D3-BF4B-00C04F79EFBC}") = "012_DriveInfoDemo", "012_DriveInfoDemo\012_DriveInfoDemo.csproj", "{E07DB9D9-55D1-4489-95AD-808F64E5323E}"
EndProject
Project("{FAE04EC0-301F-11D3-BF4B-00C04F79EFBC}") = "013_PathDemo", "013_PathDemo\013_PathDemo.csproj", "{E81C00FB-3ABD-47B0-9831-5047E3FC401E}"
EndProject
Project("{FAE04EC0-301F-11D3-BF4B-00C04F79EFBC}") = "014_FileSystemWatcher", "014_FileSystemWatcher\014_FileSystemWatcher.csproj", "{F8E4C876-60B0-4730-8E85-58A98F983CED}"
EndProject
Project("{FAE04EC0-301F-11D3-BF4B-00C04F79EFBC}") = "015_FileSystemWatcher_", "015_FileSystemWatcher\015_FileSystemWatcher_.csproj", "{535883FB-26E9-4FAB-BA83-35A2FE52AADF}"
EndProject
Project("{FAE04EC0-301F-11D3-BF4B-00C04F79EFBC}") = "016_FileSystemWatcher", "016_FileSystemWatcher\016_FileSystemWatcher.csproj", "{6AE4C9BA-4576-45FF-B26C-835D6396C092}"
EndProject
Project("{FAE04EC0-301F-11D3-BF4B-00C04F79EFBC}") = "017_ReadWriteStream", "017_ReadWriteStream\017_ReadWriteStream.csproj", "{EFB91666-FB39-42F9-92D9-2BEEF1688769}"
EndProject
Project("{FAE04EC0-301F-11D3-BF4B-00C04F79EFBC}") = "018_StreamReader", "018_StreamReader\018_StreamReader.csproj", "{860CE254-B231-4360-B609-73B50EDC785B}"
EndProject
Project("{FAE04EC0-301F-11D3-BF4B-00C04F79EFBC}") = "019_StreamReader", "019_StreamReader\019_StreamReader.csproj", "{C12FA6A6-E08F-4B47-A3C4-189BC6D0624B}"
EndProject
Project("{FAE04EC0-301F-11D3-BF4B-00C04F79EFBC}") = "020_StreamWriter", "020_StreamWriter\020_StreamWriter.csproj", "{98E915B1-67E9-4833-BB87-30171A8E9B7D}"
EndProject
Project("{FAE04EC0-301F-11D3-BF4B-00C04F79EFBC}") = "021_StringReader", "021_StringReader\021_StringReader.csproj", "{C2711FEA-BA2E-4E68-AA6D-B87890229B30}"
EndProject
Project("{FAE04EC0-301F-11D3-BF4B-00C04F79EFBC}") = "022_StringWriter", "022_StringWriter\022_StringWriter.csproj", "{749910EB-2EBB-423A-BFCC-06AFAFC01DA3}"
EndProject
Project("{FAE04EC0-301F-11D3-BF4B-00C04F79EFBC}") = "023_BinaryWriter", "023_BinaryWriter\023_BinaryWriter.csproj", "{286EED5D-302D-4CC1-BE49-8534436ED683}"
EndProject
Project("{FAE04EC0-301F-11D3-BF4B-00C04F79EFBC}") = "024_BinaryReader", "024_BinaryReader\024_BinaryReader.csproj", "{4DE497C6-1E03-4E93-A5AD-B3886F3517B6}"
EndProject
Project("{FAE04EC0-301F-11D3-BF4B-00C04F79EFBC}") = "025_MemoryStream", "024_MemoryStream\025_MemoryStream.csproj", "{D4BC407E-D0F9-488E-BCB0-16DD52AFB2F5}"
EndProject
Project("{FAE04EC0-301F-11D3-BF4B-00C04F79EFBC}") = "026_BufferedStream", "025_BufferedStream\026_BufferedStream.csproj", "{411D41D1-560B-427A-B11A-AB9A2CBF3D09}"
EndProject
Project("{FAE04EC0-301F-11D3-BF4B-00C04F79EFBC}") = "027_ZIP_Compression", "027_ZIP_Compression\027_ZIP_Compression.csproj", "{2C5D0A64-1E33-45DD-86D6-AC84AE779BC3}"
EndProject
Project("{FAE04EC0-301F-11D3-BF4B-00C04F79EFBC}") = "028_DEFLATE_Compression", "028_DEFLATE_Compression\028_DEFLATE_Compression.csproj", "{F81F76B2-AE58-4859-B976-8D2828C2BDD5}"
EndProject
Project("{FAE04EC0-301F-11D3-BF4B-00C04F79EFBC}") = "029_ZIP_DeCompression", "029_ZIP_DeCompression\029_ZIP_DeCompression.csproj", "{80685489-6DEA-484C-A939-05C6D219E9C2}"
EndProject
Project("{FAE04EC0-301F-11D3-BF4B-00C04F79EFBC}") = "030_DEFLATE_DeCompression", "030_DEFLATE_DeCompression\030_DEFLATE_DeCompression.csproj", "{13AA7692-CA3C-4422-8145-40C1345A0889}"
EndProject
Project("{FAE04EC0-301F-11D3-BF4B-00C04F79EFBC}") = "031_IsoStorFile", "031_IsoStorFile\031_IsoStorFile.csproj", "{2585B6B9-3C3C-4B20-9781-8C77B5D26568}"
EndProject
Project("{FAE04EC0-301F-11D3-BF4B-00C04F79EFBC}") = "032_IsoStorFile", "032_IsoStorFile\032_IsoStorFile.csproj", "{943DB090-2D73-4F6D-9932-F9A636F011BC}"
EndProject
Project("{FAE04EC0-301F-11D3-BF4B-00C04F79EFBC}") = "033_CreateDirectory", "033_CreateDirectory\033_CreateDirectory.csproj", "{276C81FD-DB4A-4D14-B3FB-CE49B79F4FED}"
EndProject
Project("{FAE04EC0-301F-11D3-BF4B-00C04F79EFBC}") = "034_Load_from_Excsel", "034_Load_from_Excsel\034_Load_from_Excsel.csproj", "{E1CBAD76-0FD5-4782-B041-880A5CFFF95F}"
EndProject
Project("{2150E333-8FDC-42A3-9474-1A3956D46DE8}") = "01_Input_Output", "01_Input_Output", "{D177115E-0A4F-498E-A6FE-237BC4E78E1A}"
EndProject
Project("{2150E333-8FDC-42A3-9474-1A3956D46DE8}") = "05_FileSystemWatcher", "05_FileSystemWatcher", "{DEAB77AA-1EB4-42AA-8DC3-932220B0F778}"
EndProject
Project("{2150E333-8FDC-42A3-9474-1A3956D46DE8}") = "02_FileInfo_Copy", "02_FileInfo_Copy", "{423462F3-838A-4CCA-A57C-BFACF4E61873}"
EndProject
Project("{2150E333-8FDC-42A3-9474-1A3956D46DE8}") = "03_DriveInfoDemo", "03_DriveInfoDemo", "{ED9946B1-30CC-41C8-B0DD-E5B399D91B1F}"
EndProject
Project("{2150E333-8FDC-42A3-9474-1A3956D46DE8}") = "04_PathDemo", "04_PathDemo", "{B634F468-121B-42DE-9CBC-05AF6CA6E86A}"
EndProject
Project("{2150E333-8FDC-42A3-9474-1A3956D46DE8}") = "06_ReadWriteStream", "06_ReadWriteStream", "{AAAE4E70-E0CB-4D96-84D0-14723296748E}"
EndProject
Project("{2150E333-8FDC-42A3-9474-1A3956D46DE8}") = "07_StreamReader", "07_StreamReader", "{8A49C258-FB53-46EA-8511-F7EB3AE313BD}"
EndProject
Project("{2150E333-8FDC-42A3-9474-1A3956D46DE8}") = "08_StreamWriter", "08_StreamWriter", "{B96F60C4-AD12-4609-926E-A05ECE24BD8F}"
EndProject
Project("{2150E333-8FDC-42A3-9474-1A3956D46DE8}") = "09_StringReader", "09_StringReader", "{578997A7-F1E7-498C-BEE0-2F526EA79DB4}"
EndProject
Project("{2150E333-8FDC-42A3-9474-1A3956D46DE8}") = "10_StringWriter", "10_StringWriter", "{3E93367C-14CD-47DE-B08C-80F815D1CB8D}"
EndProject
Project("{2150E333-8FDC-42A3-9474-1A3956D46DE8}") = "11_Binary_yWriter_Reader", "11_Binary_yWriter_Reader", "{5EC96F3D-D22C-4FA3-B00E-F45A731A250D}"
EndProject
Project("{2150E333-8FDC-42A3-9474-1A3956D46DE8}") = "12_MemoryStream", "12_MemoryStream", "{3FA2ED6E-4EAC-4F34-8138-9A4616273598}"
EndProject
Project("{2150E333-8FDC-42A3-9474-1A3956D46DE8}") = "13_BufferedStream", "13_BufferedStream", "{A176CB59-47AD-491C-BC92-C13E8D65BFE4}"
EndProject
Project("{2150E333-8FDC-42A3-9474-1A3956D46DE8}") = "14_Compression", "14_Compression", "{67D0FBF6-044D-4FA5-AEE3-3E1C9BCE8655}"
EndProject
Project("{2150E333-8FDC-42A3-9474-1A3956D46DE8}") = "15_IsoStorFile", "15_IsoStorFile", "{81FCB0F2-26CC-4C50-8D9C-CF19C0312636}"
EndProject
Project("{2150E333-8FDC-42A3-9474-1A3956D46DE8}") = "16_Load_from_Excsel", "16_Load_from_Excsel", "{C286666B-51B7-46F5-A971-FA97CB9A3213}"
EndProject
Global
	GlobalSection(SolutionConfigurationPlatforms) = preSolution
		Debug|Any CPU = Debug|Any CPU
		Release|Any CPU = Release|Any CPU
	EndGlobalSection
	GlobalSection(ProjectConfigurationPlatforms) = postSolution
		{B9EE9164-A51F-4B0F-9D32-87A97F74B772}.Debug|Any CPU.ActiveCfg = Debug|Any CPU
		{B9EE9164-A51F-4B0F-9D32-87A97F74B772}.Debug|Any CPU.Build.0 = Debug|Any CPU
		{B9EE9164-A51F-4B0F-9D32-87A97F74B772}.Release|Any CPU.ActiveCfg = Release|Any CPU
		{B9EE9164-A51F-4B0F-9D32-87A97F74B772}.Release|Any CPU.Build.0 = Release|Any CPU
		{381D405E-B438-47A5-B501-37896B022F44}.Debug|Any CPU.ActiveCfg = Debug|Any CPU
		{381D405E-B438-47A5-B501-37896B022F44}.Debug|Any CPU.Build.0 = Debug|Any CPU
		{381D405E-B438-47A5-B501-37896B022F44}.Release|Any CPU.ActiveCfg = Release|Any CPU
		{381D405E-B438-47A5-B501-37896B022F44}.Release|Any CPU.Build.0 = Release|Any CPU
		{59220D56-694F-4306-BECE-84CFCAC53413}.Debug|Any CPU.ActiveCfg = Debug|Any CPU
		{59220D56-694F-4306-BECE-84CFCAC53413}.Debug|Any CPU.Build.0 = Debug|Any CPU
		{59220D56-694F-4306-BECE-84CFCAC53413}.Release|Any CPU.ActiveCfg = Release|Any CPU
		{59220D56-694F-4306-BECE-84CFCAC53413}.Release|Any CPU.Build.0 = Release|Any CPU
		{C03A1003-B1D1-4255-8DD4-9BF5170F0295}.Debug|Any CPU.ActiveCfg = Debug|Any CPU
		{C03A1003-B1D1-4255-8DD4-9BF5170F0295}.Debug|Any CPU.Build.0 = Debug|Any CPU
		{C03A1003-B1D1-4255-8DD4-9BF5170F0295}.Release|Any CPU.ActiveCfg = Release|Any CPU
		{C03A1003-B1D1-4255-8DD4-9BF5170F0295}.Release|Any CPU.Build.0 = Release|Any CPU
		{B0741CEA-9649-4592-8377-95E9F3E954B8}.Debug|Any CPU.ActiveCfg = Debug|Any CPU
		{B0741CEA-9649-4592-8377-95E9F3E954B8}.Debug|Any CPU.Build.0 = Debug|Any CPU
		{B0741CEA-9649-4592-8377-95E9F3E954B8}.Release|Any CPU.ActiveCfg = Release|Any CPU
		{B0741CEA-9649-4592-8377-95E9F3E954B8}.Release|Any CPU.Build.0 = Release|Any CPU
		{4FD3CD05-582D-4B5F-99E1-5C47AFB7F7FB}.Debug|Any CPU.ActiveCfg = Debug|Any CPU
		{4FD3CD05-582D-4B5F-99E1-5C47AFB7F7FB}.Debug|Any CPU.Build.0 = Debug|Any CPU
		{4FD3CD05-582D-4B5F-99E1-5C47AFB7F7FB}.Release|Any CPU.ActiveCfg = Release|Any CPU
		{4FD3CD05-582D-4B5F-99E1-5C47AFB7F7FB}.Release|Any CPU.Build.0 = Release|Any CPU
		{59C88A08-BBE7-429F-B78F-E95DB682021B}.Debug|Any CPU.ActiveCfg = Debug|Any CPU
		{59C88A08-BBE7-429F-B78F-E95DB682021B}.Debug|Any CPU.Build.0 = Debug|Any CPU
		{59C88A08-BBE7-429F-B78F-E95DB682021B}.Release|Any CPU.ActiveCfg = Release|Any CPU
		{59C88A08-BBE7-429F-B78F-E95DB682021B}.Release|Any CPU.Build.0 = Release|Any CPU
		{950198C5-8F0C-4FD2-9D67-C86692FD4D88}.Debug|Any CPU.ActiveCfg = Debug|Any CPU
		{950198C5-8F0C-4FD2-9D67-C86692FD4D88}.Debug|Any CPU.Build.0 = Debug|Any CPU
		{950198C5-8F0C-4FD2-9D67-C86692FD4D88}.Release|Any CPU.ActiveCfg = Release|Any CPU
		{950198C5-8F0C-4FD2-9D67-C86692FD4D88}.Release|Any CPU.Build.0 = Release|Any CPU
		{4186FF0C-23D5-4CBC-A734-05C1114E22A0}.Debug|Any CPU.ActiveCfg = Debug|Any CPU
		{4186FF0C-23D5-4CBC-A734-05C1114E22A0}.Debug|Any CPU.Build.0 = Debug|Any CPU
		{4186FF0C-23D5-4CBC-A734-05C1114E22A0}.Release|Any CPU.ActiveCfg = Release|Any CPU
		{4186FF0C-23D5-4CBC-A734-05C1114E22A0}.Release|Any CPU.Build.0 = Release|Any CPU
		{7C81DD45-955B-453F-85E9-CEFBDF0549B1}.Debug|Any CPU.ActiveCfg = Debug|Any CPU
		{7C81DD45-955B-453F-85E9-CEFBDF0549B1}.Debug|Any CPU.Build.0 = Debug|Any CPU
		{7C81DD45-955B-453F-85E9-CEFBDF0549B1}.Release|Any CPU.ActiveCfg = Release|Any CPU
		{7C81DD45-955B-453F-85E9-CEFBDF0549B1}.Release|Any CPU.Build.0 = Release|Any CPU
		{13323502-0A03-45A7-8AB0-D6E5A068C7CB}.Debug|Any CPU.ActiveCfg = Debug|Any CPU
		{13323502-0A03-45A7-8AB0-D6E5A068C7CB}.Debug|Any CPU.Build.0 = Debug|Any CPU
		{13323502-0A03-45A7-8AB0-D6E5A068C7CB}.Release|Any CPU.ActiveCfg = Release|Any CPU
		{13323502-0A03-45A7-8AB0-D6E5A068C7CB}.Release|Any CPU.Build.0 = Release|Any CPU
		{E07DB9D9-55D1-4489-95AD-808F64E5323E}.Debug|Any CPU.ActiveCfg = Debug|Any CPU
		{E07DB9D9-55D1-4489-95AD-808F64E5323E}.Debug|Any CPU.Build.0 = Debug|Any CPU
		{E07DB9D9-55D1-4489-95AD-808F64E5323E}.Release|Any CPU.ActiveCfg = Release|Any CPU
		{E07DB9D9-55D1-4489-95AD-808F64E5323E}.Release|Any CPU.Build.0 = Release|Any CPU
		{E81C00FB-3ABD-47B0-9831-5047E3FC401E}.Debug|Any CPU.ActiveCfg = Debug|Any CPU
		{E81C00FB-3ABD-47B0-9831-5047E3FC401E}.Debug|Any CPU.Build.0 = Debug|Any CPU
		{E81C00FB-3ABD-47B0-9831-5047E3FC401E}.Release|Any CPU.ActiveCfg = Release|Any CPU
		{E81C00FB-3ABD-47B0-9831-5047E3FC401E}.Release|Any CPU.Build.0 = Release|Any CPU
		{F8E4C876-60B0-4730-8E85-58A98F983CED}.Debug|Any CPU.ActiveCfg = Debug|Any CPU
		{F8E4C876-60B0-4730-8E85-58A98F983CED}.Debug|Any CPU.Build.0 = Debug|Any CPU
		{F8E4C876-60B0-4730-8E85-58A98F983CED}.Release|Any CPU.ActiveCfg = Release|Any CPU
		{F8E4C876-60B0-4730-8E85-58A98F983CED}.Release|Any CPU.Build.0 = Release|Any CPU
		{535883FB-26E9-4FAB-BA83-35A2FE52AADF}.Debug|Any CPU.ActiveCfg = Debug|Any CPU
		{535883FB-26E9-4FAB-BA83-35A2FE52AADF}.Debug|Any CPU.Build.0 = Debug|Any CPU
		{535883FB-26E9-4FAB-BA83-35A2FE52AADF}.Release|Any CPU.ActiveCfg = Release|Any CPU
		{535883FB-26E9-4FAB-BA83-35A2FE52AADF}.Release|Any CPU.Build.0 = Release|Any CPU
		{6AE4C9BA-4576-45FF-B26C-835D6396C092}.Debug|Any CPU.ActiveCfg = Debug|Any CPU
		{6AE4C9BA-4576-45FF-B26C-835D6396C092}.Debug|Any CPU.Build.0 = Debug|Any CPU
		{6AE4C9BA-4576-45FF-B26C-835D6396C092}.Release|Any CPU.ActiveCfg = Release|Any CPU
		{6AE4C9BA-4576-45FF-B26C-835D6396C092}.Release|Any CPU.Build.0 = Release|Any CPU
		{EFB91666-FB39-42F9-92D9-2BEEF1688769}.Debug|Any CPU.ActiveCfg = Debug|Any CPU
		{EFB91666-FB39-42F9-92D9-2BEEF1688769}.Debug|Any CPU.Build.0 = Debug|Any CPU
		{EFB91666-FB39-42F9-92D9-2BEEF1688769}.Release|Any CPU.ActiveCfg = Release|Any CPU
		{EFB91666-FB39-42F9-92D9-2BEEF1688769}.Release|Any CPU.Build.0 = Release|Any CPU
		{860CE254-B231-4360-B609-73B50EDC785B}.Debug|Any CPU.ActiveCfg = Debug|Any CPU
		{860CE254-B231-4360-B609-73B50EDC785B}.Debug|Any CPU.Build.0 = Debug|Any CPU
		{860CE254-B231-4360-B609-73B50EDC785B}.Release|Any CPU.ActiveCfg = Release|Any CPU
		{860CE254-B231-4360-B609-73B50EDC785B}.Release|Any CPU.Build.0 = Release|Any CPU
		{C12FA6A6-E08F-4B47-A3C4-189BC6D0624B}.Debug|Any CPU.ActiveCfg = Debug|Any CPU
		{C12FA6A6-E08F-4B47-A3C4-189BC6D0624B}.Debug|Any CPU.Build.0 = Debug|Any CPU
		{C12FA6A6-E08F-4B47-A3C4-189BC6D0624B}.Release|Any CPU.ActiveCfg = Release|Any CPU
		{C12FA6A6-E08F-4B47-A3C4-189BC6D0624B}.Release|Any CPU.Build.0 = Release|Any CPU
		{98E915B1-67E9-4833-BB87-30171A8E9B7D}.Debug|Any CPU.ActiveCfg = Debug|Any CPU
		{98E915B1-67E9-4833-BB87-30171A8E9B7D}.Debug|Any CPU.Build.0 = Debug|Any CPU
		{98E915B1-67E9-4833-BB87-30171A8E9B7D}.Release|Any CPU.ActiveCfg = Release|Any CPU
		{98E915B1-67E9-4833-BB87-30171A8E9B7D}.Release|Any CPU.Build.0 = Release|Any CPU
		{C2711FEA-BA2E-4E68-AA6D-B87890229B30}.Debug|Any CPU.ActiveCfg = Debug|Any CPU
		{C2711FEA-BA2E-4E68-AA6D-B87890229B30}.Debug|Any CPU.Build.0 = Debug|Any CPU
		{C2711FEA-BA2E-4E68-AA6D-B87890229B30}.Release|Any CPU.ActiveCfg = Release|Any CPU
		{C2711FEA-BA2E-4E68-AA6D-B87890229B30}.Release|Any CPU.Build.0 = Release|Any CPU
		{749910EB-2EBB-423A-BFCC-06AFAFC01DA3}.Debug|Any CPU.ActiveCfg = Debug|Any CPU
		{749910EB-2EBB-423A-BFCC-06AFAFC01DA3}.Debug|Any CPU.Build.0 = Debug|Any CPU
		{749910EB-2EBB-423A-BFCC-06AFAFC01DA3}.Release|Any CPU.ActiveCfg = Release|Any CPU
		{749910EB-2EBB-423A-BFCC-06AFAFC01DA3}.Release|Any CPU.Build.0 = Release|Any CPU
		{286EED5D-302D-4CC1-BE49-8534436ED683}.Debug|Any CPU.ActiveCfg = Debug|Any CPU
		{286EED5D-302D-4CC1-BE49-8534436ED683}.Debug|Any CPU.Build.0 = Debug|Any CPU
		{286EED5D-302D-4CC1-BE49-8534436ED683}.Release|Any CPU.ActiveCfg = Release|Any CPU
		{286EED5D-302D-4CC1-BE49-8534436ED683}.Release|Any CPU.Build.0 = Release|Any CPU
		{4DE497C6-1E03-4E93-A5AD-B3886F3517B6}.Debug|Any CPU.ActiveCfg = Debug|Any CPU
		{4DE497C6-1E03-4E93-A5AD-B3886F3517B6}.Debug|Any CPU.Build.0 = Debug|Any CPU
		{4DE497C6-1E03-4E93-A5AD-B3886F3517B6}.Release|Any CPU.ActiveCfg = Release|Any CPU
		{4DE497C6-1E03-4E93-A5AD-B3886F3517B6}.Release|Any CPU.Build.0 = Release|Any CPU
		{D4BC407E-D0F9-488E-BCB0-16DD52AFB2F5}.Debug|Any CPU.ActiveCfg = Debug|Any CPU
		{D4BC407E-D0F9-488E-BCB0-16DD52AFB2F5}.Debug|Any CPU.Build.0 = Debug|Any CPU
		{D4BC407E-D0F9-488E-BCB0-16DD52AFB2F5}.Release|Any CPU.ActiveCfg = Release|Any CPU
		{D4BC407E-D0F9-488E-BCB0-16DD52AFB2F5}.Release|Any CPU.Build.0 = Release|Any CPU
		{411D41D1-560B-427A-B11A-AB9A2CBF3D09}.Debug|Any CPU.ActiveCfg = Debug|Any CPU
		{411D41D1-560B-427A-B11A-AB9A2CBF3D09}.Debug|Any CPU.Build.0 = Debug|Any CPU
		{411D41D1-560B-427A-B11A-AB9A2CBF3D09}.Release|Any CPU.ActiveCfg = Release|Any CPU
		{411D41D1-560B-427A-B11A-AB9A2CBF3D09}.Release|Any CPU.Build.0 = Release|Any CPU
		{2C5D0A64-1E33-45DD-86D6-AC84AE779BC3}.Debug|Any CPU.ActiveCfg = Debug|Any CPU
		{2C5D0A64-1E33-45DD-86D6-AC84AE779BC3}.Debug|Any CPU.Build.0 = Debug|Any CPU
		{2C5D0A64-1E33-45DD-86D6-AC84AE779BC3}.Release|Any CPU.ActiveCfg = Release|Any CPU
		{2C5D0A64-1E33-45DD-86D6-AC84AE779BC3}.Release|Any CPU.Build.0 = Release|Any CPU
		{F81F76B2-AE58-4859-B976-8D2828C2BDD5}.Debug|Any CPU.ActiveCfg = Debug|Any CPU
		{F81F76B2-AE58-4859-B976-8D2828C2BDD5}.Debug|Any CPU.Build.0 = Debug|Any CPU
		{F81F76B2-AE58-4859-B976-8D2828C2BDD5}.Release|Any CPU.ActiveCfg = Release|Any CPU
		{F81F76B2-AE58-4859-B976-8D2828C2BDD5}.Release|Any CPU.Build.0 = Release|Any CPU
		{80685489-6DEA-484C-A939-05C6D219E9C2}.Debug|Any CPU.ActiveCfg = Debug|Any CPU
		{80685489-6DEA-484C-A939-05C6D219E9C2}.Debug|Any CPU.Build.0 = Debug|Any CPU
		{80685489-6DEA-484C-A939-05C6D219E9C2}.Release|Any CPU.ActiveCfg = Release|Any CPU
		{80685489-6DEA-484C-A939-05C6D219E9C2}.Release|Any CPU.Build.0 = Release|Any CPU
		{13AA7692-CA3C-4422-8145-40C1345A0889}.Debug|Any CPU.ActiveCfg = Debug|Any CPU
		{13AA7692-CA3C-4422-8145-40C1345A0889}.Debug|Any CPU.Build.0 = Debug|Any CPU
		{13AA7692-CA3C-4422-8145-40C1345A0889}.Release|Any CPU.ActiveCfg = Release|Any CPU
		{13AA7692-CA3C-4422-8145-40C1345A0889}.Release|Any CPU.Build.0 = Release|Any CPU
		{2585B6B9-3C3C-4B20-9781-8C77B5D26568}.Debug|Any CPU.ActiveCfg = Debug|Any CPU
		{2585B6B9-3C3C-4B20-9781-8C77B5D26568}.Debug|Any CPU.Build.0 = Debug|Any CPU
		{2585B6B9-3C3C-4B20-9781-8C77B5D26568}.Release|Any CPU.ActiveCfg = Release|Any CPU
		{2585B6B9-3C3C-4B20-9781-8C77B5D26568}.Release|Any CPU.Build.0 = Release|Any CPU
		{943DB090-2D73-4F6D-9932-F9A636F011BC}.Debug|Any CPU.ActiveCfg = Debug|Any CPU
		{943DB090-2D73-4F6D-9932-F9A636F011BC}.Debug|Any CPU.Build.0 = Debug|Any CPU
		{943DB090-2D73-4F6D-9932-F9A636F011BC}.Release|Any CPU.ActiveCfg = Release|Any CPU
		{943DB090-2D73-4F6D-9932-F9A636F011BC}.Release|Any CPU.Build.0 = Release|Any CPU
		{276C81FD-DB4A-4D14-B3FB-CE49B79F4FED}.Debug|Any CPU.ActiveCfg = Debug|Any CPU
		{276C81FD-DB4A-4D14-B3FB-CE49B79F4FED}.Debug|Any CPU.Build.0 = Debug|Any CPU
		{276C81FD-DB4A-4D14-B3FB-CE49B79F4FED}.Release|Any CPU.ActiveCfg = Release|Any CPU
		{276C81FD-DB4A-4D14-B3FB-CE49B79F4FED}.Release|Any CPU.Build.0 = Release|Any CPU
		{E1CBAD76-0FD5-4782-B041-880A5CFFF95F}.Debug|Any CPU.ActiveCfg = Debug|Any CPU
		{E1CBAD76-0FD5-4782-B041-880A5CFFF95F}.Debug|Any CPU.Build.0 = Debug|Any CPU
		{E1CBAD76-0FD5-4782-B041-880A5CFFF95F}.Release|Any CPU.ActiveCfg = Release|Any CPU
		{E1CBAD76-0FD5-4782-B041-880A5CFFF95F}.Release|Any CPU.Build.0 = Release|Any CPU
	EndGlobalSection
	GlobalSection(SolutionProperties) = preSolution
		HideSolutionNode = FALSE
	EndGlobalSection
	GlobalSection(NestedProjects) = preSolution
		{B9EE9164-A51F-4B0F-9D32-87A97F74B772} = {D177115E-0A4F-498E-A6FE-237BC4E78E1A}
		{381D405E-B438-47A5-B501-37896B022F44} = {D177115E-0A4F-498E-A6FE-237BC4E78E1A}
		{59220D56-694F-4306-BECE-84CFCAC53413} = {D177115E-0A4F-498E-A6FE-237BC4E78E1A}
		{C03A1003-B1D1-4255-8DD4-9BF5170F0295} = {D177115E-0A4F-498E-A6FE-237BC4E78E1A}
		{B0741CEA-9649-4592-8377-95E9F3E954B8} = {D177115E-0A4F-498E-A6FE-237BC4E78E1A}
		{4FD3CD05-582D-4B5F-99E1-5C47AFB7F7FB} = {D177115E-0A4F-498E-A6FE-237BC4E78E1A}
		{59C88A08-BBE7-429F-B78F-E95DB682021B} = {D177115E-0A4F-498E-A6FE-237BC4E78E1A}
		{950198C5-8F0C-4FD2-9D67-C86692FD4D88} = {D177115E-0A4F-498E-A6FE-237BC4E78E1A}
		{4186FF0C-23D5-4CBC-A734-05C1114E22A0} = {D177115E-0A4F-498E-A6FE-237BC4E78E1A}
		{7C81DD45-955B-453F-85E9-CEFBDF0549B1} = {D177115E-0A4F-498E-A6FE-237BC4E78E1A}
		{13323502-0A03-45A7-8AB0-D6E5A068C7CB} = {423462F3-838A-4CCA-A57C-BFACF4E61873}
		{E07DB9D9-55D1-4489-95AD-808F64E5323E} = {ED9946B1-30CC-41C8-B0DD-E5B399D91B1F}
		{E81C00FB-3ABD-47B0-9831-5047E3FC401E} = {B634F468-121B-42DE-9CBC-05AF6CA6E86A}
		{F8E4C876-60B0-4730-8E85-58A98F983CED} = {DEAB77AA-1EB4-42AA-8DC3-932220B0F778}
		{535883FB-26E9-4FAB-BA83-35A2FE52AADF} = {DEAB77AA-1EB4-42AA-8DC3-932220B0F778}
		{6AE4C9BA-4576-45FF-B26C-835D6396C092} = {DEAB77AA-1EB4-42AA-8DC3-932220B0F778}
		{EFB91666-FB39-42F9-92D9-2BEEF1688769} = {AAAE4E70-E0CB-4D96-84D0-14723296748E}
		{860CE254-B231-4360-B609-73B50EDC785B} = {8A49C258-FB53-46EA-8511-F7EB3AE313BD}
		{C12FA6A6-E08F-4B47-A3C4-189BC6D0624B} = {8A49C258-FB53-46EA-8511-F7EB3AE313BD}
		{98E915B1-67E9-4833-BB87-30171A8E9B7D} = {B96F60C4-AD12-4609-926E-A05ECE24BD8F}
		{C2711FEA-BA2E-4E68-AA6D-B87890229B30} = {578997A7-F1E7-498C-BEE0-2F526EA79DB4}
		{749910EB-2EBB-423A-BFCC-06AFAFC01DA3} = {3E93367C-14CD-47DE-B08C-80F815D1CB8D}
		{286EED5D-302D-4CC1-BE49-8534436ED683} = {5EC96F3D-D22C-4FA3-B00E-F45A731A250D}
		{4DE497C6-1E03-4E93-A5AD-B3886F3517B6} = {5EC96F3D-D22C-4FA3-B00E-F45A731A250D}
		{D4BC407E-D0F9-488E-BCB0-16DD52AFB2F5} = {3FA2ED6E-4EAC-4F34-8138-9A4616273598}
		{411D41D1-560B-427A-B11A-AB9A2CBF3D09} = {A176CB59-47AD-491C-BC92-C13E8D65BFE4}
		{2C5D0A64-1E33-45DD-86D6-AC84AE779BC3} = {67D0FBF6-044D-4FA5-AEE3-3E1C9BCE8655}
		{F81F76B2-AE58-4859-B976-8D2828C2BDD5} = {67D0FBF6-044D-4FA5-AEE3-3E1C9BCE8655}
		{80685489-6DEA-484C-A939-05C6D219E9C2} = {67D0FBF6-044D-4FA5-AEE3-3E1C9BCE8655}
		{13AA7692-CA3C-4422-8145-40C1345A0889} = {67D0FBF6-044D-4FA5-AEE3-3E1C9BCE8655}
		{2585B6B9-3C3C-4B20-9781-8C77B5D26568} = {81FCB0F2-26CC-4C50-8D9C-CF19C0312636}
		{943DB090-2D73-4F6D-9932-F9A636F011BC} = {81FCB0F2-26CC-4C50-8D9C-CF19C0312636}
		{276C81FD-DB4A-4D14-B3FB-CE49B79F4FED} = {81FCB0F2-26CC-4C50-8D9C-CF19C0312636}
		{E1CBAD76-0FD5-4782-B041-880A5CFFF95F} = {C286666B-51B7-46F5-A971-FA97CB9A3213}
	EndGlobalSection
	GlobalSection(ExtensibilityGlobals) = postSolution
		SolutionGuid = {91868904-00BB-4F3C-9BAF-D09F7B347896}
	EndGlobalSection
EndGlobal
