
Microsoft Visual Studio Solution File, Format Version 12.00
# Visual Studio Version 16
VisualStudioVersion = 16.0.30320.27
MinimumVisualStudioVersion = 10.0.40219.1
Project("{FAE04EC0-301F-11D3-BF4B-00C04F79EFBC}") = "001_ObjectClass", "13_Object\001_ObjectClass.csproj", "{E7C44DBB-1269-420B-8A3B-18F5B49C7509}"
EndProject
Project("{2150E333-8FDC-42A3-9474-1A3956D46DE8}") = "01_Object", "01_Object", "{282BB516-5BC4-41F6-8471-EEA9B4217905}"
EndProject
Project("{FAE04EC0-301F-11D3-BF4B-00C04F79EFBC}") = "002_ObjectClass", "002_ObjectClass\002_ObjectClass.csproj", "{54A08BC4-C022-42AB-86A1-A2A480653D08}"
EndProject
Project("{FAE04EC0-301F-11D3-BF4B-00C04F79EFBC}") = "003_ObjectClass", "003_ObjectClass\003_ObjectClass.csproj", "{40357864-1194-415E-935C-0292A7639618}"
EndProject
Project("{FAE04EC0-301F-11D3-BF4B-00C04F79EFBC}") = "004_ObjectClass", "004_ObjectClass\004_ObjectClass.csproj", "{FD7EE197-9CEB-4762-BCFD-641604F1D263}"
EndProject
Project("{FAE04EC0-301F-11D3-BF4B-00C04F79EFBC}") = "005_ObjectClass", "005_ObjectClass\005_ObjectClass.csproj", "{6ED252D9-6797-4203-BE2F-3C41B2FE7A1E}"
EndProject
Project("{FAE04EC0-301F-11D3-BF4B-00C04F79EFBC}") = "006_ObjectClass", "006_ObjectClass\006_ObjectClass.csproj", "{16FA5724-18F6-40A3-ACB9-5E50E68BEEDF}"
EndProject
Project("{FAE04EC0-301F-11D3-BF4B-00C04F79EFBC}") = "007_ObjectClass", "007_ObjectClass\007_ObjectClass.csproj", "{313BF6BF-00C3-46D2-A418-0E1C097C6116}"
EndProject
Project("{FAE04EC0-301F-11D3-BF4B-00C04F79EFBC}") = "008_ObjectClass", "008_ObjectClass\008_ObjectClass.csproj", "{FEA8D846-05FE-43A2-B580-FF02E39C3F63}"
EndProject
Project("{FAE04EC0-301F-11D3-BF4B-00C04F79EFBC}") = "009_ObjectClass", "009_ObjectClass\009_ObjectClass.csproj", "{2E02E042-59B4-4C5C-AF50-9414E53FC8EA}"
EndProject
Project("{FAE04EC0-301F-11D3-BF4B-00C04F79EFBC}") = "010_ObjectClass", "010_ObjectClass\010_ObjectClass.csproj", "{E6DEE926-E34A-4C86-A894-BAC289260BE9}"
EndProject
Project("{FAE04EC0-301F-11D3-BF4B-00C04F79EFBC}") = "011_ObjectClass", "011_ObjectClass\011_ObjectClass.csproj", "{DB794480-66C6-46A4-B0E2-93C0A374D48B}"
EndProject
Project("{FAE04EC0-301F-11D3-BF4B-00C04F79EFBC}") = "012_ObjectClass", "012_ObjectClass\012_ObjectClass.csproj", "{82A302ED-604A-4F7E-A669-4013378BB9DE}"
EndProject
Project("{2150E333-8FDC-42A3-9474-1A3956D46DE8}") = "02__Operators", "02__Operators", "{A5721531-D079-4CB2-A28D-092E17B636CD}"
EndProject
Project("{FAE04EC0-301F-11D3-BF4B-00C04F79EFBC}") = "016__Operators", "013_Operators\016__Operators.csproj", "{F3F0D9A5-AE20-49A1-AE63-B558B3BAAC7A}"
EndProject
Project("{FAE04EC0-301F-11D3-BF4B-00C04F79EFBC}") = "017__Operators", "014_Operators\017__Operators.csproj", "{B4434F25-4F15-431A-AE7C-7736799EC318}"
EndProject
Project("{FAE04EC0-301F-11D3-BF4B-00C04F79EFBC}") = "018__Operators", "015_Operators\018__Operators.csproj", "{B2EF1F30-E77D-42C6-A745-D824408C9FDB}"
EndProject
Project("{FAE04EC0-301F-11D3-BF4B-00C04F79EFBC}") = "019__Operators", "016_Operators\019__Operators.csproj", "{0AE5C2D3-F02E-4C85-91CE-E3AE8CC37AF0}"
EndProject
Project("{FAE04EC0-301F-11D3-BF4B-00C04F79EFBC}") = "020__Operators", "017_Operators\020__Operators.csproj", "{65E885AA-2E4F-495B-B156-6699733939DC}"
EndProject
Project("{FAE04EC0-301F-11D3-BF4B-00C04F79EFBC}") = "021__Operators", "018_Operators\021__Operators.csproj", "{313AACCA-4FE9-4A45-9010-796618A0F70C}"
EndProject
Project("{FAE04EC0-301F-11D3-BF4B-00C04F79EFBC}") = "013_Prototype", "013_Prototype\013_Prototype.csproj", "{22499A20-A905-4C7E-97C2-454ED41D0FB5}"
EndProject
Project("{FAE04EC0-301F-11D3-BF4B-00C04F79EFBC}") = "014_ICloneableWork", "014_ICloneableWork\014_ICloneableWork.csproj", "{06B6F5B5-4278-4F43-8408-7686A02CDCB6}"
EndProject
Project("{FAE04EC0-301F-11D3-BF4B-00C04F79EFBC}") = "015_MemberwiseClone", "015_MemberwiseClone\015_MemberwiseClone.csproj", "{1A575B23-5B51-4A48-9CC6-569F10A4AAE5}"
EndProject
Global
	GlobalSection(SolutionConfigurationPlatforms) = preSolution
		Debug|Any CPU = Debug|Any CPU
		Release|Any CPU = Release|Any CPU
	EndGlobalSection
	GlobalSection(ProjectConfigurationPlatforms) = postSolution
		{E7C44DBB-1269-420B-8A3B-18F5B49C7509}.Debug|Any CPU.ActiveCfg = Debug|Any CPU
		{E7C44DBB-1269-420B-8A3B-18F5B49C7509}.Debug|Any CPU.Build.0 = Debug|Any CPU
		{E7C44DBB-1269-420B-8A3B-18F5B49C7509}.Release|Any CPU.ActiveCfg = Release|Any CPU
		{E7C44DBB-1269-420B-8A3B-18F5B49C7509}.Release|Any CPU.Build.0 = Release|Any CPU
		{54A08BC4-C022-42AB-86A1-A2A480653D08}.Debug|Any CPU.ActiveCfg = Debug|Any CPU
		{54A08BC4-C022-42AB-86A1-A2A480653D08}.Debug|Any CPU.Build.0 = Debug|Any CPU
		{54A08BC4-C022-42AB-86A1-A2A480653D08}.Release|Any CPU.ActiveCfg = Release|Any CPU
		{54A08BC4-C022-42AB-86A1-A2A480653D08}.Release|Any CPU.Build.0 = Release|Any CPU
		{40357864-1194-415E-935C-0292A7639618}.Debug|Any CPU.ActiveCfg = Debug|Any CPU
		{40357864-1194-415E-935C-0292A7639618}.Debug|Any CPU.Build.0 = Debug|Any CPU
		{40357864-1194-415E-935C-0292A7639618}.Release|Any CPU.ActiveCfg = Release|Any CPU
		{40357864-1194-415E-935C-0292A7639618}.Release|Any CPU.Build.0 = Release|Any CPU
		{FD7EE197-9CEB-4762-BCFD-641604F1D263}.Debug|Any CPU.ActiveCfg = Debug|Any CPU
		{FD7EE197-9CEB-4762-BCFD-641604F1D263}.Debug|Any CPU.Build.0 = Debug|Any CPU
		{FD7EE197-9CEB-4762-BCFD-641604F1D263}.Release|Any CPU.ActiveCfg = Release|Any CPU
		{FD7EE197-9CEB-4762-BCFD-641604F1D263}.Release|Any CPU.Build.0 = Release|Any CPU
		{6ED252D9-6797-4203-BE2F-3C41B2FE7A1E}.Debug|Any CPU.ActiveCfg = Debug|Any CPU
		{6ED252D9-6797-4203-BE2F-3C41B2FE7A1E}.Debug|Any CPU.Build.0 = Debug|Any CPU
		{6ED252D9-6797-4203-BE2F-3C41B2FE7A1E}.Release|Any CPU.ActiveCfg = Release|Any CPU
		{6ED252D9-6797-4203-BE2F-3C41B2FE7A1E}.Release|Any CPU.Build.0 = Release|Any CPU
		{16FA5724-18F6-40A3-ACB9-5E50E68BEEDF}.Debug|Any CPU.ActiveCfg = Debug|Any CPU
		{16FA5724-18F6-40A3-ACB9-5E50E68BEEDF}.Debug|Any CPU.Build.0 = Debug|Any CPU
		{16FA5724-18F6-40A3-ACB9-5E50E68BEEDF}.Release|Any CPU.ActiveCfg = Release|Any CPU
		{16FA5724-18F6-40A3-ACB9-5E50E68BEEDF}.Release|Any CPU.Build.0 = Release|Any CPU
		{313BF6BF-00C3-46D2-A418-0E1C097C6116}.Debug|Any CPU.ActiveCfg = Debug|Any CPU
		{313BF6BF-00C3-46D2-A418-0E1C097C6116}.Debug|Any CPU.Build.0 = Debug|Any CPU
		{313BF6BF-00C3-46D2-A418-0E1C097C6116}.Release|Any CPU.ActiveCfg = Release|Any CPU
		{313BF6BF-00C3-46D2-A418-0E1C097C6116}.Release|Any CPU.Build.0 = Release|Any CPU
		{FEA8D846-05FE-43A2-B580-FF02E39C3F63}.Debug|Any CPU.ActiveCfg = Debug|Any CPU
		{FEA8D846-05FE-43A2-B580-FF02E39C3F63}.Debug|Any CPU.Build.0 = Debug|Any CPU
		{FEA8D846-05FE-43A2-B580-FF02E39C3F63}.Release|Any CPU.ActiveCfg = Release|Any CPU
		{FEA8D846-05FE-43A2-B580-FF02E39C3F63}.Release|Any CPU.Build.0 = Release|Any CPU
		{2E02E042-59B4-4C5C-AF50-9414E53FC8EA}.Debug|Any CPU.ActiveCfg = Debug|Any CPU
		{2E02E042-59B4-4C5C-AF50-9414E53FC8EA}.Debug|Any CPU.Build.0 = Debug|Any CPU
		{2E02E042-59B4-4C5C-AF50-9414E53FC8EA}.Release|Any CPU.ActiveCfg = Release|Any CPU
		{2E02E042-59B4-4C5C-AF50-9414E53FC8EA}.Release|Any CPU.Build.0 = Release|Any CPU
		{E6DEE926-E34A-4C86-A894-BAC289260BE9}.Debug|Any CPU.ActiveCfg = Debug|Any CPU
		{E6DEE926-E34A-4C86-A894-BAC289260BE9}.Debug|Any CPU.Build.0 = Debug|Any CPU
		{E6DEE926-E34A-4C86-A894-BAC289260BE9}.Release|Any CPU.ActiveCfg = Release|Any CPU
		{E6DEE926-E34A-4C86-A894-BAC289260BE9}.Release|Any CPU.Build.0 = Release|Any CPU
		{DB794480-66C6-46A4-B0E2-93C0A374D48B}.Debug|Any CPU.ActiveCfg = Debug|Any CPU
		{DB794480-66C6-46A4-B0E2-93C0A374D48B}.Debug|Any CPU.Build.0 = Debug|Any CPU
		{DB794480-66C6-46A4-B0E2-93C0A374D48B}.Release|Any CPU.ActiveCfg = Release|Any CPU
		{DB794480-66C6-46A4-B0E2-93C0A374D48B}.Release|Any CPU.Build.0 = Release|Any CPU
		{82A302ED-604A-4F7E-A669-4013378BB9DE}.Debug|Any CPU.ActiveCfg = Debug|Any CPU
		{82A302ED-604A-4F7E-A669-4013378BB9DE}.Debug|Any CPU.Build.0 = Debug|Any CPU
		{82A302ED-604A-4F7E-A669-4013378BB9DE}.Release|Any CPU.ActiveCfg = Release|Any CPU
		{82A302ED-604A-4F7E-A669-4013378BB9DE}.Release|Any CPU.Build.0 = Release|Any CPU
		{F3F0D9A5-AE20-49A1-AE63-B558B3BAAC7A}.Debug|Any CPU.ActiveCfg = Debug|Any CPU
		{F3F0D9A5-AE20-49A1-AE63-B558B3BAAC7A}.Debug|Any CPU.Build.0 = Debug|Any CPU
		{F3F0D9A5-AE20-49A1-AE63-B558B3BAAC7A}.Release|Any CPU.ActiveCfg = Release|Any CPU
		{F3F0D9A5-AE20-49A1-AE63-B558B3BAAC7A}.Release|Any CPU.Build.0 = Release|Any CPU
		{B4434F25-4F15-431A-AE7C-7736799EC318}.Debug|Any CPU.ActiveCfg = Debug|Any CPU
		{B4434F25-4F15-431A-AE7C-7736799EC318}.Debug|Any CPU.Build.0 = Debug|Any CPU
		{B4434F25-4F15-431A-AE7C-7736799EC318}.Release|Any CPU.ActiveCfg = Release|Any CPU
		{B4434F25-4F15-431A-AE7C-7736799EC318}.Release|Any CPU.Build.0 = Release|Any CPU
		{B2EF1F30-E77D-42C6-A745-D824408C9FDB}.Debug|Any CPU.ActiveCfg = Debug|Any CPU
		{B2EF1F30-E77D-42C6-A745-D824408C9FDB}.Debug|Any CPU.Build.0 = Debug|Any CPU
		{B2EF1F30-E77D-42C6-A745-D824408C9FDB}.Release|Any CPU.ActiveCfg = Release|Any CPU
		{B2EF1F30-E77D-42C6-A745-D824408C9FDB}.Release|Any CPU.Build.0 = Release|Any CPU
		{0AE5C2D3-F02E-4C85-91CE-E3AE8CC37AF0}.Debug|Any CPU.ActiveCfg = Debug|Any CPU
		{0AE5C2D3-F02E-4C85-91CE-E3AE8CC37AF0}.Debug|Any CPU.Build.0 = Debug|Any CPU
		{0AE5C2D3-F02E-4C85-91CE-E3AE8CC37AF0}.Release|Any CPU.ActiveCfg = Release|Any CPU
		{0AE5C2D3-F02E-4C85-91CE-E3AE8CC37AF0}.Release|Any CPU.Build.0 = Release|Any CPU
		{65E885AA-2E4F-495B-B156-6699733939DC}.Debug|Any CPU.ActiveCfg = Debug|Any CPU
		{65E885AA-2E4F-495B-B156-6699733939DC}.Debug|Any CPU.Build.0 = Debug|Any CPU
		{65E885AA-2E4F-495B-B156-6699733939DC}.Release|Any CPU.ActiveCfg = Release|Any CPU
		{65E885AA-2E4F-495B-B156-6699733939DC}.Release|Any CPU.Build.0 = Release|Any CPU
		{313AACCA-4FE9-4A45-9010-796618A0F70C}.Debug|Any CPU.ActiveCfg = Debug|Any CPU
		{313AACCA-4FE9-4A45-9010-796618A0F70C}.Debug|Any CPU.Build.0 = Debug|Any CPU
		{313AACCA-4FE9-4A45-9010-796618A0F70C}.Release|Any CPU.ActiveCfg = Release|Any CPU
		{313AACCA-4FE9-4A45-9010-796618A0F70C}.Release|Any CPU.Build.0 = Release|Any CPU
		{22499A20-A905-4C7E-97C2-454ED41D0FB5}.Debug|Any CPU.ActiveCfg = Debug|Any CPU
		{22499A20-A905-4C7E-97C2-454ED41D0FB5}.Debug|Any CPU.Build.0 = Debug|Any CPU
		{22499A20-A905-4C7E-97C2-454ED41D0FB5}.Release|Any CPU.ActiveCfg = Release|Any CPU
		{22499A20-A905-4C7E-97C2-454ED41D0FB5}.Release|Any CPU.Build.0 = Release|Any CPU
		{06B6F5B5-4278-4F43-8408-7686A02CDCB6}.Debug|Any CPU.ActiveCfg = Debug|Any CPU
		{06B6F5B5-4278-4F43-8408-7686A02CDCB6}.Debug|Any CPU.Build.0 = Debug|Any CPU
		{06B6F5B5-4278-4F43-8408-7686A02CDCB6}.Release|Any CPU.ActiveCfg = Release|Any CPU
		{06B6F5B5-4278-4F43-8408-7686A02CDCB6}.Release|Any CPU.Build.0 = Release|Any CPU
		{1A575B23-5B51-4A48-9CC6-569F10A4AAE5}.Debug|Any CPU.ActiveCfg = Debug|Any CPU
		{1A575B23-5B51-4A48-9CC6-569F10A4AAE5}.Debug|Any CPU.Build.0 = Debug|Any CPU
		{1A575B23-5B51-4A48-9CC6-569F10A4AAE5}.Release|Any CPU.ActiveCfg = Release|Any CPU
		{1A575B23-5B51-4A48-9CC6-569F10A4AAE5}.Release|Any CPU.Build.0 = Release|Any CPU
	EndGlobalSection
	GlobalSection(SolutionProperties) = preSolution
		HideSolutionNode = FALSE
	EndGlobalSection
	GlobalSection(NestedProjects) = preSolution
		{E7C44DBB-1269-420B-8A3B-18F5B49C7509} = {282BB516-5BC4-41F6-8471-EEA9B4217905}
		{54A08BC4-C022-42AB-86A1-A2A480653D08} = {282BB516-5BC4-41F6-8471-EEA9B4217905}
		{40357864-1194-415E-935C-0292A7639618} = {282BB516-5BC4-41F6-8471-EEA9B4217905}
		{FD7EE197-9CEB-4762-BCFD-641604F1D263} = {282BB516-5BC4-41F6-8471-EEA9B4217905}
		{6ED252D9-6797-4203-BE2F-3C41B2FE7A1E} = {282BB516-5BC4-41F6-8471-EEA9B4217905}
		{16FA5724-18F6-40A3-ACB9-5E50E68BEEDF} = {282BB516-5BC4-41F6-8471-EEA9B4217905}
		{313BF6BF-00C3-46D2-A418-0E1C097C6116} = {282BB516-5BC4-41F6-8471-EEA9B4217905}
		{FEA8D846-05FE-43A2-B580-FF02E39C3F63} = {282BB516-5BC4-41F6-8471-EEA9B4217905}
		{2E02E042-59B4-4C5C-AF50-9414E53FC8EA} = {282BB516-5BC4-41F6-8471-EEA9B4217905}
		{E6DEE926-E34A-4C86-A894-BAC289260BE9} = {282BB516-5BC4-41F6-8471-EEA9B4217905}
		{DB794480-66C6-46A4-B0E2-93C0A374D48B} = {282BB516-5BC4-41F6-8471-EEA9B4217905}
		{82A302ED-604A-4F7E-A669-4013378BB9DE} = {282BB516-5BC4-41F6-8471-EEA9B4217905}
		{F3F0D9A5-AE20-49A1-AE63-B558B3BAAC7A} = {A5721531-D079-4CB2-A28D-092E17B636CD}
		{B4434F25-4F15-431A-AE7C-7736799EC318} = {A5721531-D079-4CB2-A28D-092E17B636CD}
		{B2EF1F30-E77D-42C6-A745-D824408C9FDB} = {A5721531-D079-4CB2-A28D-092E17B636CD}
		{0AE5C2D3-F02E-4C85-91CE-E3AE8CC37AF0} = {A5721531-D079-4CB2-A28D-092E17B636CD}
		{65E885AA-2E4F-495B-B156-6699733939DC} = {A5721531-D079-4CB2-A28D-092E17B636CD}
		{313AACCA-4FE9-4A45-9010-796618A0F70C} = {A5721531-D079-4CB2-A28D-092E17B636CD}
		{22499A20-A905-4C7E-97C2-454ED41D0FB5} = {282BB516-5BC4-41F6-8471-EEA9B4217905}
		{06B6F5B5-4278-4F43-8408-7686A02CDCB6} = {282BB516-5BC4-41F6-8471-EEA9B4217905}
		{1A575B23-5B51-4A48-9CC6-569F10A4AAE5} = {282BB516-5BC4-41F6-8471-EEA9B4217905}
	EndGlobalSection
	GlobalSection(ExtensibilityGlobals) = postSolution
		SolutionGuid = {A92D23B7-FCD6-40EB-83B9-E3684899F083}
	EndGlobalSection
EndGlobal
