
Microsoft Visual Studio Solution File, Format Version 12.00
# Visual Studio Version 16
VisualStudioVersion = 16.0.29424.173
MinimumVisualStudioVersion = 10.0.40219.1
Project("{FAE04EC0-301F-11D3-BF4B-00C04F79EFBC}") = "001_Delegates", "004_Delegates_and_Events\001_Delegates.csproj", "{FAB7271D-D5B2-4BE9-97A0-C9D08C541C75}"
EndProject
Project("{2150E333-8FDC-42A3-9474-1A3956D46DE8}") = "01_Delegates", "01_Delegates", "{C60A7106-7390-469E-87BB-233960BC3D04}"
EndProject
Project("{FAE04EC0-301F-11D3-BF4B-00C04F79EFBC}") = "002_Delegates", "002_Delegates\002_Delegates.csproj", "{7592B1E7-5C7F-434F-917A-BEE5C57EB60C}"
EndProject
Project("{FAE04EC0-301F-11D3-BF4B-00C04F79EFBC}") = "003_Delegates", "003_Delegates\003_Delegates.csproj", "{8C91359B-CBF8-4BDF-8F5C-9710BF8404E8}"
EndProject
Project("{FAE04EC0-301F-11D3-BF4B-00C04F79EFBC}") = "004_Delegates", "004_Delegates\004_Delegates.csproj", "{18EBBDC3-FA58-4431-A7D0-6FFB8F7E7044}"
EndProject
Project("{FAE04EC0-301F-11D3-BF4B-00C04F79EFBC}") = "005_Delegates", "005_Delegates\005_Delegates.csproj", "{ADB3C4F4-EBD2-4B61-A762-5A159FAA4CA0}"
EndProject
Project("{FAE04EC0-301F-11D3-BF4B-00C04F79EFBC}") = "006_Delegates", "006_Delegates\006_Delegates.csproj", "{DE2E97D5-22DA-41FC-A21D-1E1D7B9D141E}"
EndProject
Project("{FAE04EC0-301F-11D3-BF4B-00C04F79EFBC}") = "007_Delegates", "007_Delegates\007_Delegates.csproj", "{387D86C3-7435-46C3-A4A0-B7AB02AB8C07}"
EndProject
Project("{FAE04EC0-301F-11D3-BF4B-00C04F79EFBC}") = "008_Delegates", "008_Delegates\008_Delegates.csproj", "{B6BFBDBE-7EA0-4849-AF4A-4B5C5899172A}"
EndProject
Project("{FAE04EC0-301F-11D3-BF4B-00C04F79EFBC}") = "009_Delegates", "009_Delegates\009_Delegates.csproj", "{55DC7D32-FA0D-45E5-BAB8-2C95A935233A}"
EndProject
Project("{FAE04EC0-301F-11D3-BF4B-00C04F79EFBC}") = "010_Delegates", "0110_Delegates\010_Delegates.csproj", "{DF5EDB1F-47D7-4646-8368-CE7A7EF1C8B9}"
EndProject
Project("{2150E333-8FDC-42A3-9474-1A3956D46DE8}") = "02_Events", "02_Events", "{3741577F-0A5C-4CAD-82DA-494FBEDD6904}"
EndProject
Project("{FAE04EC0-301F-11D3-BF4B-00C04F79EFBC}") = "011_Delegates", "011_Delegates\011_Delegates.csproj", "{6CB2A05E-E81B-4E79-AC6B-5840A5AFF4F6}"
EndProject
Project("{FAE04EC0-301F-11D3-BF4B-00C04F79EFBC}") = "012_Delegates", "012_Delegates\012_Delegates.csproj", "{107942FC-8081-419B-A5C5-204E8D5C1D0F}"
EndProject
Project("{FAE04EC0-301F-11D3-BF4B-00C04F79EFBC}") = "013_Delegates", "013_Delegates\013_Delegates.csproj", "{CA49C0E3-0540-40ED-9CEC-D9A0868A999F}"
EndProject
Project("{FAE04EC0-301F-11D3-BF4B-00C04F79EFBC}") = "014_Delegates", "014_Delegates\014_Delegates.csproj", "{FE625978-1065-4230-9AA5-48406E705D5C}"
EndProject
Project("{FAE04EC0-301F-11D3-BF4B-00C04F79EFBC}") = "015_Delegates", "015_Delegates\015_Delegates.csproj", "{086C972B-1D2E-4CDA-A1F7-3C776C805331}"
EndProject
Project("{FAE04EC0-301F-11D3-BF4B-00C04F79EFBC}") = "016__Events", "016__Events\016__Events.csproj", "{0987532A-3B76-45A8-B1C5-BCDE85922196}"
EndProject
Project("{FAE04EC0-301F-11D3-BF4B-00C04F79EFBC}") = "017__Events", "017__Events\017__Events.csproj", "{C0FAB689-0B97-49FD-9A9E-D9657E609A6E}"
EndProject
Project("{FAE04EC0-301F-11D3-BF4B-00C04F79EFBC}") = "018__Events", "018__Events\018__Events.csproj", "{64EAC641-995B-4E1E-A9E0-F39B3B6D96B9}"
EndProject
Project("{FAE04EC0-301F-11D3-BF4B-00C04F79EFBC}") = "019__Events", "019__Events\019__Events.csproj", "{F1C68B6E-7A18-44C6-9643-B0196DD6717C}"
EndProject
Project("{FAE04EC0-301F-11D3-BF4B-00C04F79EFBC}") = "020__Events", "020__Events\020__Events.csproj", "{FD4BFCBD-DF8E-4177-8F9A-8DEDCD73AD50}"
EndProject
Project("{FAE04EC0-301F-11D3-BF4B-00C04F79EFBC}") = "021__Events", "021__Events\021__Events.csproj", "{0159A28E-79F4-4F4C-B142-7F5D60DD6842}"
EndProject
Project("{2150E333-8FDC-42A3-9474-1A3956D46DE8}") = "03_NET_Delegates", "03_NET_Delegates", "{95154DBC-A704-42CC-A415-AA99240E16C6}"
EndProject
Project("{FAE04EC0-301F-11D3-BF4B-00C04F79EFBC}") = "022__Action", "022__Action\022__Action.csproj", "{FA10C546-473C-4966-A724-07A8F328089E}"
EndProject
Project("{FAE04EC0-301F-11D3-BF4B-00C04F79EFBC}") = "023__Predicate", "023__Predicate\023__Predicate.csproj", "{1F834151-56FA-470B-8B0B-056D6D792D6E}"
EndProject
Project("{FAE04EC0-301F-11D3-BF4B-00C04F79EFBC}") = "024_Func", "024_Func\024_Func.csproj", "{AA19E537-CECB-4E18-BBFE-8367F25D0860}"
EndProject
Project("{2150E333-8FDC-42A3-9474-1A3956D46DE8}") = "04_Covariance_and_Contravariance", "04_Covariance_and_Contravariance", "{BD507216-2F9D-4B03-A5AF-76625167DA53}"
EndProject
Project("{FAE04EC0-301F-11D3-BF4B-00C04F79EFBC}") = "025_Delegates_Covariance", "025_Delegates_Covariance\025_Delegates_Covariance.csproj", "{951C2D68-0698-4110-9713-9856B7C83B03}"
EndProject
Project("{FAE04EC0-301F-11D3-BF4B-00C04F79EFBC}") = "026_Delegates_Contravariance", "026_Delegates_Contravariance\026_Delegates_Contravariance.csproj", "{40585F96-55A1-44DE-9251-477DF6C0F886}"
EndProject
Project("{2150E333-8FDC-42A3-9474-1A3956D46DE8}") = "05_Events", "05_Events", "{804BF8CC-AE01-4F78-9EC1-B412AFD49934}"
EndProject
Project("{FAE04EC0-301F-11D3-BF4B-00C04F79EFBC}") = "028_Events", "F:\ITEA - Продвинутый курс по С#\004_Делегаты_И_События\004_Delegates_and_Events\028_Events\028_Events.csproj", "{7821DECC-5FCC-402B-938E-EB55F13045FF}"
EndProject
Project("{FAE04EC0-301F-11D3-BF4B-00C04F79EFBC}") = "027_Delegates_Win_Form", "F:\ITEA - Продвинутый курс по С#\004_Делегаты_И_События\004_Delegates_and_Events\027_Events_\027_Delegates_Win_Form.csproj", "{31649ABA-451F-4190-A437-BCC9D1CA1AC6}"
EndProject
Project("{FAE04EC0-301F-11D3-BF4B-00C04F79EFBC}") = "029_Events", "F:\ITEA - Продвинутый курс по С#\004_Делегаты_И_События\004_Delegates_and_Events\027_Events\029_Events.csproj", "{6ADED3AB-A12C-4720-8BC9-048D5BF23A0C}"
EndProject
Global
	GlobalSection(SolutionConfigurationPlatforms) = preSolution
		Debug|Any CPU = Debug|Any CPU
		Release|Any CPU = Release|Any CPU
	EndGlobalSection
	GlobalSection(ProjectConfigurationPlatforms) = postSolution
		{FAB7271D-D5B2-4BE9-97A0-C9D08C541C75}.Debug|Any CPU.ActiveCfg = Debug|Any CPU
		{FAB7271D-D5B2-4BE9-97A0-C9D08C541C75}.Debug|Any CPU.Build.0 = Debug|Any CPU
		{FAB7271D-D5B2-4BE9-97A0-C9D08C541C75}.Release|Any CPU.ActiveCfg = Release|Any CPU
		{FAB7271D-D5B2-4BE9-97A0-C9D08C541C75}.Release|Any CPU.Build.0 = Release|Any CPU
		{7592B1E7-5C7F-434F-917A-BEE5C57EB60C}.Debug|Any CPU.ActiveCfg = Debug|Any CPU
		{7592B1E7-5C7F-434F-917A-BEE5C57EB60C}.Debug|Any CPU.Build.0 = Debug|Any CPU
		{7592B1E7-5C7F-434F-917A-BEE5C57EB60C}.Release|Any CPU.ActiveCfg = Release|Any CPU
		{7592B1E7-5C7F-434F-917A-BEE5C57EB60C}.Release|Any CPU.Build.0 = Release|Any CPU
		{8C91359B-CBF8-4BDF-8F5C-9710BF8404E8}.Debug|Any CPU.ActiveCfg = Debug|Any CPU
		{8C91359B-CBF8-4BDF-8F5C-9710BF8404E8}.Debug|Any CPU.Build.0 = Debug|Any CPU
		{8C91359B-CBF8-4BDF-8F5C-9710BF8404E8}.Release|Any CPU.ActiveCfg = Release|Any CPU
		{8C91359B-CBF8-4BDF-8F5C-9710BF8404E8}.Release|Any CPU.Build.0 = Release|Any CPU
		{18EBBDC3-FA58-4431-A7D0-6FFB8F7E7044}.Debug|Any CPU.ActiveCfg = Debug|Any CPU
		{18EBBDC3-FA58-4431-A7D0-6FFB8F7E7044}.Debug|Any CPU.Build.0 = Debug|Any CPU
		{18EBBDC3-FA58-4431-A7D0-6FFB8F7E7044}.Release|Any CPU.ActiveCfg = Release|Any CPU
		{18EBBDC3-FA58-4431-A7D0-6FFB8F7E7044}.Release|Any CPU.Build.0 = Release|Any CPU
		{ADB3C4F4-EBD2-4B61-A762-5A159FAA4CA0}.Debug|Any CPU.ActiveCfg = Debug|Any CPU
		{ADB3C4F4-EBD2-4B61-A762-5A159FAA4CA0}.Debug|Any CPU.Build.0 = Debug|Any CPU
		{ADB3C4F4-EBD2-4B61-A762-5A159FAA4CA0}.Release|Any CPU.ActiveCfg = Release|Any CPU
		{ADB3C4F4-EBD2-4B61-A762-5A159FAA4CA0}.Release|Any CPU.Build.0 = Release|Any CPU
		{DE2E97D5-22DA-41FC-A21D-1E1D7B9D141E}.Debug|Any CPU.ActiveCfg = Debug|Any CPU
		{DE2E97D5-22DA-41FC-A21D-1E1D7B9D141E}.Debug|Any CPU.Build.0 = Debug|Any CPU
		{DE2E97D5-22DA-41FC-A21D-1E1D7B9D141E}.Release|Any CPU.ActiveCfg = Release|Any CPU
		{DE2E97D5-22DA-41FC-A21D-1E1D7B9D141E}.Release|Any CPU.Build.0 = Release|Any CPU
		{387D86C3-7435-46C3-A4A0-B7AB02AB8C07}.Debug|Any CPU.ActiveCfg = Debug|Any CPU
		{387D86C3-7435-46C3-A4A0-B7AB02AB8C07}.Debug|Any CPU.Build.0 = Debug|Any CPU
		{387D86C3-7435-46C3-A4A0-B7AB02AB8C07}.Release|Any CPU.ActiveCfg = Release|Any CPU
		{387D86C3-7435-46C3-A4A0-B7AB02AB8C07}.Release|Any CPU.Build.0 = Release|Any CPU
		{B6BFBDBE-7EA0-4849-AF4A-4B5C5899172A}.Debug|Any CPU.ActiveCfg = Debug|Any CPU
		{B6BFBDBE-7EA0-4849-AF4A-4B5C5899172A}.Debug|Any CPU.Build.0 = Debug|Any CPU
		{B6BFBDBE-7EA0-4849-AF4A-4B5C5899172A}.Release|Any CPU.ActiveCfg = Release|Any CPU
		{B6BFBDBE-7EA0-4849-AF4A-4B5C5899172A}.Release|Any CPU.Build.0 = Release|Any CPU
		{55DC7D32-FA0D-45E5-BAB8-2C95A935233A}.Debug|Any CPU.ActiveCfg = Debug|Any CPU
		{55DC7D32-FA0D-45E5-BAB8-2C95A935233A}.Debug|Any CPU.Build.0 = Debug|Any CPU
		{55DC7D32-FA0D-45E5-BAB8-2C95A935233A}.Release|Any CPU.ActiveCfg = Release|Any CPU
		{55DC7D32-FA0D-45E5-BAB8-2C95A935233A}.Release|Any CPU.Build.0 = Release|Any CPU
		{DF5EDB1F-47D7-4646-8368-CE7A7EF1C8B9}.Debug|Any CPU.ActiveCfg = Debug|Any CPU
		{DF5EDB1F-47D7-4646-8368-CE7A7EF1C8B9}.Debug|Any CPU.Build.0 = Debug|Any CPU
		{DF5EDB1F-47D7-4646-8368-CE7A7EF1C8B9}.Release|Any CPU.ActiveCfg = Release|Any CPU
		{DF5EDB1F-47D7-4646-8368-CE7A7EF1C8B9}.Release|Any CPU.Build.0 = Release|Any CPU
		{6CB2A05E-E81B-4E79-AC6B-5840A5AFF4F6}.Debug|Any CPU.ActiveCfg = Debug|Any CPU
		{6CB2A05E-E81B-4E79-AC6B-5840A5AFF4F6}.Debug|Any CPU.Build.0 = Debug|Any CPU
		{6CB2A05E-E81B-4E79-AC6B-5840A5AFF4F6}.Release|Any CPU.ActiveCfg = Release|Any CPU
		{6CB2A05E-E81B-4E79-AC6B-5840A5AFF4F6}.Release|Any CPU.Build.0 = Release|Any CPU
		{107942FC-8081-419B-A5C5-204E8D5C1D0F}.Debug|Any CPU.ActiveCfg = Debug|Any CPU
		{107942FC-8081-419B-A5C5-204E8D5C1D0F}.Debug|Any CPU.Build.0 = Debug|Any CPU
		{107942FC-8081-419B-A5C5-204E8D5C1D0F}.Release|Any CPU.ActiveCfg = Release|Any CPU
		{107942FC-8081-419B-A5C5-204E8D5C1D0F}.Release|Any CPU.Build.0 = Release|Any CPU
		{CA49C0E3-0540-40ED-9CEC-D9A0868A999F}.Debug|Any CPU.ActiveCfg = Debug|Any CPU
		{CA49C0E3-0540-40ED-9CEC-D9A0868A999F}.Debug|Any CPU.Build.0 = Debug|Any CPU
		{CA49C0E3-0540-40ED-9CEC-D9A0868A999F}.Release|Any CPU.ActiveCfg = Release|Any CPU
		{CA49C0E3-0540-40ED-9CEC-D9A0868A999F}.Release|Any CPU.Build.0 = Release|Any CPU
		{FE625978-1065-4230-9AA5-48406E705D5C}.Debug|Any CPU.ActiveCfg = Debug|Any CPU
		{FE625978-1065-4230-9AA5-48406E705D5C}.Debug|Any CPU.Build.0 = Debug|Any CPU
		{FE625978-1065-4230-9AA5-48406E705D5C}.Release|Any CPU.ActiveCfg = Release|Any CPU
		{FE625978-1065-4230-9AA5-48406E705D5C}.Release|Any CPU.Build.0 = Release|Any CPU
		{086C972B-1D2E-4CDA-A1F7-3C776C805331}.Debug|Any CPU.ActiveCfg = Debug|Any CPU
		{086C972B-1D2E-4CDA-A1F7-3C776C805331}.Debug|Any CPU.Build.0 = Debug|Any CPU
		{086C972B-1D2E-4CDA-A1F7-3C776C805331}.Release|Any CPU.ActiveCfg = Release|Any CPU
		{086C972B-1D2E-4CDA-A1F7-3C776C805331}.Release|Any CPU.Build.0 = Release|Any CPU
		{0987532A-3B76-45A8-B1C5-BCDE85922196}.Debug|Any CPU.ActiveCfg = Debug|Any CPU
		{0987532A-3B76-45A8-B1C5-BCDE85922196}.Debug|Any CPU.Build.0 = Debug|Any CPU
		{0987532A-3B76-45A8-B1C5-BCDE85922196}.Release|Any CPU.ActiveCfg = Release|Any CPU
		{0987532A-3B76-45A8-B1C5-BCDE85922196}.Release|Any CPU.Build.0 = Release|Any CPU
		{C0FAB689-0B97-49FD-9A9E-D9657E609A6E}.Debug|Any CPU.ActiveCfg = Debug|Any CPU
		{C0FAB689-0B97-49FD-9A9E-D9657E609A6E}.Debug|Any CPU.Build.0 = Debug|Any CPU
		{C0FAB689-0B97-49FD-9A9E-D9657E609A6E}.Release|Any CPU.ActiveCfg = Release|Any CPU
		{C0FAB689-0B97-49FD-9A9E-D9657E609A6E}.Release|Any CPU.Build.0 = Release|Any CPU
		{64EAC641-995B-4E1E-A9E0-F39B3B6D96B9}.Debug|Any CPU.ActiveCfg = Debug|Any CPU
		{64EAC641-995B-4E1E-A9E0-F39B3B6D96B9}.Debug|Any CPU.Build.0 = Debug|Any CPU
		{64EAC641-995B-4E1E-A9E0-F39B3B6D96B9}.Release|Any CPU.ActiveCfg = Release|Any CPU
		{64EAC641-995B-4E1E-A9E0-F39B3B6D96B9}.Release|Any CPU.Build.0 = Release|Any CPU
		{F1C68B6E-7A18-44C6-9643-B0196DD6717C}.Debug|Any CPU.ActiveCfg = Debug|Any CPU
		{F1C68B6E-7A18-44C6-9643-B0196DD6717C}.Debug|Any CPU.Build.0 = Debug|Any CPU
		{F1C68B6E-7A18-44C6-9643-B0196DD6717C}.Release|Any CPU.ActiveCfg = Release|Any CPU
		{F1C68B6E-7A18-44C6-9643-B0196DD6717C}.Release|Any CPU.Build.0 = Release|Any CPU
		{FD4BFCBD-DF8E-4177-8F9A-8DEDCD73AD50}.Debug|Any CPU.ActiveCfg = Debug|Any CPU
		{FD4BFCBD-DF8E-4177-8F9A-8DEDCD73AD50}.Debug|Any CPU.Build.0 = Debug|Any CPU
		{FD4BFCBD-DF8E-4177-8F9A-8DEDCD73AD50}.Release|Any CPU.ActiveCfg = Release|Any CPU
		{FD4BFCBD-DF8E-4177-8F9A-8DEDCD73AD50}.Release|Any CPU.Build.0 = Release|Any CPU
		{0159A28E-79F4-4F4C-B142-7F5D60DD6842}.Debug|Any CPU.ActiveCfg = Debug|Any CPU
		{0159A28E-79F4-4F4C-B142-7F5D60DD6842}.Debug|Any CPU.Build.0 = Debug|Any CPU
		{0159A28E-79F4-4F4C-B142-7F5D60DD6842}.Release|Any CPU.ActiveCfg = Release|Any CPU
		{0159A28E-79F4-4F4C-B142-7F5D60DD6842}.Release|Any CPU.Build.0 = Release|Any CPU
		{FA10C546-473C-4966-A724-07A8F328089E}.Debug|Any CPU.ActiveCfg = Debug|Any CPU
		{FA10C546-473C-4966-A724-07A8F328089E}.Debug|Any CPU.Build.0 = Debug|Any CPU
		{FA10C546-473C-4966-A724-07A8F328089E}.Release|Any CPU.ActiveCfg = Release|Any CPU
		{FA10C546-473C-4966-A724-07A8F328089E}.Release|Any CPU.Build.0 = Release|Any CPU
		{1F834151-56FA-470B-8B0B-056D6D792D6E}.Debug|Any CPU.ActiveCfg = Debug|Any CPU
		{1F834151-56FA-470B-8B0B-056D6D792D6E}.Debug|Any CPU.Build.0 = Debug|Any CPU
		{1F834151-56FA-470B-8B0B-056D6D792D6E}.Release|Any CPU.ActiveCfg = Release|Any CPU
		{1F834151-56FA-470B-8B0B-056D6D792D6E}.Release|Any CPU.Build.0 = Release|Any CPU
		{AA19E537-CECB-4E18-BBFE-8367F25D0860}.Debug|Any CPU.ActiveCfg = Debug|Any CPU
		{AA19E537-CECB-4E18-BBFE-8367F25D0860}.Debug|Any CPU.Build.0 = Debug|Any CPU
		{AA19E537-CECB-4E18-BBFE-8367F25D0860}.Release|Any CPU.ActiveCfg = Release|Any CPU
		{AA19E537-CECB-4E18-BBFE-8367F25D0860}.Release|Any CPU.Build.0 = Release|Any CPU
		{951C2D68-0698-4110-9713-9856B7C83B03}.Debug|Any CPU.ActiveCfg = Debug|Any CPU
		{951C2D68-0698-4110-9713-9856B7C83B03}.Debug|Any CPU.Build.0 = Debug|Any CPU
		{951C2D68-0698-4110-9713-9856B7C83B03}.Release|Any CPU.ActiveCfg = Release|Any CPU
		{951C2D68-0698-4110-9713-9856B7C83B03}.Release|Any CPU.Build.0 = Release|Any CPU
		{40585F96-55A1-44DE-9251-477DF6C0F886}.Debug|Any CPU.ActiveCfg = Debug|Any CPU
		{40585F96-55A1-44DE-9251-477DF6C0F886}.Debug|Any CPU.Build.0 = Debug|Any CPU
		{40585F96-55A1-44DE-9251-477DF6C0F886}.Release|Any CPU.ActiveCfg = Release|Any CPU
		{40585F96-55A1-44DE-9251-477DF6C0F886}.Release|Any CPU.Build.0 = Release|Any CPU
		{7821DECC-5FCC-402B-938E-EB55F13045FF}.Debug|Any CPU.ActiveCfg = Debug|Any CPU
		{7821DECC-5FCC-402B-938E-EB55F13045FF}.Debug|Any CPU.Build.0 = Debug|Any CPU
		{7821DECC-5FCC-402B-938E-EB55F13045FF}.Release|Any CPU.ActiveCfg = Release|Any CPU
		{7821DECC-5FCC-402B-938E-EB55F13045FF}.Release|Any CPU.Build.0 = Release|Any CPU
		{31649ABA-451F-4190-A437-BCC9D1CA1AC6}.Debug|Any CPU.ActiveCfg = Debug|Any CPU
		{31649ABA-451F-4190-A437-BCC9D1CA1AC6}.Debug|Any CPU.Build.0 = Debug|Any CPU
		{31649ABA-451F-4190-A437-BCC9D1CA1AC6}.Release|Any CPU.ActiveCfg = Release|Any CPU
		{31649ABA-451F-4190-A437-BCC9D1CA1AC6}.Release|Any CPU.Build.0 = Release|Any CPU
		{6ADED3AB-A12C-4720-8BC9-048D5BF23A0C}.Debug|Any CPU.ActiveCfg = Debug|Any CPU
		{6ADED3AB-A12C-4720-8BC9-048D5BF23A0C}.Debug|Any CPU.Build.0 = Debug|Any CPU
		{6ADED3AB-A12C-4720-8BC9-048D5BF23A0C}.Release|Any CPU.ActiveCfg = Release|Any CPU
		{6ADED3AB-A12C-4720-8BC9-048D5BF23A0C}.Release|Any CPU.Build.0 = Release|Any CPU
	EndGlobalSection
	GlobalSection(SolutionProperties) = preSolution
		HideSolutionNode = FALSE
	EndGlobalSection
	GlobalSection(NestedProjects) = preSolution
		{FAB7271D-D5B2-4BE9-97A0-C9D08C541C75} = {C60A7106-7390-469E-87BB-233960BC3D04}
		{7592B1E7-5C7F-434F-917A-BEE5C57EB60C} = {C60A7106-7390-469E-87BB-233960BC3D04}
		{8C91359B-CBF8-4BDF-8F5C-9710BF8404E8} = {C60A7106-7390-469E-87BB-233960BC3D04}
		{18EBBDC3-FA58-4431-A7D0-6FFB8F7E7044} = {C60A7106-7390-469E-87BB-233960BC3D04}
		{ADB3C4F4-EBD2-4B61-A762-5A159FAA4CA0} = {C60A7106-7390-469E-87BB-233960BC3D04}
		{DE2E97D5-22DA-41FC-A21D-1E1D7B9D141E} = {C60A7106-7390-469E-87BB-233960BC3D04}
		{387D86C3-7435-46C3-A4A0-B7AB02AB8C07} = {C60A7106-7390-469E-87BB-233960BC3D04}
		{B6BFBDBE-7EA0-4849-AF4A-4B5C5899172A} = {C60A7106-7390-469E-87BB-233960BC3D04}
		{55DC7D32-FA0D-45E5-BAB8-2C95A935233A} = {C60A7106-7390-469E-87BB-233960BC3D04}
		{DF5EDB1F-47D7-4646-8368-CE7A7EF1C8B9} = {C60A7106-7390-469E-87BB-233960BC3D04}
		{6CB2A05E-E81B-4E79-AC6B-5840A5AFF4F6} = {C60A7106-7390-469E-87BB-233960BC3D04}
		{107942FC-8081-419B-A5C5-204E8D5C1D0F} = {C60A7106-7390-469E-87BB-233960BC3D04}
		{CA49C0E3-0540-40ED-9CEC-D9A0868A999F} = {C60A7106-7390-469E-87BB-233960BC3D04}
		{FE625978-1065-4230-9AA5-48406E705D5C} = {C60A7106-7390-469E-87BB-233960BC3D04}
		{086C972B-1D2E-4CDA-A1F7-3C776C805331} = {C60A7106-7390-469E-87BB-233960BC3D04}
		{0987532A-3B76-45A8-B1C5-BCDE85922196} = {3741577F-0A5C-4CAD-82DA-494FBEDD6904}
		{C0FAB689-0B97-49FD-9A9E-D9657E609A6E} = {3741577F-0A5C-4CAD-82DA-494FBEDD6904}
		{64EAC641-995B-4E1E-A9E0-F39B3B6D96B9} = {3741577F-0A5C-4CAD-82DA-494FBEDD6904}
		{F1C68B6E-7A18-44C6-9643-B0196DD6717C} = {3741577F-0A5C-4CAD-82DA-494FBEDD6904}
		{FD4BFCBD-DF8E-4177-8F9A-8DEDCD73AD50} = {3741577F-0A5C-4CAD-82DA-494FBEDD6904}
		{0159A28E-79F4-4F4C-B142-7F5D60DD6842} = {3741577F-0A5C-4CAD-82DA-494FBEDD6904}
		{FA10C546-473C-4966-A724-07A8F328089E} = {95154DBC-A704-42CC-A415-AA99240E16C6}
		{1F834151-56FA-470B-8B0B-056D6D792D6E} = {95154DBC-A704-42CC-A415-AA99240E16C6}
		{AA19E537-CECB-4E18-BBFE-8367F25D0860} = {95154DBC-A704-42CC-A415-AA99240E16C6}
		{951C2D68-0698-4110-9713-9856B7C83B03} = {BD507216-2F9D-4B03-A5AF-76625167DA53}
		{40585F96-55A1-44DE-9251-477DF6C0F886} = {BD507216-2F9D-4B03-A5AF-76625167DA53}
		{7821DECC-5FCC-402B-938E-EB55F13045FF} = {804BF8CC-AE01-4F78-9EC1-B412AFD49934}
		{31649ABA-451F-4190-A437-BCC9D1CA1AC6} = {804BF8CC-AE01-4F78-9EC1-B412AFD49934}
		{6ADED3AB-A12C-4720-8BC9-048D5BF23A0C} = {804BF8CC-AE01-4F78-9EC1-B412AFD49934}
	EndGlobalSection
	GlobalSection(ExtensibilityGlobals) = postSolution
		SolutionGuid = {1910E93E-09B2-4EB1-8EB2-9DBF182B9BE0}
	EndGlobalSection
EndGlobal
