
Microsoft Visual Studio Solution File, Format Version 12.00
# Visual Studio Version 16
VisualStudioVersion = 16.0.29424.173
MinimumVisualStudioVersion = 10.0.40219.1
Project("{FAE04EC0-301F-11D3-BF4B-00C04F79EFBC}") = "001_Generics", "001_Generics\001_Generics.csproj", "{7FAB916A-C451-412B-A7FF-435D88EE3356}"
EndProject
Project("{FAE04EC0-301F-11D3-BF4B-00C04F79EFBC}") = "002_Generics", "002_Generics\002_Generics.csproj", "{95AB05A5-4AD6-4B20-9740-BBBA3B9C6929}"
EndProject
Project("{FAE04EC0-301F-11D3-BF4B-00C04F79EFBC}") = "003_Generics", "003_Generics\003_Generics.csproj", "{8223053D-A4BA-40FA-8D18-190E8CC67683}"
EndProject
Project("{FAE04EC0-301F-11D3-BF4B-00C04F79EFBC}") = "004_Generics", "004_Generics\004_Generics.csproj", "{FE485514-F88C-477A-A99D-463D5479B108}"
EndProject
Project("{FAE04EC0-301F-11D3-BF4B-00C04F79EFBC}") = "005_Generics", "005_Generics\005_Generics.csproj", "{B4FF2B18-9AA4-41F6-B225-9070AEE721A9}"
EndProject
Project("{FAE04EC0-301F-11D3-BF4B-00C04F79EFBC}") = "006_Generics", "006_Generics\006_Generics.csproj", "{DF00EBD5-1F20-456D-BAAD-CFA91013316D}"
EndProject
Project("{FAE04EC0-301F-11D3-BF4B-00C04F79EFBC}") = "007_Generics", "007_Generics\007_Generics.csproj", "{A5915679-D6A8-4509-9D93-92278BF9C527}"
EndProject
Project("{FAE04EC0-301F-11D3-BF4B-00C04F79EFBC}") = "008_Generics", "008_Generics\008_Generics.csproj", "{344992BC-2FF4-42B1-B2F4-6CE59E7E50E0}"
EndProject
Project("{FAE04EC0-301F-11D3-BF4B-00C04F79EFBC}") = "009_Generics", "009_Generics\009_Generics.csproj", "{B2E0558F-A03C-4449-9443-BCBBE003B984}"
EndProject
Project("{FAE04EC0-301F-11D3-BF4B-00C04F79EFBC}") = "010_Generics", "010_Generics\010_Generics.csproj", "{1EACA2A9-98A6-4F34-8676-92883F15B7A4}"
EndProject
Project("{FAE04EC0-301F-11D3-BF4B-00C04F79EFBC}") = "020_Generics", "011_Generics\020_Generics.csproj", "{2BA9B74B-3773-47DF-B5E9-0834CE6D08CD}"
EndProject
Project("{FAE04EC0-301F-11D3-BF4B-00C04F79EFBC}") = "021_Generics", "012_Generics\021_Generics.csproj", "{A8267C5A-E0FC-4791-9874-ADD696E590D3}"
EndProject
Project("{FAE04EC0-301F-11D3-BF4B-00C04F79EFBC}") = "011_Generics", "013_Generics\011_Generics.csproj", "{23C6A069-11CF-4AE6-B09C-756EEF88EE3C}"
EndProject
Project("{FAE04EC0-301F-11D3-BF4B-00C04F79EFBC}") = "013_Generics", "014_Generics\013_Generics.csproj", "{7DF2250F-D03E-4316-96BA-4C74426CB435}"
EndProject
Project("{FAE04EC0-301F-11D3-BF4B-00C04F79EFBC}") = "012_Generics", "015_Generics\012_Generics.csproj", "{F4A89F7D-1A71-4742-B6EA-4BEF0C881906}"
EndProject
Project("{FAE04EC0-301F-11D3-BF4B-00C04F79EFBC}") = "014_Generics", "016_Generics\014_Generics.csproj", "{014A7C19-9FD1-44DA-A497-B27E3EB56377}"
EndProject
Project("{FAE04EC0-301F-11D3-BF4B-00C04F79EFBC}") = "015_Generics", "017_Generics\015_Generics.csproj", "{74C39113-4CD3-4942-AE5D-656A1AA44BBE}"
EndProject
Project("{FAE04EC0-301F-11D3-BF4B-00C04F79EFBC}") = "016_Generics", "018_Generics\016_Generics.csproj", "{D2D6309C-0650-4C6A-9C87-D285E2B9692B}"
EndProject
Project("{FAE04EC0-301F-11D3-BF4B-00C04F79EFBC}") = "017_Generics", "019_Generics\017_Generics.csproj", "{1D7D977E-9C2A-4DD8-AB59-BE6A81EF9A5A}"
EndProject
Project("{FAE04EC0-301F-11D3-BF4B-00C04F79EFBC}") = "018_Generics", "020_Generics\018_Generics.csproj", "{272D4CE5-6FEF-48DD-AFCF-E88C865312C3}"
EndProject
Project("{FAE04EC0-301F-11D3-BF4B-00C04F79EFBC}") = "019_Generics", "021_Generics\019_Generics.csproj", "{99A7B42B-1528-4D2D-A5E5-378196AA6448}"
EndProject
Project("{FAE04EC0-301F-11D3-BF4B-00C04F79EFBC}") = "022_Generics", "0212_Generics\022_Generics.csproj", "{9D89E514-1110-4365-A870-DD5F86AAB140}"
EndProject
Project("{FAE04EC0-301F-11D3-BF4B-00C04F79EFBC}") = "023_Generics", "023_Generics\023_Generics.csproj", "{5A13FF02-02AA-43AA-B23C-9F237D793799}"
EndProject
Project("{FAE04EC0-301F-11D3-BF4B-00C04F79EFBC}") = "024_Generics", "024_Generics\024_Generics.csproj", "{F0CFA0EF-9F81-4857-8FCA-B799147E5E62}"
EndProject
Project("{FAE04EC0-301F-11D3-BF4B-00C04F79EFBC}") = "025_Generics", "025_Generics\025_Generics.csproj", "{F643CAA9-0DFF-46A2-BEB1-38BA36E686DC}"
EndProject
Project("{FAE04EC0-301F-11D3-BF4B-00C04F79EFBC}") = "026_Generics", "026_Generics\026_Generics.csproj", "{4C7836CF-9317-4B2E-A492-C2F60B7C725C}"
EndProject
Project("{FAE04EC0-301F-11D3-BF4B-00C04F79EFBC}") = "027_Generics", "027_Generics\027_Generics.csproj", "{1A9F48E5-9FFF-4C78-B94A-336FAA6C8819}"
EndProject
Global
	GlobalSection(SolutionConfigurationPlatforms) = preSolution
		Debug|Any CPU = Debug|Any CPU
		Release|Any CPU = Release|Any CPU
	EndGlobalSection
	GlobalSection(ProjectConfigurationPlatforms) = postSolution
		{7FAB916A-C451-412B-A7FF-435D88EE3356}.Debug|Any CPU.ActiveCfg = Debug|Any CPU
		{7FAB916A-C451-412B-A7FF-435D88EE3356}.Debug|Any CPU.Build.0 = Debug|Any CPU
		{7FAB916A-C451-412B-A7FF-435D88EE3356}.Release|Any CPU.ActiveCfg = Release|Any CPU
		{7FAB916A-C451-412B-A7FF-435D88EE3356}.Release|Any CPU.Build.0 = Release|Any CPU
		{95AB05A5-4AD6-4B20-9740-BBBA3B9C6929}.Debug|Any CPU.ActiveCfg = Debug|Any CPU
		{95AB05A5-4AD6-4B20-9740-BBBA3B9C6929}.Debug|Any CPU.Build.0 = Debug|Any CPU
		{95AB05A5-4AD6-4B20-9740-BBBA3B9C6929}.Release|Any CPU.ActiveCfg = Release|Any CPU
		{95AB05A5-4AD6-4B20-9740-BBBA3B9C6929}.Release|Any CPU.Build.0 = Release|Any CPU
		{8223053D-A4BA-40FA-8D18-190E8CC67683}.Debug|Any CPU.ActiveCfg = Debug|Any CPU
		{8223053D-A4BA-40FA-8D18-190E8CC67683}.Debug|Any CPU.Build.0 = Debug|Any CPU
		{8223053D-A4BA-40FA-8D18-190E8CC67683}.Release|Any CPU.ActiveCfg = Release|Any CPU
		{8223053D-A4BA-40FA-8D18-190E8CC67683}.Release|Any CPU.Build.0 = Release|Any CPU
		{FE485514-F88C-477A-A99D-463D5479B108}.Debug|Any CPU.ActiveCfg = Debug|Any CPU
		{FE485514-F88C-477A-A99D-463D5479B108}.Debug|Any CPU.Build.0 = Debug|Any CPU
		{FE485514-F88C-477A-A99D-463D5479B108}.Release|Any CPU.ActiveCfg = Release|Any CPU
		{FE485514-F88C-477A-A99D-463D5479B108}.Release|Any CPU.Build.0 = Release|Any CPU
		{B4FF2B18-9AA4-41F6-B225-9070AEE721A9}.Debug|Any CPU.ActiveCfg = Debug|Any CPU
		{B4FF2B18-9AA4-41F6-B225-9070AEE721A9}.Debug|Any CPU.Build.0 = Debug|Any CPU
		{B4FF2B18-9AA4-41F6-B225-9070AEE721A9}.Release|Any CPU.ActiveCfg = Release|Any CPU
		{B4FF2B18-9AA4-41F6-B225-9070AEE721A9}.Release|Any CPU.Build.0 = Release|Any CPU
		{DF00EBD5-1F20-456D-BAAD-CFA91013316D}.Debug|Any CPU.ActiveCfg = Debug|Any CPU
		{DF00EBD5-1F20-456D-BAAD-CFA91013316D}.Debug|Any CPU.Build.0 = Debug|Any CPU
		{DF00EBD5-1F20-456D-BAAD-CFA91013316D}.Release|Any CPU.ActiveCfg = Release|Any CPU
		{DF00EBD5-1F20-456D-BAAD-CFA91013316D}.Release|Any CPU.Build.0 = Release|Any CPU
		{A5915679-D6A8-4509-9D93-92278BF9C527}.Debug|Any CPU.ActiveCfg = Debug|Any CPU
		{A5915679-D6A8-4509-9D93-92278BF9C527}.Debug|Any CPU.Build.0 = Debug|Any CPU
		{A5915679-D6A8-4509-9D93-92278BF9C527}.Release|Any CPU.ActiveCfg = Release|Any CPU
		{A5915679-D6A8-4509-9D93-92278BF9C527}.Release|Any CPU.Build.0 = Release|Any CPU
		{344992BC-2FF4-42B1-B2F4-6CE59E7E50E0}.Debug|Any CPU.ActiveCfg = Debug|Any CPU
		{344992BC-2FF4-42B1-B2F4-6CE59E7E50E0}.Debug|Any CPU.Build.0 = Debug|Any CPU
		{344992BC-2FF4-42B1-B2F4-6CE59E7E50E0}.Release|Any CPU.ActiveCfg = Release|Any CPU
		{344992BC-2FF4-42B1-B2F4-6CE59E7E50E0}.Release|Any CPU.Build.0 = Release|Any CPU
		{B2E0558F-A03C-4449-9443-BCBBE003B984}.Debug|Any CPU.ActiveCfg = Debug|Any CPU
		{B2E0558F-A03C-4449-9443-BCBBE003B984}.Debug|Any CPU.Build.0 = Debug|Any CPU
		{B2E0558F-A03C-4449-9443-BCBBE003B984}.Release|Any CPU.ActiveCfg = Release|Any CPU
		{B2E0558F-A03C-4449-9443-BCBBE003B984}.Release|Any CPU.Build.0 = Release|Any CPU
		{1EACA2A9-98A6-4F34-8676-92883F15B7A4}.Debug|Any CPU.ActiveCfg = Debug|Any CPU
		{1EACA2A9-98A6-4F34-8676-92883F15B7A4}.Debug|Any CPU.Build.0 = Debug|Any CPU
		{1EACA2A9-98A6-4F34-8676-92883F15B7A4}.Release|Any CPU.ActiveCfg = Release|Any CPU
		{1EACA2A9-98A6-4F34-8676-92883F15B7A4}.Release|Any CPU.Build.0 = Release|Any CPU
		{2BA9B74B-3773-47DF-B5E9-0834CE6D08CD}.Debug|Any CPU.ActiveCfg = Debug|Any CPU
		{2BA9B74B-3773-47DF-B5E9-0834CE6D08CD}.Debug|Any CPU.Build.0 = Debug|Any CPU
		{2BA9B74B-3773-47DF-B5E9-0834CE6D08CD}.Release|Any CPU.ActiveCfg = Release|Any CPU
		{2BA9B74B-3773-47DF-B5E9-0834CE6D08CD}.Release|Any CPU.Build.0 = Release|Any CPU
		{A8267C5A-E0FC-4791-9874-ADD696E590D3}.Debug|Any CPU.ActiveCfg = Debug|Any CPU
		{A8267C5A-E0FC-4791-9874-ADD696E590D3}.Debug|Any CPU.Build.0 = Debug|Any CPU
		{A8267C5A-E0FC-4791-9874-ADD696E590D3}.Release|Any CPU.ActiveCfg = Release|Any CPU
		{A8267C5A-E0FC-4791-9874-ADD696E590D3}.Release|Any CPU.Build.0 = Release|Any CPU
		{23C6A069-11CF-4AE6-B09C-756EEF88EE3C}.Debug|Any CPU.ActiveCfg = Debug|Any CPU
		{23C6A069-11CF-4AE6-B09C-756EEF88EE3C}.Debug|Any CPU.Build.0 = Debug|Any CPU
		{23C6A069-11CF-4AE6-B09C-756EEF88EE3C}.Release|Any CPU.ActiveCfg = Release|Any CPU
		{23C6A069-11CF-4AE6-B09C-756EEF88EE3C}.Release|Any CPU.Build.0 = Release|Any CPU
		{7DF2250F-D03E-4316-96BA-4C74426CB435}.Debug|Any CPU.ActiveCfg = Debug|Any CPU
		{7DF2250F-D03E-4316-96BA-4C74426CB435}.Debug|Any CPU.Build.0 = Debug|Any CPU
		{7DF2250F-D03E-4316-96BA-4C74426CB435}.Release|Any CPU.ActiveCfg = Release|Any CPU
		{7DF2250F-D03E-4316-96BA-4C74426CB435}.Release|Any CPU.Build.0 = Release|Any CPU
		{F4A89F7D-1A71-4742-B6EA-4BEF0C881906}.Debug|Any CPU.ActiveCfg = Debug|Any CPU
		{F4A89F7D-1A71-4742-B6EA-4BEF0C881906}.Debug|Any CPU.Build.0 = Debug|Any CPU
		{F4A89F7D-1A71-4742-B6EA-4BEF0C881906}.Release|Any CPU.ActiveCfg = Release|Any CPU
		{F4A89F7D-1A71-4742-B6EA-4BEF0C881906}.Release|Any CPU.Build.0 = Release|Any CPU
		{014A7C19-9FD1-44DA-A497-B27E3EB56377}.Debug|Any CPU.ActiveCfg = Debug|Any CPU
		{014A7C19-9FD1-44DA-A497-B27E3EB56377}.Debug|Any CPU.Build.0 = Debug|Any CPU
		{014A7C19-9FD1-44DA-A497-B27E3EB56377}.Release|Any CPU.ActiveCfg = Release|Any CPU
		{014A7C19-9FD1-44DA-A497-B27E3EB56377}.Release|Any CPU.Build.0 = Release|Any CPU
		{74C39113-4CD3-4942-AE5D-656A1AA44BBE}.Debug|Any CPU.ActiveCfg = Debug|Any CPU
		{74C39113-4CD3-4942-AE5D-656A1AA44BBE}.Debug|Any CPU.Build.0 = Debug|Any CPU
		{74C39113-4CD3-4942-AE5D-656A1AA44BBE}.Release|Any CPU.ActiveCfg = Release|Any CPU
		{74C39113-4CD3-4942-AE5D-656A1AA44BBE}.Release|Any CPU.Build.0 = Release|Any CPU
		{D2D6309C-0650-4C6A-9C87-D285E2B9692B}.Debug|Any CPU.ActiveCfg = Debug|Any CPU
		{D2D6309C-0650-4C6A-9C87-D285E2B9692B}.Debug|Any CPU.Build.0 = Debug|Any CPU
		{D2D6309C-0650-4C6A-9C87-D285E2B9692B}.Release|Any CPU.ActiveCfg = Release|Any CPU
		{D2D6309C-0650-4C6A-9C87-D285E2B9692B}.Release|Any CPU.Build.0 = Release|Any CPU
		{1D7D977E-9C2A-4DD8-AB59-BE6A81EF9A5A}.Debug|Any CPU.ActiveCfg = Debug|Any CPU
		{1D7D977E-9C2A-4DD8-AB59-BE6A81EF9A5A}.Debug|Any CPU.Build.0 = Debug|Any CPU
		{1D7D977E-9C2A-4DD8-AB59-BE6A81EF9A5A}.Release|Any CPU.ActiveCfg = Release|Any CPU
		{1D7D977E-9C2A-4DD8-AB59-BE6A81EF9A5A}.Release|Any CPU.Build.0 = Release|Any CPU
		{272D4CE5-6FEF-48DD-AFCF-E88C865312C3}.Debug|Any CPU.ActiveCfg = Debug|Any CPU
		{272D4CE5-6FEF-48DD-AFCF-E88C865312C3}.Debug|Any CPU.Build.0 = Debug|Any CPU
		{272D4CE5-6FEF-48DD-AFCF-E88C865312C3}.Release|Any CPU.ActiveCfg = Release|Any CPU
		{272D4CE5-6FEF-48DD-AFCF-E88C865312C3}.Release|Any CPU.Build.0 = Release|Any CPU
		{99A7B42B-1528-4D2D-A5E5-378196AA6448}.Debug|Any CPU.ActiveCfg = Debug|Any CPU
		{99A7B42B-1528-4D2D-A5E5-378196AA6448}.Debug|Any CPU.Build.0 = Debug|Any CPU
		{99A7B42B-1528-4D2D-A5E5-378196AA6448}.Release|Any CPU.ActiveCfg = Release|Any CPU
		{99A7B42B-1528-4D2D-A5E5-378196AA6448}.Release|Any CPU.Build.0 = Release|Any CPU
		{9D89E514-1110-4365-A870-DD5F86AAB140}.Debug|Any CPU.ActiveCfg = Debug|Any CPU
		{9D89E514-1110-4365-A870-DD5F86AAB140}.Debug|Any CPU.Build.0 = Debug|Any CPU
		{9D89E514-1110-4365-A870-DD5F86AAB140}.Release|Any CPU.ActiveCfg = Release|Any CPU
		{9D89E514-1110-4365-A870-DD5F86AAB140}.Release|Any CPU.Build.0 = Release|Any CPU
		{5A13FF02-02AA-43AA-B23C-9F237D793799}.Debug|Any CPU.ActiveCfg = Debug|Any CPU
		{5A13FF02-02AA-43AA-B23C-9F237D793799}.Debug|Any CPU.Build.0 = Debug|Any CPU
		{5A13FF02-02AA-43AA-B23C-9F237D793799}.Release|Any CPU.ActiveCfg = Release|Any CPU
		{5A13FF02-02AA-43AA-B23C-9F237D793799}.Release|Any CPU.Build.0 = Release|Any CPU
		{F0CFA0EF-9F81-4857-8FCA-B799147E5E62}.Debug|Any CPU.ActiveCfg = Debug|Any CPU
		{F0CFA0EF-9F81-4857-8FCA-B799147E5E62}.Debug|Any CPU.Build.0 = Debug|Any CPU
		{F0CFA0EF-9F81-4857-8FCA-B799147E5E62}.Release|Any CPU.ActiveCfg = Release|Any CPU
		{F0CFA0EF-9F81-4857-8FCA-B799147E5E62}.Release|Any CPU.Build.0 = Release|Any CPU
		{F643CAA9-0DFF-46A2-BEB1-38BA36E686DC}.Debug|Any CPU.ActiveCfg = Debug|Any CPU
		{F643CAA9-0DFF-46A2-BEB1-38BA36E686DC}.Debug|Any CPU.Build.0 = Debug|Any CPU
		{F643CAA9-0DFF-46A2-BEB1-38BA36E686DC}.Release|Any CPU.ActiveCfg = Release|Any CPU
		{F643CAA9-0DFF-46A2-BEB1-38BA36E686DC}.Release|Any CPU.Build.0 = Release|Any CPU
		{4C7836CF-9317-4B2E-A492-C2F60B7C725C}.Debug|Any CPU.ActiveCfg = Debug|Any CPU
		{4C7836CF-9317-4B2E-A492-C2F60B7C725C}.Debug|Any CPU.Build.0 = Debug|Any CPU
		{4C7836CF-9317-4B2E-A492-C2F60B7C725C}.Release|Any CPU.ActiveCfg = Release|Any CPU
		{4C7836CF-9317-4B2E-A492-C2F60B7C725C}.Release|Any CPU.Build.0 = Release|Any CPU
		{1A9F48E5-9FFF-4C78-B94A-336FAA6C8819}.Debug|Any CPU.ActiveCfg = Debug|Any CPU
		{1A9F48E5-9FFF-4C78-B94A-336FAA6C8819}.Debug|Any CPU.Build.0 = Debug|Any CPU
		{1A9F48E5-9FFF-4C78-B94A-336FAA6C8819}.Release|Any CPU.ActiveCfg = Release|Any CPU
		{1A9F48E5-9FFF-4C78-B94A-336FAA6C8819}.Release|Any CPU.Build.0 = Release|Any CPU
	EndGlobalSection
	GlobalSection(SolutionProperties) = preSolution
		HideSolutionNode = FALSE
	EndGlobalSection
	GlobalSection(ExtensibilityGlobals) = postSolution
		SolutionGuid = {98F0D469-2BC9-4F44-897E-5EA5BFCFFCBC}
	EndGlobalSection
EndGlobal
