
Microsoft Visual Studio Solution File, Format Version 12.00
# Visual Studio Version 16
VisualStudioVersion = 16.0.29424.173
MinimumVisualStudioVersion = 10.0.40219.1
Project("{FAE04EC0-301F-11D3-BF4B-00C04F79EFBC}") = "001_Type_Reflection", "001_Type_Reflection\001_Type_Reflection.csproj", "{574B0195-E82D-4129-8A00-007A7DCE9796}"
EndProject
Project("{FAE04EC0-301F-11D3-BF4B-00C04F79EFBC}") = "002_Type_Reflection", "002_Type_Reflection\002_Type_Reflection.csproj", "{1BE82752-964A-4084-87D6-CE39188B509D}"
EndProject
Project("{FAE04EC0-301F-11D3-BF4B-00C04F79EFBC}") = "003_Type_Reflection", "003_Type_Reflection\003_Type_Reflection.csproj", "{95F529B7-B541-4FE1-B14C-4467DB882B23}"
EndProject
Project("{FAE04EC0-301F-11D3-BF4B-00C04F79EFBC}") = "004_Type_Reflection", "004_Type_Reflection\004_Type_Reflection.csproj", "{0F7D4168-6B58-4CCA-89C5-ECC60F458F62}"
EndProject
Project("{FAE04EC0-301F-11D3-BF4B-00C04F79EFBC}") = "005_TypeInfo _Reflection", "004_TypeInfo _Reflection\005_TypeInfo _Reflection.csproj", "{6921A713-6FCA-45DC-A9EE-CA1AE4F919FD}"
EndProject
Project("{2150E333-8FDC-42A3-9474-1A3956D46DE8}") = "002_LoadAssembly", "002_LoadAssembly", "{2F977428-5D5A-4DB6-87EF-FB341B5A3740}"
EndProject
Project("{2150E333-8FDC-42A3-9474-1A3956D46DE8}") = "001_Reflection", "001_Reflection", "{2E3DE578-CD12-4265-B9F6-20DA70C3FB66}"
EndProject
Project("{FAE04EC0-301F-11D3-BF4B-00C04F79EFBC}") = "_006_Car_Library", "006_Car_Library\_006_Car_Library.csproj", "{BC424DDE-D7E4-444D-A1D2-45217CAED14C}"
EndProject
Project("{FAE04EC0-301F-11D3-BF4B-00C04F79EFBC}") = "007_CarClient", "007_CarClient\007_CarClient.csproj", "{4D4EC4D4-81F0-4CEC-89F6-8A39C9AFCA70}"
EndProject
Project("{FAE04EC0-301F-11D3-BF4B-00C04F79EFBC}") = "008_LoadAssembly", "008_LoadAssembly\008_LoadAssembly.csproj", "{42FAE477-2F2E-4E48-BBDF-67435DB807E0}"
EndProject
Project("{2150E333-8FDC-42A3-9474-1A3956D46DE8}") = "003_LateBinding", "003_LateBinding", "{4025A0E5-AF36-45B8-ADC6-72266BE4D1A6}"
EndProject
Project("{FAE04EC0-301F-11D3-BF4B-00C04F79EFBC}") = "009_ICar", "009_ICar\009_ICar.csproj", "{32A1F18B-9C21-471D-ABDC-D1BD27F20824}"
EndProject
Project("{FAE04EC0-301F-11D3-BF4B-00C04F79EFBC}") = "010_CarLibrary", "010_CarLibrary\010_CarLibrary.csproj", "{B1C2EAB3-DB4E-46DD-BB06-40F46C2D0533}"
EndProject
Project("{FAE04EC0-301F-11D3-BF4B-00C04F79EFBC}") = "011_Activator", "011_Activator\011_Activator.csproj", "{A17A7777-2CDD-486E-8B0B-554E308649A3}"
EndProject
Project("{FAE04EC0-301F-11D3-BF4B-00C04F79EFBC}") = "011_Activator_Interface", "011_Activator_Interface\011_Activator_Interface.csproj", "{B0B48E3E-0374-4840-9F09-974298468531}"
EndProject
Project("{FAE04EC0-301F-11D3-BF4B-00C04F79EFBC}") = "012_Activator_Dynamic", "011_Activator_Dynamic\012_Activator_Dynamic.csproj", "{E60C27A0-0CE7-43D1-A6EA-11731C5E5C2D}"
EndProject
Project("{2150E333-8FDC-42A3-9474-1A3956D46DE8}") = "004_Reflector", "004_Reflector", "{3BFFE9AE-AED5-4EC6-8FA5-9652A7182D95}"
EndProject
Project("{FAE04EC0-301F-11D3-BF4B-00C04F79EFBC}") = "013_Reflector", "013_Reflector\013_Reflector.csproj", "{659E4C39-F2E9-49A5-A23C-74A8E7B69DDF}"
EndProject
Global
	GlobalSection(SolutionConfigurationPlatforms) = preSolution
		Debug|Any CPU = Debug|Any CPU
		Release|Any CPU = Release|Any CPU
	EndGlobalSection
	GlobalSection(ProjectConfigurationPlatforms) = postSolution
		{574B0195-E82D-4129-8A00-007A7DCE9796}.Debug|Any CPU.ActiveCfg = Debug|Any CPU
		{574B0195-E82D-4129-8A00-007A7DCE9796}.Debug|Any CPU.Build.0 = Debug|Any CPU
		{574B0195-E82D-4129-8A00-007A7DCE9796}.Release|Any CPU.ActiveCfg = Release|Any CPU
		{574B0195-E82D-4129-8A00-007A7DCE9796}.Release|Any CPU.Build.0 = Release|Any CPU
		{1BE82752-964A-4084-87D6-CE39188B509D}.Debug|Any CPU.ActiveCfg = Debug|Any CPU
		{1BE82752-964A-4084-87D6-CE39188B509D}.Debug|Any CPU.Build.0 = Debug|Any CPU
		{1BE82752-964A-4084-87D6-CE39188B509D}.Release|Any CPU.ActiveCfg = Release|Any CPU
		{1BE82752-964A-4084-87D6-CE39188B509D}.Release|Any CPU.Build.0 = Release|Any CPU
		{95F529B7-B541-4FE1-B14C-4467DB882B23}.Debug|Any CPU.ActiveCfg = Debug|Any CPU
		{95F529B7-B541-4FE1-B14C-4467DB882B23}.Debug|Any CPU.Build.0 = Debug|Any CPU
		{95F529B7-B541-4FE1-B14C-4467DB882B23}.Release|Any CPU.ActiveCfg = Release|Any CPU
		{95F529B7-B541-4FE1-B14C-4467DB882B23}.Release|Any CPU.Build.0 = Release|Any CPU
		{0F7D4168-6B58-4CCA-89C5-ECC60F458F62}.Debug|Any CPU.ActiveCfg = Debug|Any CPU
		{0F7D4168-6B58-4CCA-89C5-ECC60F458F62}.Debug|Any CPU.Build.0 = Debug|Any CPU
		{0F7D4168-6B58-4CCA-89C5-ECC60F458F62}.Release|Any CPU.ActiveCfg = Release|Any CPU
		{0F7D4168-6B58-4CCA-89C5-ECC60F458F62}.Release|Any CPU.Build.0 = Release|Any CPU
		{6921A713-6FCA-45DC-A9EE-CA1AE4F919FD}.Debug|Any CPU.ActiveCfg = Debug|Any CPU
		{6921A713-6FCA-45DC-A9EE-CA1AE4F919FD}.Debug|Any CPU.Build.0 = Debug|Any CPU
		{6921A713-6FCA-45DC-A9EE-CA1AE4F919FD}.Release|Any CPU.ActiveCfg = Release|Any CPU
		{6921A713-6FCA-45DC-A9EE-CA1AE4F919FD}.Release|Any CPU.Build.0 = Release|Any CPU
		{BC424DDE-D7E4-444D-A1D2-45217CAED14C}.Debug|Any CPU.ActiveCfg = Debug|Any CPU
		{BC424DDE-D7E4-444D-A1D2-45217CAED14C}.Debug|Any CPU.Build.0 = Debug|Any CPU
		{BC424DDE-D7E4-444D-A1D2-45217CAED14C}.Release|Any CPU.ActiveCfg = Release|Any CPU
		{BC424DDE-D7E4-444D-A1D2-45217CAED14C}.Release|Any CPU.Build.0 = Release|Any CPU
		{4D4EC4D4-81F0-4CEC-89F6-8A39C9AFCA70}.Debug|Any CPU.ActiveCfg = Debug|Any CPU
		{4D4EC4D4-81F0-4CEC-89F6-8A39C9AFCA70}.Debug|Any CPU.Build.0 = Debug|Any CPU
		{4D4EC4D4-81F0-4CEC-89F6-8A39C9AFCA70}.Release|Any CPU.ActiveCfg = Release|Any CPU
		{4D4EC4D4-81F0-4CEC-89F6-8A39C9AFCA70}.Release|Any CPU.Build.0 = Release|Any CPU
		{42FAE477-2F2E-4E48-BBDF-67435DB807E0}.Debug|Any CPU.ActiveCfg = Debug|Any CPU
		{42FAE477-2F2E-4E48-BBDF-67435DB807E0}.Debug|Any CPU.Build.0 = Debug|Any CPU
		{42FAE477-2F2E-4E48-BBDF-67435DB807E0}.Release|Any CPU.ActiveCfg = Release|Any CPU
		{42FAE477-2F2E-4E48-BBDF-67435DB807E0}.Release|Any CPU.Build.0 = Release|Any CPU
		{32A1F18B-9C21-471D-ABDC-D1BD27F20824}.Debug|Any CPU.ActiveCfg = Debug|Any CPU
		{32A1F18B-9C21-471D-ABDC-D1BD27F20824}.Debug|Any CPU.Build.0 = Debug|Any CPU
		{32A1F18B-9C21-471D-ABDC-D1BD27F20824}.Release|Any CPU.ActiveCfg = Release|Any CPU
		{32A1F18B-9C21-471D-ABDC-D1BD27F20824}.Release|Any CPU.Build.0 = Release|Any CPU
		{B1C2EAB3-DB4E-46DD-BB06-40F46C2D0533}.Debug|Any CPU.ActiveCfg = Debug|Any CPU
		{B1C2EAB3-DB4E-46DD-BB06-40F46C2D0533}.Debug|Any CPU.Build.0 = Debug|Any CPU
		{B1C2EAB3-DB4E-46DD-BB06-40F46C2D0533}.Release|Any CPU.ActiveCfg = Release|Any CPU
		{B1C2EAB3-DB4E-46DD-BB06-40F46C2D0533}.Release|Any CPU.Build.0 = Release|Any CPU
		{A17A7777-2CDD-486E-8B0B-554E308649A3}.Debug|Any CPU.ActiveCfg = Debug|Any CPU
		{A17A7777-2CDD-486E-8B0B-554E308649A3}.Debug|Any CPU.Build.0 = Debug|Any CPU
		{A17A7777-2CDD-486E-8B0B-554E308649A3}.Release|Any CPU.ActiveCfg = Release|Any CPU
		{A17A7777-2CDD-486E-8B0B-554E308649A3}.Release|Any CPU.Build.0 = Release|Any CPU
		{B0B48E3E-0374-4840-9F09-974298468531}.Debug|Any CPU.ActiveCfg = Debug|Any CPU
		{B0B48E3E-0374-4840-9F09-974298468531}.Debug|Any CPU.Build.0 = Debug|Any CPU
		{B0B48E3E-0374-4840-9F09-974298468531}.Release|Any CPU.ActiveCfg = Release|Any CPU
		{B0B48E3E-0374-4840-9F09-974298468531}.Release|Any CPU.Build.0 = Release|Any CPU
		{E60C27A0-0CE7-43D1-A6EA-11731C5E5C2D}.Debug|Any CPU.ActiveCfg = Debug|Any CPU
		{E60C27A0-0CE7-43D1-A6EA-11731C5E5C2D}.Debug|Any CPU.Build.0 = Debug|Any CPU
		{E60C27A0-0CE7-43D1-A6EA-11731C5E5C2D}.Release|Any CPU.ActiveCfg = Release|Any CPU
		{E60C27A0-0CE7-43D1-A6EA-11731C5E5C2D}.Release|Any CPU.Build.0 = Release|Any CPU
		{659E4C39-F2E9-49A5-A23C-74A8E7B69DDF}.Debug|Any CPU.ActiveCfg = Debug|Any CPU
		{659E4C39-F2E9-49A5-A23C-74A8E7B69DDF}.Debug|Any CPU.Build.0 = Debug|Any CPU
		{659E4C39-F2E9-49A5-A23C-74A8E7B69DDF}.Release|Any CPU.ActiveCfg = Release|Any CPU
		{659E4C39-F2E9-49A5-A23C-74A8E7B69DDF}.Release|Any CPU.Build.0 = Release|Any CPU
	EndGlobalSection
	GlobalSection(SolutionProperties) = preSolution
		HideSolutionNode = FALSE
	EndGlobalSection
	GlobalSection(NestedProjects) = preSolution
		{574B0195-E82D-4129-8A00-007A7DCE9796} = {2E3DE578-CD12-4265-B9F6-20DA70C3FB66}
		{1BE82752-964A-4084-87D6-CE39188B509D} = {2E3DE578-CD12-4265-B9F6-20DA70C3FB66}
		{95F529B7-B541-4FE1-B14C-4467DB882B23} = {2E3DE578-CD12-4265-B9F6-20DA70C3FB66}
		{0F7D4168-6B58-4CCA-89C5-ECC60F458F62} = {2E3DE578-CD12-4265-B9F6-20DA70C3FB66}
		{6921A713-6FCA-45DC-A9EE-CA1AE4F919FD} = {2E3DE578-CD12-4265-B9F6-20DA70C3FB66}
		{BC424DDE-D7E4-444D-A1D2-45217CAED14C} = {2F977428-5D5A-4DB6-87EF-FB341B5A3740}
		{4D4EC4D4-81F0-4CEC-89F6-8A39C9AFCA70} = {2F977428-5D5A-4DB6-87EF-FB341B5A3740}
		{42FAE477-2F2E-4E48-BBDF-67435DB807E0} = {2F977428-5D5A-4DB6-87EF-FB341B5A3740}
		{32A1F18B-9C21-471D-ABDC-D1BD27F20824} = {4025A0E5-AF36-45B8-ADC6-72266BE4D1A6}
		{B1C2EAB3-DB4E-46DD-BB06-40F46C2D0533} = {4025A0E5-AF36-45B8-ADC6-72266BE4D1A6}
		{A17A7777-2CDD-486E-8B0B-554E308649A3} = {4025A0E5-AF36-45B8-ADC6-72266BE4D1A6}
		{B0B48E3E-0374-4840-9F09-974298468531} = {4025A0E5-AF36-45B8-ADC6-72266BE4D1A6}
		{E60C27A0-0CE7-43D1-A6EA-11731C5E5C2D} = {4025A0E5-AF36-45B8-ADC6-72266BE4D1A6}
		{659E4C39-F2E9-49A5-A23C-74A8E7B69DDF} = {3BFFE9AE-AED5-4EC6-8FA5-9652A7182D95}
	EndGlobalSection
	GlobalSection(ExtensibilityGlobals) = postSolution
		SolutionGuid = {9496D5E0-A540-4134-917A-3A66C874E2F1}
	EndGlobalSection
EndGlobal
