
Microsoft Visual Studio Solution File, Format Version 12.00
# Visual Studio Version 16
VisualStudioVersion = 16.0.29424.173
MinimumVisualStudioVersion = 10.0.40219.1
Project("{FAE04EC0-301F-11D3-BF4B-00C04F79EFBC}") = "001_Operations", "002_Operations\001_Operations.csproj", "{ACFCE01E-7457-4C13-AB02-8E35DE52BBB4}"
EndProject
Project("{FAE04EC0-301F-11D3-BF4B-00C04F79EFBC}") = "002_1_to_1", "002_1_to_1\002_1_to_1.csproj", "{917EBB87-0F87-4414-9FFA-7304DD74AD47}"
EndProject
Project("{FAE04EC0-301F-11D3-BF4B-00C04F79EFBC}") = "003_1_to_M", "003_1_to_M\003_1_to_M.csproj", "{0EA212CA-F5F1-49F3-85C0-FBF3FC4A94D1}"
EndProject
Project("{FAE04EC0-301F-11D3-BF4B-00C04F79EFBC}") = "004_M_to_M", "004_M_to_M\004_M_to_M.csproj", "{702AD3B1-9AF3-45D7-B0C9-0D45CA10B75D}"
EndProject
Project("{FAE04EC0-301F-11D3-BF4B-00C04F79EFBC}") = "005_LINQ", "005_LINQ\005_LINQ.csproj", "{975FA9C9-E617-4071-A7A3-6EB8D9FD5BED}"
EndProject
Project("{FAE04EC0-301F-11D3-BF4B-00C04F79EFBC}") = "006_LINQ", "006_LINQ\006_LINQ.csproj", "{1EB080DF-B11E-4C02-A8FA-16E6CCBDCEEB}"
EndProject
Project("{2150E333-8FDC-42A3-9474-1A3956D46DE8}") = "2_Links", "2_Links", "{C4FA6489-6994-4C52-8898-95EE9F3BE5DD}"
EndProject
Project("{2150E333-8FDC-42A3-9474-1A3956D46DE8}") = "1_Operations", "1_Operations", "{6FD18BE0-C7F5-4AAC-BDB9-12E034B9658F}"
EndProject
Project("{2150E333-8FDC-42A3-9474-1A3956D46DE8}") = "3_LINQ", "3_LINQ", "{8305963D-6FD6-4F5D-AC27-275F3D2840CA}"
EndProject
Project("{2150E333-8FDC-42A3-9474-1A3956D46DE8}") = "4_LINQToEntities", "4_LINQToEntities", "{412B1245-7D75-4CC2-9049-895CD4154C66}"
EndProject
Project("{FAE04EC0-301F-11D3-BF4B-00C04F79EFBC}") = "007_IEnumerableAndIQueryable", "007_IEnumerableAndIQueryable\007_IEnumerableAndIQueryable.csproj", "{BB0A77EF-DB9D-4771-88A3-485088633E23}"
EndProject
Project("{FAE04EC0-301F-11D3-BF4B-00C04F79EFBC}") = "DataContexts", "DataContexts\DataContexts.csproj", "{E6835A29-EFBD-4D85-9E42-D9BAFE9E13A1}"
EndProject
Project("{FAE04EC0-301F-11D3-BF4B-00C04F79EFBC}") = "008_SelectionAndProjection", "008_SelectionAndProjection\008_SelectionAndProjection.csproj", "{73D59B96-ED2A-450D-B49D-F1C7A48D4BD6}"
EndProject
Project("{FAE04EC0-301F-11D3-BF4B-00C04F79EFBC}") = "009_Sorting", "009_Sorting\009_Sorting.csproj", "{6F139082-79DA-4F3D-B878-D7AFFBB79EFC}"
EndProject
Project("{FAE04EC0-301F-11D3-BF4B-00C04F79EFBC}") = "010_Join", "010_Join\010_Join.csproj", "{4E9CF0B9-C088-4039-B914-87BA4B8C96CD}"
EndProject
Project("{FAE04EC0-301F-11D3-BF4B-00C04F79EFBC}") = "011_Grouping", "011_Grouping\011_Grouping.csproj", "{6D296354-34F6-460B-80A3-163DBB4C3E35}"
EndProject
Project("{FAE04EC0-301F-11D3-BF4B-00C04F79EFBC}") = "012_SetOperations", "012_SetOperations\012_SetOperations.csproj", "{D0FDEC37-BB07-445F-A752-4ECD1943FBBC}"
EndProject
Project("{FAE04EC0-301F-11D3-BF4B-00C04F79EFBC}") = "013_SetOperations", "013_SetOperations\013_SetOperations.csproj", "{44A30B5B-DD27-450C-BDA5-9746C6130010}"
EndProject
Project("{FAE04EC0-301F-11D3-BF4B-00C04F79EFBC}") = "014_SetOperations", "014_SetOperations\014_SetOperations.csproj", "{DEF84BBC-458C-454E-99D2-A5DF6FD53C82}"
EndProject
Project("{FAE04EC0-301F-11D3-BF4B-00C04F79EFBC}") = "015_AggregateOperations", "015_AggregateOperations\015_AggregateOperations.csproj", "{15698C51-F864-407F-B0DD-8B6A71CC5FE3}"
EndProject
Project("{2150E333-8FDC-42A3-9474-1A3956D46DE8}") = "5_SQL", "5_SQL", "{02AD2402-0B0E-48BA-A857-56238BA12B8D}"
EndProject
Project("{FAE04EC0-301F-11D3-BF4B-00C04F79EFBC}") = "016_WorkInSql", "016_WorkInSql\016_WorkInSql.csproj", "{8C66AD0C-87DA-466A-84D6-DC660DDF4979}"
EndProject
Project("{2150E333-8FDC-42A3-9474-1A3956D46DE8}") = "6_FluentAPI", "6_FluentAPI", "{F7E13158-067C-4B33-BB46-E53B8755DCB4}"
EndProject
Project("{FAE04EC0-301F-11D3-BF4B-00C04F79EFBC}") = "017_FluentAPI", "017_FluentAPI\017_FluentAPI.csproj", "{39E353B8-54B3-48DD-B5D5-A91F79EB721D}"
EndProject
Global
	GlobalSection(SolutionConfigurationPlatforms) = preSolution
		Debug|Any CPU = Debug|Any CPU
		Release|Any CPU = Release|Any CPU
	EndGlobalSection
	GlobalSection(ProjectConfigurationPlatforms) = postSolution
		{ACFCE01E-7457-4C13-AB02-8E35DE52BBB4}.Debug|Any CPU.ActiveCfg = Debug|Any CPU
		{ACFCE01E-7457-4C13-AB02-8E35DE52BBB4}.Debug|Any CPU.Build.0 = Debug|Any CPU
		{ACFCE01E-7457-4C13-AB02-8E35DE52BBB4}.Release|Any CPU.ActiveCfg = Release|Any CPU
		{ACFCE01E-7457-4C13-AB02-8E35DE52BBB4}.Release|Any CPU.Build.0 = Release|Any CPU
		{917EBB87-0F87-4414-9FFA-7304DD74AD47}.Debug|Any CPU.ActiveCfg = Debug|Any CPU
		{917EBB87-0F87-4414-9FFA-7304DD74AD47}.Debug|Any CPU.Build.0 = Debug|Any CPU
		{917EBB87-0F87-4414-9FFA-7304DD74AD47}.Release|Any CPU.ActiveCfg = Release|Any CPU
		{917EBB87-0F87-4414-9FFA-7304DD74AD47}.Release|Any CPU.Build.0 = Release|Any CPU
		{0EA212CA-F5F1-49F3-85C0-FBF3FC4A94D1}.Debug|Any CPU.ActiveCfg = Debug|Any CPU
		{0EA212CA-F5F1-49F3-85C0-FBF3FC4A94D1}.Debug|Any CPU.Build.0 = Debug|Any CPU
		{0EA212CA-F5F1-49F3-85C0-FBF3FC4A94D1}.Release|Any CPU.ActiveCfg = Release|Any CPU
		{0EA212CA-F5F1-49F3-85C0-FBF3FC4A94D1}.Release|Any CPU.Build.0 = Release|Any CPU
		{702AD3B1-9AF3-45D7-B0C9-0D45CA10B75D}.Debug|Any CPU.ActiveCfg = Debug|Any CPU
		{702AD3B1-9AF3-45D7-B0C9-0D45CA10B75D}.Debug|Any CPU.Build.0 = Debug|Any CPU
		{702AD3B1-9AF3-45D7-B0C9-0D45CA10B75D}.Release|Any CPU.ActiveCfg = Release|Any CPU
		{702AD3B1-9AF3-45D7-B0C9-0D45CA10B75D}.Release|Any CPU.Build.0 = Release|Any CPU
		{975FA9C9-E617-4071-A7A3-6EB8D9FD5BED}.Debug|Any CPU.ActiveCfg = Debug|Any CPU
		{975FA9C9-E617-4071-A7A3-6EB8D9FD5BED}.Debug|Any CPU.Build.0 = Debug|Any CPU
		{975FA9C9-E617-4071-A7A3-6EB8D9FD5BED}.Release|Any CPU.ActiveCfg = Release|Any CPU
		{975FA9C9-E617-4071-A7A3-6EB8D9FD5BED}.Release|Any CPU.Build.0 = Release|Any CPU
		{1EB080DF-B11E-4C02-A8FA-16E6CCBDCEEB}.Debug|Any CPU.ActiveCfg = Debug|Any CPU
		{1EB080DF-B11E-4C02-A8FA-16E6CCBDCEEB}.Debug|Any CPU.Build.0 = Debug|Any CPU
		{1EB080DF-B11E-4C02-A8FA-16E6CCBDCEEB}.Release|Any CPU.ActiveCfg = Release|Any CPU
		{1EB080DF-B11E-4C02-A8FA-16E6CCBDCEEB}.Release|Any CPU.Build.0 = Release|Any CPU
		{BB0A77EF-DB9D-4771-88A3-485088633E23}.Debug|Any CPU.ActiveCfg = Debug|Any CPU
		{BB0A77EF-DB9D-4771-88A3-485088633E23}.Debug|Any CPU.Build.0 = Debug|Any CPU
		{BB0A77EF-DB9D-4771-88A3-485088633E23}.Release|Any CPU.ActiveCfg = Release|Any CPU
		{BB0A77EF-DB9D-4771-88A3-485088633E23}.Release|Any CPU.Build.0 = Release|Any CPU
		{E6835A29-EFBD-4D85-9E42-D9BAFE9E13A1}.Debug|Any CPU.ActiveCfg = Debug|Any CPU
		{E6835A29-EFBD-4D85-9E42-D9BAFE9E13A1}.Debug|Any CPU.Build.0 = Debug|Any CPU
		{E6835A29-EFBD-4D85-9E42-D9BAFE9E13A1}.Release|Any CPU.ActiveCfg = Release|Any CPU
		{E6835A29-EFBD-4D85-9E42-D9BAFE9E13A1}.Release|Any CPU.Build.0 = Release|Any CPU
		{73D59B96-ED2A-450D-B49D-F1C7A48D4BD6}.Debug|Any CPU.ActiveCfg = Debug|Any CPU
		{73D59B96-ED2A-450D-B49D-F1C7A48D4BD6}.Debug|Any CPU.Build.0 = Debug|Any CPU
		{73D59B96-ED2A-450D-B49D-F1C7A48D4BD6}.Release|Any CPU.ActiveCfg = Release|Any CPU
		{73D59B96-ED2A-450D-B49D-F1C7A48D4BD6}.Release|Any CPU.Build.0 = Release|Any CPU
		{6F139082-79DA-4F3D-B878-D7AFFBB79EFC}.Debug|Any CPU.ActiveCfg = Debug|Any CPU
		{6F139082-79DA-4F3D-B878-D7AFFBB79EFC}.Debug|Any CPU.Build.0 = Debug|Any CPU
		{6F139082-79DA-4F3D-B878-D7AFFBB79EFC}.Release|Any CPU.ActiveCfg = Release|Any CPU
		{6F139082-79DA-4F3D-B878-D7AFFBB79EFC}.Release|Any CPU.Build.0 = Release|Any CPU
		{4E9CF0B9-C088-4039-B914-87BA4B8C96CD}.Debug|Any CPU.ActiveCfg = Debug|Any CPU
		{4E9CF0B9-C088-4039-B914-87BA4B8C96CD}.Debug|Any CPU.Build.0 = Debug|Any CPU
		{4E9CF0B9-C088-4039-B914-87BA4B8C96CD}.Release|Any CPU.ActiveCfg = Release|Any CPU
		{4E9CF0B9-C088-4039-B914-87BA4B8C96CD}.Release|Any CPU.Build.0 = Release|Any CPU
		{6D296354-34F6-460B-80A3-163DBB4C3E35}.Debug|Any CPU.ActiveCfg = Debug|Any CPU
		{6D296354-34F6-460B-80A3-163DBB4C3E35}.Debug|Any CPU.Build.0 = Debug|Any CPU
		{6D296354-34F6-460B-80A3-163DBB4C3E35}.Release|Any CPU.ActiveCfg = Release|Any CPU
		{6D296354-34F6-460B-80A3-163DBB4C3E35}.Release|Any CPU.Build.0 = Release|Any CPU
		{D0FDEC37-BB07-445F-A752-4ECD1943FBBC}.Debug|Any CPU.ActiveCfg = Debug|Any CPU
		{D0FDEC37-BB07-445F-A752-4ECD1943FBBC}.Debug|Any CPU.Build.0 = Debug|Any CPU
		{D0FDEC37-BB07-445F-A752-4ECD1943FBBC}.Release|Any CPU.ActiveCfg = Release|Any CPU
		{D0FDEC37-BB07-445F-A752-4ECD1943FBBC}.Release|Any CPU.Build.0 = Release|Any CPU
		{44A30B5B-DD27-450C-BDA5-9746C6130010}.Debug|Any CPU.ActiveCfg = Debug|Any CPU
		{44A30B5B-DD27-450C-BDA5-9746C6130010}.Debug|Any CPU.Build.0 = Debug|Any CPU
		{44A30B5B-DD27-450C-BDA5-9746C6130010}.Release|Any CPU.ActiveCfg = Release|Any CPU
		{44A30B5B-DD27-450C-BDA5-9746C6130010}.Release|Any CPU.Build.0 = Release|Any CPU
		{DEF84BBC-458C-454E-99D2-A5DF6FD53C82}.Debug|Any CPU.ActiveCfg = Debug|Any CPU
		{DEF84BBC-458C-454E-99D2-A5DF6FD53C82}.Debug|Any CPU.Build.0 = Debug|Any CPU
		{DEF84BBC-458C-454E-99D2-A5DF6FD53C82}.Release|Any CPU.ActiveCfg = Release|Any CPU
		{DEF84BBC-458C-454E-99D2-A5DF6FD53C82}.Release|Any CPU.Build.0 = Release|Any CPU
		{15698C51-F864-407F-B0DD-8B6A71CC5FE3}.Debug|Any CPU.ActiveCfg = Debug|Any CPU
		{15698C51-F864-407F-B0DD-8B6A71CC5FE3}.Debug|Any CPU.Build.0 = Debug|Any CPU
		{15698C51-F864-407F-B0DD-8B6A71CC5FE3}.Release|Any CPU.ActiveCfg = Release|Any CPU
		{15698C51-F864-407F-B0DD-8B6A71CC5FE3}.Release|Any CPU.Build.0 = Release|Any CPU
		{8C66AD0C-87DA-466A-84D6-DC660DDF4979}.Debug|Any CPU.ActiveCfg = Debug|Any CPU
		{8C66AD0C-87DA-466A-84D6-DC660DDF4979}.Debug|Any CPU.Build.0 = Debug|Any CPU
		{8C66AD0C-87DA-466A-84D6-DC660DDF4979}.Release|Any CPU.ActiveCfg = Release|Any CPU
		{8C66AD0C-87DA-466A-84D6-DC660DDF4979}.Release|Any CPU.Build.0 = Release|Any CPU
		{39E353B8-54B3-48DD-B5D5-A91F79EB721D}.Debug|Any CPU.ActiveCfg = Debug|Any CPU
		{39E353B8-54B3-48DD-B5D5-A91F79EB721D}.Debug|Any CPU.Build.0 = Debug|Any CPU
		{39E353B8-54B3-48DD-B5D5-A91F79EB721D}.Release|Any CPU.ActiveCfg = Release|Any CPU
		{39E353B8-54B3-48DD-B5D5-A91F79EB721D}.Release|Any CPU.Build.0 = Release|Any CPU
	EndGlobalSection
	GlobalSection(SolutionProperties) = preSolution
		HideSolutionNode = FALSE
	EndGlobalSection
	GlobalSection(NestedProjects) = preSolution
		{ACFCE01E-7457-4C13-AB02-8E35DE52BBB4} = {6FD18BE0-C7F5-4AAC-BDB9-12E034B9658F}
		{917EBB87-0F87-4414-9FFA-7304DD74AD47} = {C4FA6489-6994-4C52-8898-95EE9F3BE5DD}
		{0EA212CA-F5F1-49F3-85C0-FBF3FC4A94D1} = {C4FA6489-6994-4C52-8898-95EE9F3BE5DD}
		{702AD3B1-9AF3-45D7-B0C9-0D45CA10B75D} = {C4FA6489-6994-4C52-8898-95EE9F3BE5DD}
		{975FA9C9-E617-4071-A7A3-6EB8D9FD5BED} = {8305963D-6FD6-4F5D-AC27-275F3D2840CA}
		{1EB080DF-B11E-4C02-A8FA-16E6CCBDCEEB} = {8305963D-6FD6-4F5D-AC27-275F3D2840CA}
		{BB0A77EF-DB9D-4771-88A3-485088633E23} = {412B1245-7D75-4CC2-9049-895CD4154C66}
		{E6835A29-EFBD-4D85-9E42-D9BAFE9E13A1} = {412B1245-7D75-4CC2-9049-895CD4154C66}
		{73D59B96-ED2A-450D-B49D-F1C7A48D4BD6} = {412B1245-7D75-4CC2-9049-895CD4154C66}
		{6F139082-79DA-4F3D-B878-D7AFFBB79EFC} = {412B1245-7D75-4CC2-9049-895CD4154C66}
		{4E9CF0B9-C088-4039-B914-87BA4B8C96CD} = {412B1245-7D75-4CC2-9049-895CD4154C66}
		{6D296354-34F6-460B-80A3-163DBB4C3E35} = {412B1245-7D75-4CC2-9049-895CD4154C66}
		{D0FDEC37-BB07-445F-A752-4ECD1943FBBC} = {412B1245-7D75-4CC2-9049-895CD4154C66}
		{44A30B5B-DD27-450C-BDA5-9746C6130010} = {412B1245-7D75-4CC2-9049-895CD4154C66}
		{DEF84BBC-458C-454E-99D2-A5DF6FD53C82} = {412B1245-7D75-4CC2-9049-895CD4154C66}
		{15698C51-F864-407F-B0DD-8B6A71CC5FE3} = {412B1245-7D75-4CC2-9049-895CD4154C66}
		{8C66AD0C-87DA-466A-84D6-DC660DDF4979} = {02AD2402-0B0E-48BA-A857-56238BA12B8D}
		{39E353B8-54B3-48DD-B5D5-A91F79EB721D} = {F7E13158-067C-4B33-BB46-E53B8755DCB4}
	EndGlobalSection
	GlobalSection(ExtensibilityGlobals) = postSolution
		SolutionGuid = {1C164360-C135-4714-8CED-FB17C463FC32}
	EndGlobalSection
EndGlobal
